Microsoft Visual Studio Solution File, Format Version 12.00
# Visual Studio Version 16
VisualStudioVersion = 16.0.28606.126
MinimumVisualStudioVersion = 10.0.40219.1
Project("{2150E333-8FDC-42A3-9474-1A3956D46DE8}") = "Solution Items", "Solution Items", "{BA98DDC5-364F-479B-A252-F44635D1B701}"
	ProjectSection(SolutionItems) = preProject
		.appveyor.yml = .appveyor.yml
		README.md = README.md
		TumblrSharp.nuspec = TumblrSharp.nuspec
		TumblrSharp.png = TumblrSharp.png
	EndProjectSection
EndProject
Project("{2150E333-8FDC-42A3-9474-1A3956D46DE8}") = "Portable", "Portable", "{3F20BAC4-141B-49AD-9F98-8F797A40CE5E}"
EndProject
Project("{FAE04EC0-301F-11D3-BF4B-00C04F79EFBC}") = "TumblrSharp", "Portable\TumblrSharp\TumblrSharp.csproj", "{4A8B7B77-F7AE-4155-9E9C-253AFD6E0C3A}"
EndProject
Project("{FAE04EC0-301F-11D3-BF4B-00C04F79EFBC}") = "TumblrSharp.Client", "Portable\TumblrSharp.Client\TumblrSharp.Client.csproj", "{8C69EA54-A853-4A68-A9A9-34736524BD1F}"
EndProject
Project("{9A19103F-16F7-4668-BE54-9A1E7A4F7556}") = "TumblrSharp", "TumblrSharp\TumblrSharp.csproj", "{B6D630E0-3A92-4A98-9FC1-C62F67D23CEC}"
EndProject
Project("{9A19103F-16F7-4668-BE54-9A1E7A4F7556}") = "TumblrSharp.Client", "TumblrSharp.Client\TumblrSharp.Client.csproj", "{CB9E7C42-A77C-4642-AC8D-D2143D45F118}"
EndProject
Project("{2150E333-8FDC-42A3-9474-1A3956D46DE8}") = "Examples", "Examples", "{B103B48F-8100-4DD6-A00C-3CFFBA6A31BD}"
	ProjectSection(SolutionItems) = preProject
		Examples\BasicAssemblyInfo.cs = Examples\BasicAssemblyInfo.cs
	EndProjectSection
EndProject
Project("{2150E333-8FDC-42A3-9474-1A3956D46DE8}") = "Windows", "Windows", "{C1185EBC-C2A4-4223-9EA9-A0E400B0E308}"
EndProject
Project("{FAE04EC0-301F-11D3-BF4B-00C04F79EFBC}") = "Common", "Examples\.Net Framework\Windows\Common\Common.csproj", "{8258F002-0F2F-43F7-A9FA-DD1E4171D3A9}"
EndProject
Project("{FAE04EC0-301F-11D3-BF4B-00C04F79EFBC}") = "Authenticate", "Examples\.Net Framework\Windows\Authenticate\Authenticate.csproj", "{C207BFD0-D1EB-4F82-AF7A-120A862AFE1C}"
EndProject
Project("{FAE04EC0-301F-11D3-BF4B-00C04F79EFBC}") = "Authenticate1", "Examples\.Net Framework\Windows\Authenticate1\Authenticate1.csproj", "{EBCBAB94-6012-4FEA-98E1-F5FC29B24342}"
EndProject
Project("{2150E333-8FDC-42A3-9474-1A3956D46DE8}") = "Console", "Console", "{62940DF5-4505-40D1-BFD1-D49768AE7662}"
EndProject
Project("{FAE04EC0-301F-11D3-BF4B-00C04F79EFBC}") = "CreateTextPost", "Examples\.Net Framework\Console\CreateTextPost\CreateTextPost.csproj", "{782F1C59-5C1A-401F-9CA5-89EDD80E37D9}"
EndProject
Project("{FAE04EC0-301F-11D3-BF4B-00C04F79EFBC}") = "Post_Photo", "Examples\.Net Framework\Windows\Post_Photo_Queue\Post_Photo.csproj", "{43AF29D3-621C-4BAA-BE1D-9EB32E2655AF}"
EndProject
Project("{FAE04EC0-301F-11D3-BF4B-00C04F79EFBC}") = "DashboardPosts", "Examples\.Net Framework\Console\DrashboardPosts\DashboardPosts.csproj", "{9EE1507D-C6EA-4D3D-88F6-E355611BF00C}"
EndProject
Project("{FAE04EC0-301F-11D3-BF4B-00C04F79EFBC}") = "DashboardPhotoPostwithExif", "Examples\.Net Framework\Console\DrashboardPhotoPostwithExif\DashboardPhotoPostwithExif.csproj", "{6AE11625-9920-4D7A-B1C2-3EA184AE50F4}"
EndProject
Project("{FAE04EC0-301F-11D3-BF4B-00C04F79EFBC}") = "DashboardPosts_After", "Examples\.Net Framework\Console\DashboardPosts_After\DashboardPosts_After.csproj", "{6F9AE5DD-E526-4F41-A863-9287E3D548C6}"
EndProject
Project("{FAE04EC0-301F-11D3-BF4B-00C04F79EFBC}") = "Reblog_Queue", "Examples\.Net Framework\Console\Reblog_Queue\Reblog_Queue.csproj", "{0BF48C8B-B153-4052-9663-702F4F1CDD26}"
EndProject
Project("{FAE04EC0-301F-11D3-BF4B-00C04F79EFBC}") = "PostAttribution", "Examples\.Net Framework\Console\PostAttribution\PostAttribution.csproj", "{8A8A9A18-AC15-4E3B-9A1C-0574FCF7DCCC}"
EndProject
Project("{9A19103F-16F7-4668-BE54-9A1E7A4F7556}") = "ConsoleBasics", "Examples\.Net Framework\Console\ConsoleBasics\ConsoleBasics.csproj", "{3B074F0F-B2F8-4D36-8B92-C88653705B6B}"
EndProject
Project("{2150E333-8FDC-42A3-9474-1A3956D46DE8}") = "Tests", "Tests", "{39A37DFE-D158-4C93-B128-7CB98A1D98FB}"
EndProject
Project("{9A19103F-16F7-4668-BE54-9A1E7A4F7556}") = "TestTumblrSharp", "Tests\TestTumblrSharp\TestTumblrSharp.csproj", "{825124C9-EDC6-49D5-A97A-98FEEA23A611}"
EndProject
Project("{2150E333-8FDC-42A3-9474-1A3956D46DE8}") = ".NET Core", ".NET Core", "{BAA06ECF-995E-4FDE-851E-1744454DE4D4}"
EndProject
Project("{2150E333-8FDC-42A3-9474-1A3956D46DE8}") = "Console", "Console", "{10B15083-017A-4F8A-9F45-A8BCBD43877B}"
EndProject
Project("{9A19103F-16F7-4668-BE54-9A1E7A4F7556}") = "ASPNet", "Examples\.NET Core\ASP.NET\ASPNet.csproj", "{6625EE15-F4B1-437A-9247-2460E46939DB}"
EndProject
Project("{9A19103F-16F7-4668-BE54-9A1E7A4F7556}") = "AzureFunction", "Examples\.NET Core\AzureFunction\AzureFunction.csproj", "{B6CF5BA6-B7C1-413E-A023-418255ED1DEE}"
EndProject
Project("{9A19103F-16F7-4668-BE54-9A1E7A4F7556}") = "Converter", "Examples\.NET Core\Console\Converter\Converter.csproj", "{4A8EB7E5-3622-4DB5-8F60-FD347DAD4232}"
EndProject
Project("{9A19103F-16F7-4668-BE54-9A1E7A4F7556}") = "Followers", "Examples\.NET Core\Console\Followers\Followers.csproj", "{C23C68E5-66BE-4E42-9184-D49A5C8326B8}"
EndProject
Project("{9A19103F-16F7-4668-BE54-9A1E7A4F7556}") = "QueuedPosts", "Examples\.NET Core\Console\QueuedPosts\QueuedPosts.csproj", "{96D0729B-0E25-44AA-A8FB-9CC1E300EA79}"
EndProject
Project("{2150E333-8FDC-42A3-9474-1A3956D46DE8}") = ".Net Framework", ".Net Framework", "{DFDEA11F-C1A3-45BA-A034-C5A501905758}"
EndProject
Project("{2150E333-8FDC-42A3-9474-1A3956D46DE8}") = "Extension", "Extension", "{7B628DE7-0B29-432A-87A2-AB812D610A5A}"
EndProject
Project("{9A19103F-16F7-4668-BE54-9A1E7A4F7556}") = "Tags", "Examples\Extension\Tag\Tags.csproj", "{AB0BB597-E235-49AF-955D-B9919FDCA23C}"
EndProject
Global
	GlobalSection(SolutionConfigurationPlatforms) = preSolution
		Debug|Any CPU = Debug|Any CPU
		Debug|ARM = Debug|ARM
		Debug|iPhone = Debug|iPhone
		Debug|iPhoneSimulator = Debug|iPhoneSimulator
		Debug|x64 = Debug|x64
		Debug|x86 = Debug|x86
		Release|Any CPU = Release|Any CPU
		Release|ARM = Release|ARM
		Release|iPhone = Release|iPhone
		Release|iPhoneSimulator = Release|iPhoneSimulator
		Release|x64 = Release|x64
		Release|x86 = Release|x86
	EndGlobalSection
	GlobalSection(ProjectConfigurationPlatforms) = postSolution
		{4A8B7B77-F7AE-4155-9E9C-253AFD6E0C3A}.Debug|Any CPU.ActiveCfg = Debug|Any CPU
		{4A8B7B77-F7AE-4155-9E9C-253AFD6E0C3A}.Debug|Any CPU.Build.0 = Debug|Any CPU
		{4A8B7B77-F7AE-4155-9E9C-253AFD6E0C3A}.Debug|ARM.ActiveCfg = Debug|Any CPU
		{4A8B7B77-F7AE-4155-9E9C-253AFD6E0C3A}.Debug|ARM.Build.0 = Debug|Any CPU
		{4A8B7B77-F7AE-4155-9E9C-253AFD6E0C3A}.Debug|iPhone.ActiveCfg = Debug|Any CPU
		{4A8B7B77-F7AE-4155-9E9C-253AFD6E0C3A}.Debug|iPhone.Build.0 = Debug|Any CPU
		{4A8B7B77-F7AE-4155-9E9C-253AFD6E0C3A}.Debug|iPhoneSimulator.ActiveCfg = Debug|Any CPU
		{4A8B7B77-F7AE-4155-9E9C-253AFD6E0C3A}.Debug|iPhoneSimulator.Build.0 = Debug|Any CPU
		{4A8B7B77-F7AE-4155-9E9C-253AFD6E0C3A}.Debug|x64.ActiveCfg = Debug|Any CPU
		{4A8B7B77-F7AE-4155-9E9C-253AFD6E0C3A}.Debug|x64.Build.0 = Debug|Any CPU
		{4A8B7B77-F7AE-4155-9E9C-253AFD6E0C3A}.Debug|x86.ActiveCfg = Debug|Any CPU
		{4A8B7B77-F7AE-4155-9E9C-253AFD6E0C3A}.Debug|x86.Build.0 = Debug|Any CPU
		{4A8B7B77-F7AE-4155-9E9C-253AFD6E0C3A}.Release|Any CPU.ActiveCfg = Release|Any CPU
		{4A8B7B77-F7AE-4155-9E9C-253AFD6E0C3A}.Release|Any CPU.Build.0 = Release|Any CPU
		{4A8B7B77-F7AE-4155-9E9C-253AFD6E0C3A}.Release|ARM.ActiveCfg = Release|Any CPU
		{4A8B7B77-F7AE-4155-9E9C-253AFD6E0C3A}.Release|ARM.Build.0 = Release|Any CPU
		{4A8B7B77-F7AE-4155-9E9C-253AFD6E0C3A}.Release|iPhone.ActiveCfg = Release|Any CPU
		{4A8B7B77-F7AE-4155-9E9C-253AFD6E0C3A}.Release|iPhone.Build.0 = Release|Any CPU
		{4A8B7B77-F7AE-4155-9E9C-253AFD6E0C3A}.Release|iPhoneSimulator.ActiveCfg = Release|Any CPU
		{4A8B7B77-F7AE-4155-9E9C-253AFD6E0C3A}.Release|iPhoneSimulator.Build.0 = Release|Any CPU
		{4A8B7B77-F7AE-4155-9E9C-253AFD6E0C3A}.Release|x64.ActiveCfg = Release|Any CPU
		{4A8B7B77-F7AE-4155-9E9C-253AFD6E0C3A}.Release|x64.Build.0 = Release|Any CPU
		{4A8B7B77-F7AE-4155-9E9C-253AFD6E0C3A}.Release|x86.ActiveCfg = Release|Any CPU
		{4A8B7B77-F7AE-4155-9E9C-253AFD6E0C3A}.Release|x86.Build.0 = Release|Any CPU
		{8C69EA54-A853-4A68-A9A9-34736524BD1F}.Debug|Any CPU.ActiveCfg = Debug|Any CPU
		{8C69EA54-A853-4A68-A9A9-34736524BD1F}.Debug|Any CPU.Build.0 = Debug|Any CPU
		{8C69EA54-A853-4A68-A9A9-34736524BD1F}.Debug|ARM.ActiveCfg = Debug|Any CPU
		{8C69EA54-A853-4A68-A9A9-34736524BD1F}.Debug|ARM.Build.0 = Debug|Any CPU
		{8C69EA54-A853-4A68-A9A9-34736524BD1F}.Debug|iPhone.ActiveCfg = Debug|Any CPU
		{8C69EA54-A853-4A68-A9A9-34736524BD1F}.Debug|iPhone.Build.0 = Debug|Any CPU
		{8C69EA54-A853-4A68-A9A9-34736524BD1F}.Debug|iPhoneSimulator.ActiveCfg = Debug|Any CPU
		{8C69EA54-A853-4A68-A9A9-34736524BD1F}.Debug|iPhoneSimulator.Build.0 = Debug|Any CPU
		{8C69EA54-A853-4A68-A9A9-34736524BD1F}.Debug|x64.ActiveCfg = Debug|Any CPU
		{8C69EA54-A853-4A68-A9A9-34736524BD1F}.Debug|x64.Build.0 = Debug|Any CPU
		{8C69EA54-A853-4A68-A9A9-34736524BD1F}.Debug|x86.ActiveCfg = Debug|Any CPU
		{8C69EA54-A853-4A68-A9A9-34736524BD1F}.Debug|x86.Build.0 = Debug|Any CPU
		{8C69EA54-A853-4A68-A9A9-34736524BD1F}.Release|Any CPU.ActiveCfg = Release|Any CPU
		{8C69EA54-A853-4A68-A9A9-34736524BD1F}.Release|Any CPU.Build.0 = Release|Any CPU
		{8C69EA54-A853-4A68-A9A9-34736524BD1F}.Release|ARM.ActiveCfg = Release|Any CPU
		{8C69EA54-A853-4A68-A9A9-34736524BD1F}.Release|ARM.Build.0 = Release|Any CPU
		{8C69EA54-A853-4A68-A9A9-34736524BD1F}.Release|iPhone.ActiveCfg = Release|Any CPU
		{8C69EA54-A853-4A68-A9A9-34736524BD1F}.Release|iPhone.Build.0 = Release|Any CPU
		{8C69EA54-A853-4A68-A9A9-34736524BD1F}.Release|iPhoneSimulator.ActiveCfg = Release|Any CPU
		{8C69EA54-A853-4A68-A9A9-34736524BD1F}.Release|iPhoneSimulator.Build.0 = Release|Any CPU
		{8C69EA54-A853-4A68-A9A9-34736524BD1F}.Release|x64.ActiveCfg = Release|Any CPU
		{8C69EA54-A853-4A68-A9A9-34736524BD1F}.Release|x64.Build.0 = Release|Any CPU
		{8C69EA54-A853-4A68-A9A9-34736524BD1F}.Release|x86.ActiveCfg = Release|Any CPU
		{8C69EA54-A853-4A68-A9A9-34736524BD1F}.Release|x86.Build.0 = Release|Any CPU
		{B6D630E0-3A92-4A98-9FC1-C62F67D23CEC}.Debug|Any CPU.ActiveCfg = Debug|Any CPU
		{B6D630E0-3A92-4A98-9FC1-C62F67D23CEC}.Debug|Any CPU.Build.0 = Debug|Any CPU
		{B6D630E0-3A92-4A98-9FC1-C62F67D23CEC}.Debug|ARM.ActiveCfg = Debug|Any CPU
		{B6D630E0-3A92-4A98-9FC1-C62F67D23CEC}.Debug|ARM.Build.0 = Debug|Any CPU
		{B6D630E0-3A92-4A98-9FC1-C62F67D23CEC}.Debug|iPhone.ActiveCfg = Debug|Any CPU
		{B6D630E0-3A92-4A98-9FC1-C62F67D23CEC}.Debug|iPhone.Build.0 = Debug|Any CPU
		{B6D630E0-3A92-4A98-9FC1-C62F67D23CEC}.Debug|iPhoneSimulator.ActiveCfg = Debug|Any CPU
		{B6D630E0-3A92-4A98-9FC1-C62F67D23CEC}.Debug|iPhoneSimulator.Build.0 = Debug|Any CPU
		{B6D630E0-3A92-4A98-9FC1-C62F67D23CEC}.Debug|x64.ActiveCfg = Debug|Any CPU
		{B6D630E0-3A92-4A98-9FC1-C62F67D23CEC}.Debug|x64.Build.0 = Debug|Any CPU
		{B6D630E0-3A92-4A98-9FC1-C62F67D23CEC}.Debug|x86.ActiveCfg = Debug|Any CPU
		{B6D630E0-3A92-4A98-9FC1-C62F67D23CEC}.Debug|x86.Build.0 = Debug|Any CPU
		{B6D630E0-3A92-4A98-9FC1-C62F67D23CEC}.Release|Any CPU.ActiveCfg = Release|Any CPU
		{B6D630E0-3A92-4A98-9FC1-C62F67D23CEC}.Release|Any CPU.Build.0 = Release|Any CPU
		{B6D630E0-3A92-4A98-9FC1-C62F67D23CEC}.Release|ARM.ActiveCfg = Release|Any CPU
		{B6D630E0-3A92-4A98-9FC1-C62F67D23CEC}.Release|ARM.Build.0 = Release|Any CPU
		{B6D630E0-3A92-4A98-9FC1-C62F67D23CEC}.Release|iPhone.ActiveCfg = Release|Any CPU
		{B6D630E0-3A92-4A98-9FC1-C62F67D23CEC}.Release|iPhone.Build.0 = Release|Any CPU
		{B6D630E0-3A92-4A98-9FC1-C62F67D23CEC}.Release|iPhoneSimulator.ActiveCfg = Release|Any CPU
		{B6D630E0-3A92-4A98-9FC1-C62F67D23CEC}.Release|iPhoneSimulator.Build.0 = Release|Any CPU
		{B6D630E0-3A92-4A98-9FC1-C62F67D23CEC}.Release|x64.ActiveCfg = Release|Any CPU
		{B6D630E0-3A92-4A98-9FC1-C62F67D23CEC}.Release|x64.Build.0 = Release|Any CPU
		{B6D630E0-3A92-4A98-9FC1-C62F67D23CEC}.Release|x86.ActiveCfg = Release|Any CPU
		{B6D630E0-3A92-4A98-9FC1-C62F67D23CEC}.Release|x86.Build.0 = Release|Any CPU
		{CB9E7C42-A77C-4642-AC8D-D2143D45F118}.Debug|Any CPU.ActiveCfg = Debug|Any CPU
		{CB9E7C42-A77C-4642-AC8D-D2143D45F118}.Debug|Any CPU.Build.0 = Debug|Any CPU
		{CB9E7C42-A77C-4642-AC8D-D2143D45F118}.Debug|ARM.ActiveCfg = Debug|Any CPU
		{CB9E7C42-A77C-4642-AC8D-D2143D45F118}.Debug|ARM.Build.0 = Debug|Any CPU
		{CB9E7C42-A77C-4642-AC8D-D2143D45F118}.Debug|iPhone.ActiveCfg = Debug|Any CPU
		{CB9E7C42-A77C-4642-AC8D-D2143D45F118}.Debug|iPhone.Build.0 = Debug|Any CPU
		{CB9E7C42-A77C-4642-AC8D-D2143D45F118}.Debug|iPhoneSimulator.ActiveCfg = Debug|Any CPU
		{CB9E7C42-A77C-4642-AC8D-D2143D45F118}.Debug|iPhoneSimulator.Build.0 = Debug|Any CPU
		{CB9E7C42-A77C-4642-AC8D-D2143D45F118}.Debug|x64.ActiveCfg = Debug|Any CPU
		{CB9E7C42-A77C-4642-AC8D-D2143D45F118}.Debug|x64.Build.0 = Debug|Any CPU
		{CB9E7C42-A77C-4642-AC8D-D2143D45F118}.Debug|x86.ActiveCfg = Debug|Any CPU
		{CB9E7C42-A77C-4642-AC8D-D2143D45F118}.Debug|x86.Build.0 = Debug|Any CPU
		{CB9E7C42-A77C-4642-AC8D-D2143D45F118}.Release|Any CPU.ActiveCfg = Release|Any CPU
		{CB9E7C42-A77C-4642-AC8D-D2143D45F118}.Release|Any CPU.Build.0 = Release|Any CPU
		{CB9E7C42-A77C-4642-AC8D-D2143D45F118}.Release|ARM.ActiveCfg = Release|Any CPU
		{CB9E7C42-A77C-4642-AC8D-D2143D45F118}.Release|ARM.Build.0 = Release|Any CPU
		{CB9E7C42-A77C-4642-AC8D-D2143D45F118}.Release|iPhone.ActiveCfg = Release|Any CPU
		{CB9E7C42-A77C-4642-AC8D-D2143D45F118}.Release|iPhone.Build.0 = Release|Any CPU
		{CB9E7C42-A77C-4642-AC8D-D2143D45F118}.Release|iPhoneSimulator.ActiveCfg = Release|Any CPU
		{CB9E7C42-A77C-4642-AC8D-D2143D45F118}.Release|iPhoneSimulator.Build.0 = Release|Any CPU
		{CB9E7C42-A77C-4642-AC8D-D2143D45F118}.Release|x64.ActiveCfg = Release|Any CPU
		{CB9E7C42-A77C-4642-AC8D-D2143D45F118}.Release|x64.Build.0 = Release|Any CPU
		{CB9E7C42-A77C-4642-AC8D-D2143D45F118}.Release|x86.ActiveCfg = Release|Any CPU
		{CB9E7C42-A77C-4642-AC8D-D2143D45F118}.Release|x86.Build.0 = Release|Any CPU
		{8258F002-0F2F-43F7-A9FA-DD1E4171D3A9}.Debug|Any CPU.ActiveCfg = Debug|Any CPU
		{8258F002-0F2F-43F7-A9FA-DD1E4171D3A9}.Debug|Any CPU.Build.0 = Debug|Any CPU
		{8258F002-0F2F-43F7-A9FA-DD1E4171D3A9}.Debug|ARM.ActiveCfg = Debug|Any CPU
		{8258F002-0F2F-43F7-A9FA-DD1E4171D3A9}.Debug|ARM.Build.0 = Debug|Any CPU
		{8258F002-0F2F-43F7-A9FA-DD1E4171D3A9}.Debug|iPhone.ActiveCfg = Debug|Any CPU
		{8258F002-0F2F-43F7-A9FA-DD1E4171D3A9}.Debug|iPhone.Build.0 = Debug|Any CPU
		{8258F002-0F2F-43F7-A9FA-DD1E4171D3A9}.Debug|iPhoneSimulator.ActiveCfg = Debug|Any CPU
		{8258F002-0F2F-43F7-A9FA-DD1E4171D3A9}.Debug|iPhoneSimulator.Build.0 = Debug|Any CPU
		{8258F002-0F2F-43F7-A9FA-DD1E4171D3A9}.Debug|x64.ActiveCfg = Debug|Any CPU
		{8258F002-0F2F-43F7-A9FA-DD1E4171D3A9}.Debug|x64.Build.0 = Debug|Any CPU
		{8258F002-0F2F-43F7-A9FA-DD1E4171D3A9}.Debug|x86.ActiveCfg = Debug|Any CPU
		{8258F002-0F2F-43F7-A9FA-DD1E4171D3A9}.Debug|x86.Build.0 = Debug|Any CPU
		{8258F002-0F2F-43F7-A9FA-DD1E4171D3A9}.Release|Any CPU.ActiveCfg = Release|Any CPU
		{8258F002-0F2F-43F7-A9FA-DD1E4171D3A9}.Release|Any CPU.Build.0 = Release|Any CPU
		{8258F002-0F2F-43F7-A9FA-DD1E4171D3A9}.Release|ARM.ActiveCfg = Release|Any CPU
		{8258F002-0F2F-43F7-A9FA-DD1E4171D3A9}.Release|ARM.Build.0 = Release|Any CPU
		{8258F002-0F2F-43F7-A9FA-DD1E4171D3A9}.Release|iPhone.ActiveCfg = Release|Any CPU
		{8258F002-0F2F-43F7-A9FA-DD1E4171D3A9}.Release|iPhone.Build.0 = Release|Any CPU
		{8258F002-0F2F-43F7-A9FA-DD1E4171D3A9}.Release|iPhoneSimulator.ActiveCfg = Release|Any CPU
		{8258F002-0F2F-43F7-A9FA-DD1E4171D3A9}.Release|iPhoneSimulator.Build.0 = Release|Any CPU
		{8258F002-0F2F-43F7-A9FA-DD1E4171D3A9}.Release|x64.ActiveCfg = Release|Any CPU
		{8258F002-0F2F-43F7-A9FA-DD1E4171D3A9}.Release|x64.Build.0 = Release|Any CPU
		{8258F002-0F2F-43F7-A9FA-DD1E4171D3A9}.Release|x86.ActiveCfg = Release|Any CPU
		{8258F002-0F2F-43F7-A9FA-DD1E4171D3A9}.Release|x86.Build.0 = Release|Any CPU
		{C207BFD0-D1EB-4F82-AF7A-120A862AFE1C}.Debug|Any CPU.ActiveCfg = Debug|Any CPU
		{C207BFD0-D1EB-4F82-AF7A-120A862AFE1C}.Debug|Any CPU.Build.0 = Debug|Any CPU
		{C207BFD0-D1EB-4F82-AF7A-120A862AFE1C}.Debug|ARM.ActiveCfg = Debug|Any CPU
		{C207BFD0-D1EB-4F82-AF7A-120A862AFE1C}.Debug|ARM.Build.0 = Debug|Any CPU
		{C207BFD0-D1EB-4F82-AF7A-120A862AFE1C}.Debug|iPhone.ActiveCfg = Debug|Any CPU
		{C207BFD0-D1EB-4F82-AF7A-120A862AFE1C}.Debug|iPhone.Build.0 = Debug|Any CPU
		{C207BFD0-D1EB-4F82-AF7A-120A862AFE1C}.Debug|iPhoneSimulator.ActiveCfg = Debug|Any CPU
		{C207BFD0-D1EB-4F82-AF7A-120A862AFE1C}.Debug|iPhoneSimulator.Build.0 = Debug|Any CPU
		{C207BFD0-D1EB-4F82-AF7A-120A862AFE1C}.Debug|x64.ActiveCfg = Debug|Any CPU
		{C207BFD0-D1EB-4F82-AF7A-120A862AFE1C}.Debug|x64.Build.0 = Debug|Any CPU
		{C207BFD0-D1EB-4F82-AF7A-120A862AFE1C}.Debug|x86.ActiveCfg = Debug|Any CPU
		{C207BFD0-D1EB-4F82-AF7A-120A862AFE1C}.Debug|x86.Build.0 = Debug|Any CPU
		{C207BFD0-D1EB-4F82-AF7A-120A862AFE1C}.Release|Any CPU.ActiveCfg = Release|Any CPU
		{C207BFD0-D1EB-4F82-AF7A-120A862AFE1C}.Release|Any CPU.Build.0 = Release|Any CPU
		{C207BFD0-D1EB-4F82-AF7A-120A862AFE1C}.Release|ARM.ActiveCfg = Release|Any CPU
		{C207BFD0-D1EB-4F82-AF7A-120A862AFE1C}.Release|ARM.Build.0 = Release|Any CPU
		{C207BFD0-D1EB-4F82-AF7A-120A862AFE1C}.Release|iPhone.ActiveCfg = Release|Any CPU
		{C207BFD0-D1EB-4F82-AF7A-120A862AFE1C}.Release|iPhone.Build.0 = Release|Any CPU
		{C207BFD0-D1EB-4F82-AF7A-120A862AFE1C}.Release|iPhoneSimulator.ActiveCfg = Release|Any CPU
		{C207BFD0-D1EB-4F82-AF7A-120A862AFE1C}.Release|iPhoneSimulator.Build.0 = Release|Any CPU
		{C207BFD0-D1EB-4F82-AF7A-120A862AFE1C}.Release|x64.ActiveCfg = Release|Any CPU
		{C207BFD0-D1EB-4F82-AF7A-120A862AFE1C}.Release|x64.Build.0 = Release|Any CPU
		{C207BFD0-D1EB-4F82-AF7A-120A862AFE1C}.Release|x86.ActiveCfg = Release|Any CPU
		{C207BFD0-D1EB-4F82-AF7A-120A862AFE1C}.Release|x86.Build.0 = Release|Any CPU
		{EBCBAB94-6012-4FEA-98E1-F5FC29B24342}.Debug|Any CPU.ActiveCfg = Debug|Any CPU
		{EBCBAB94-6012-4FEA-98E1-F5FC29B24342}.Debug|Any CPU.Build.0 = Debug|Any CPU
		{EBCBAB94-6012-4FEA-98E1-F5FC29B24342}.Debug|ARM.ActiveCfg = Debug|Any CPU
		{EBCBAB94-6012-4FEA-98E1-F5FC29B24342}.Debug|ARM.Build.0 = Debug|Any CPU
		{EBCBAB94-6012-4FEA-98E1-F5FC29B24342}.Debug|iPhone.ActiveCfg = Debug|Any CPU
		{EBCBAB94-6012-4FEA-98E1-F5FC29B24342}.Debug|iPhone.Build.0 = Debug|Any CPU
		{EBCBAB94-6012-4FEA-98E1-F5FC29B24342}.Debug|iPhoneSimulator.ActiveCfg = Debug|Any CPU
		{EBCBAB94-6012-4FEA-98E1-F5FC29B24342}.Debug|iPhoneSimulator.Build.0 = Debug|Any CPU
		{EBCBAB94-6012-4FEA-98E1-F5FC29B24342}.Debug|x64.ActiveCfg = Debug|Any CPU
		{EBCBAB94-6012-4FEA-98E1-F5FC29B24342}.Debug|x64.Build.0 = Debug|Any CPU
		{EBCBAB94-6012-4FEA-98E1-F5FC29B24342}.Debug|x86.ActiveCfg = Debug|Any CPU
		{EBCBAB94-6012-4FEA-98E1-F5FC29B24342}.Debug|x86.Build.0 = Debug|Any CPU
		{EBCBAB94-6012-4FEA-98E1-F5FC29B24342}.Release|Any CPU.ActiveCfg = Release|Any CPU
		{EBCBAB94-6012-4FEA-98E1-F5FC29B24342}.Release|Any CPU.Build.0 = Release|Any CPU
		{EBCBAB94-6012-4FEA-98E1-F5FC29B24342}.Release|ARM.ActiveCfg = Release|Any CPU
		{EBCBAB94-6012-4FEA-98E1-F5FC29B24342}.Release|ARM.Build.0 = Release|Any CPU
		{EBCBAB94-6012-4FEA-98E1-F5FC29B24342}.Release|iPhone.ActiveCfg = Release|Any CPU
		{EBCBAB94-6012-4FEA-98E1-F5FC29B24342}.Release|iPhone.Build.0 = Release|Any CPU
		{EBCBAB94-6012-4FEA-98E1-F5FC29B24342}.Release|iPhoneSimulator.ActiveCfg = Release|Any CPU
		{EBCBAB94-6012-4FEA-98E1-F5FC29B24342}.Release|iPhoneSimulator.Build.0 = Release|Any CPU
		{EBCBAB94-6012-4FEA-98E1-F5FC29B24342}.Release|x64.ActiveCfg = Release|Any CPU
		{EBCBAB94-6012-4FEA-98E1-F5FC29B24342}.Release|x64.Build.0 = Release|Any CPU
		{EBCBAB94-6012-4FEA-98E1-F5FC29B24342}.Release|x86.ActiveCfg = Release|Any CPU
		{EBCBAB94-6012-4FEA-98E1-F5FC29B24342}.Release|x86.Build.0 = Release|Any CPU
		{782F1C59-5C1A-401F-9CA5-89EDD80E37D9}.Debug|Any CPU.ActiveCfg = Debug|Any CPU
		{782F1C59-5C1A-401F-9CA5-89EDD80E37D9}.Debug|Any CPU.Build.0 = Debug|Any CPU
		{782F1C59-5C1A-401F-9CA5-89EDD80E37D9}.Debug|ARM.ActiveCfg = Debug|Any CPU
		{782F1C59-5C1A-401F-9CA5-89EDD80E37D9}.Debug|ARM.Build.0 = Debug|Any CPU
		{782F1C59-5C1A-401F-9CA5-89EDD80E37D9}.Debug|iPhone.ActiveCfg = Debug|Any CPU
		{782F1C59-5C1A-401F-9CA5-89EDD80E37D9}.Debug|iPhone.Build.0 = Debug|Any CPU
		{782F1C59-5C1A-401F-9CA5-89EDD80E37D9}.Debug|iPhoneSimulator.ActiveCfg = Debug|Any CPU
		{782F1C59-5C1A-401F-9CA5-89EDD80E37D9}.Debug|iPhoneSimulator.Build.0 = Debug|Any CPU
		{782F1C59-5C1A-401F-9CA5-89EDD80E37D9}.Debug|x64.ActiveCfg = Debug|Any CPU
		{782F1C59-5C1A-401F-9CA5-89EDD80E37D9}.Debug|x64.Build.0 = Debug|Any CPU
		{782F1C59-5C1A-401F-9CA5-89EDD80E37D9}.Debug|x86.ActiveCfg = Debug|Any CPU
		{782F1C59-5C1A-401F-9CA5-89EDD80E37D9}.Debug|x86.Build.0 = Debug|Any CPU
		{782F1C59-5C1A-401F-9CA5-89EDD80E37D9}.Release|Any CPU.ActiveCfg = Release|Any CPU
		{782F1C59-5C1A-401F-9CA5-89EDD80E37D9}.Release|Any CPU.Build.0 = Release|Any CPU
		{782F1C59-5C1A-401F-9CA5-89EDD80E37D9}.Release|ARM.ActiveCfg = Release|Any CPU
		{782F1C59-5C1A-401F-9CA5-89EDD80E37D9}.Release|ARM.Build.0 = Release|Any CPU
		{782F1C59-5C1A-401F-9CA5-89EDD80E37D9}.Release|iPhone.ActiveCfg = Release|Any CPU
		{782F1C59-5C1A-401F-9CA5-89EDD80E37D9}.Release|iPhone.Build.0 = Release|Any CPU
		{782F1C59-5C1A-401F-9CA5-89EDD80E37D9}.Release|iPhoneSimulator.ActiveCfg = Release|Any CPU
		{782F1C59-5C1A-401F-9CA5-89EDD80E37D9}.Release|iPhoneSimulator.Build.0 = Release|Any CPU
		{782F1C59-5C1A-401F-9CA5-89EDD80E37D9}.Release|x64.ActiveCfg = Release|Any CPU
		{782F1C59-5C1A-401F-9CA5-89EDD80E37D9}.Release|x64.Build.0 = Release|Any CPU
		{782F1C59-5C1A-401F-9CA5-89EDD80E37D9}.Release|x86.ActiveCfg = Release|Any CPU
		{782F1C59-5C1A-401F-9CA5-89EDD80E37D9}.Release|x86.Build.0 = Release|Any CPU
		{43AF29D3-621C-4BAA-BE1D-9EB32E2655AF}.Debug|Any CPU.ActiveCfg = Debug|Any CPU
		{43AF29D3-621C-4BAA-BE1D-9EB32E2655AF}.Debug|Any CPU.Build.0 = Debug|Any CPU
		{43AF29D3-621C-4BAA-BE1D-9EB32E2655AF}.Debug|ARM.ActiveCfg = Debug|Any CPU
		{43AF29D3-621C-4BAA-BE1D-9EB32E2655AF}.Debug|ARM.Build.0 = Debug|Any CPU
		{43AF29D3-621C-4BAA-BE1D-9EB32E2655AF}.Debug|iPhone.ActiveCfg = Debug|Any CPU
		{43AF29D3-621C-4BAA-BE1D-9EB32E2655AF}.Debug|iPhone.Build.0 = Debug|Any CPU
		{43AF29D3-621C-4BAA-BE1D-9EB32E2655AF}.Debug|iPhoneSimulator.ActiveCfg = Debug|Any CPU
		{43AF29D3-621C-4BAA-BE1D-9EB32E2655AF}.Debug|iPhoneSimulator.Build.0 = Debug|Any CPU
		{43AF29D3-621C-4BAA-BE1D-9EB32E2655AF}.Debug|x64.ActiveCfg = Debug|Any CPU
		{43AF29D3-621C-4BAA-BE1D-9EB32E2655AF}.Debug|x64.Build.0 = Debug|Any CPU
		{43AF29D3-621C-4BAA-BE1D-9EB32E2655AF}.Debug|x86.ActiveCfg = Debug|Any CPU
		{43AF29D3-621C-4BAA-BE1D-9EB32E2655AF}.Debug|x86.Build.0 = Debug|Any CPU
		{43AF29D3-621C-4BAA-BE1D-9EB32E2655AF}.Release|Any CPU.ActiveCfg = Release|Any CPU
		{43AF29D3-621C-4BAA-BE1D-9EB32E2655AF}.Release|Any CPU.Build.0 = Release|Any CPU
		{43AF29D3-621C-4BAA-BE1D-9EB32E2655AF}.Release|ARM.ActiveCfg = Release|Any CPU
		{43AF29D3-621C-4BAA-BE1D-9EB32E2655AF}.Release|ARM.Build.0 = Release|Any CPU
		{43AF29D3-621C-4BAA-BE1D-9EB32E2655AF}.Release|iPhone.ActiveCfg = Release|Any CPU
		{43AF29D3-621C-4BAA-BE1D-9EB32E2655AF}.Release|iPhone.Build.0 = Release|Any CPU
		{43AF29D3-621C-4BAA-BE1D-9EB32E2655AF}.Release|iPhoneSimulator.ActiveCfg = Release|Any CPU
		{43AF29D3-621C-4BAA-BE1D-9EB32E2655AF}.Release|iPhoneSimulator.Build.0 = Release|Any CPU
		{43AF29D3-621C-4BAA-BE1D-9EB32E2655AF}.Release|x64.ActiveCfg = Release|Any CPU
		{43AF29D3-621C-4BAA-BE1D-9EB32E2655AF}.Release|x64.Build.0 = Release|Any CPU
		{43AF29D3-621C-4BAA-BE1D-9EB32E2655AF}.Release|x86.ActiveCfg = Release|Any CPU
		{43AF29D3-621C-4BAA-BE1D-9EB32E2655AF}.Release|x86.Build.0 = Release|Any CPU
		{9EE1507D-C6EA-4D3D-88F6-E355611BF00C}.Debug|Any CPU.ActiveCfg = Debug|Any CPU
		{9EE1507D-C6EA-4D3D-88F6-E355611BF00C}.Debug|Any CPU.Build.0 = Debug|Any CPU
		{9EE1507D-C6EA-4D3D-88F6-E355611BF00C}.Debug|ARM.ActiveCfg = Debug|Any CPU
		{9EE1507D-C6EA-4D3D-88F6-E355611BF00C}.Debug|ARM.Build.0 = Debug|Any CPU
		{9EE1507D-C6EA-4D3D-88F6-E355611BF00C}.Debug|iPhone.ActiveCfg = Debug|Any CPU
		{9EE1507D-C6EA-4D3D-88F6-E355611BF00C}.Debug|iPhone.Build.0 = Debug|Any CPU
		{9EE1507D-C6EA-4D3D-88F6-E355611BF00C}.Debug|iPhoneSimulator.ActiveCfg = Debug|Any CPU
		{9EE1507D-C6EA-4D3D-88F6-E355611BF00C}.Debug|iPhoneSimulator.Build.0 = Debug|Any CPU
		{9EE1507D-C6EA-4D3D-88F6-E355611BF00C}.Debug|x64.ActiveCfg = Debug|Any CPU
		{9EE1507D-C6EA-4D3D-88F6-E355611BF00C}.Debug|x64.Build.0 = Debug|Any CPU
		{9EE1507D-C6EA-4D3D-88F6-E355611BF00C}.Debug|x86.ActiveCfg = Debug|Any CPU
		{9EE1507D-C6EA-4D3D-88F6-E355611BF00C}.Debug|x86.Build.0 = Debug|Any CPU
		{9EE1507D-C6EA-4D3D-88F6-E355611BF00C}.Release|Any CPU.ActiveCfg = Release|Any CPU
		{9EE1507D-C6EA-4D3D-88F6-E355611BF00C}.Release|Any CPU.Build.0 = Release|Any CPU
		{9EE1507D-C6EA-4D3D-88F6-E355611BF00C}.Release|ARM.ActiveCfg = Release|Any CPU
		{9EE1507D-C6EA-4D3D-88F6-E355611BF00C}.Release|ARM.Build.0 = Release|Any CPU
		{9EE1507D-C6EA-4D3D-88F6-E355611BF00C}.Release|iPhone.ActiveCfg = Release|Any CPU
		{9EE1507D-C6EA-4D3D-88F6-E355611BF00C}.Release|iPhone.Build.0 = Release|Any CPU
		{9EE1507D-C6EA-4D3D-88F6-E355611BF00C}.Release|iPhoneSimulator.ActiveCfg = Release|Any CPU
		{9EE1507D-C6EA-4D3D-88F6-E355611BF00C}.Release|iPhoneSimulator.Build.0 = Release|Any CPU
		{9EE1507D-C6EA-4D3D-88F6-E355611BF00C}.Release|x64.ActiveCfg = Release|Any CPU
		{9EE1507D-C6EA-4D3D-88F6-E355611BF00C}.Release|x64.Build.0 = Release|Any CPU
		{9EE1507D-C6EA-4D3D-88F6-E355611BF00C}.Release|x86.ActiveCfg = Release|Any CPU
		{9EE1507D-C6EA-4D3D-88F6-E355611BF00C}.Release|x86.Build.0 = Release|Any CPU
		{6AE11625-9920-4D7A-B1C2-3EA184AE50F4}.Debug|Any CPU.ActiveCfg = Debug|Any CPU
		{6AE11625-9920-4D7A-B1C2-3EA184AE50F4}.Debug|Any CPU.Build.0 = Debug|Any CPU
		{6AE11625-9920-4D7A-B1C2-3EA184AE50F4}.Debug|ARM.ActiveCfg = Debug|Any CPU
		{6AE11625-9920-4D7A-B1C2-3EA184AE50F4}.Debug|ARM.Build.0 = Debug|Any CPU
		{6AE11625-9920-4D7A-B1C2-3EA184AE50F4}.Debug|iPhone.ActiveCfg = Debug|Any CPU
		{6AE11625-9920-4D7A-B1C2-3EA184AE50F4}.Debug|iPhone.Build.0 = Debug|Any CPU
		{6AE11625-9920-4D7A-B1C2-3EA184AE50F4}.Debug|iPhoneSimulator.ActiveCfg = Debug|Any CPU
		{6AE11625-9920-4D7A-B1C2-3EA184AE50F4}.Debug|iPhoneSimulator.Build.0 = Debug|Any CPU
		{6AE11625-9920-4D7A-B1C2-3EA184AE50F4}.Debug|x64.ActiveCfg = Debug|Any CPU
		{6AE11625-9920-4D7A-B1C2-3EA184AE50F4}.Debug|x64.Build.0 = Debug|Any CPU
		{6AE11625-9920-4D7A-B1C2-3EA184AE50F4}.Debug|x86.ActiveCfg = Debug|Any CPU
		{6AE11625-9920-4D7A-B1C2-3EA184AE50F4}.Debug|x86.Build.0 = Debug|Any CPU
		{6AE11625-9920-4D7A-B1C2-3EA184AE50F4}.Release|Any CPU.ActiveCfg = Release|Any CPU
		{6AE11625-9920-4D7A-B1C2-3EA184AE50F4}.Release|Any CPU.Build.0 = Release|Any CPU
		{6AE11625-9920-4D7A-B1C2-3EA184AE50F4}.Release|ARM.ActiveCfg = Release|Any CPU
		{6AE11625-9920-4D7A-B1C2-3EA184AE50F4}.Release|ARM.Build.0 = Release|Any CPU
		{6AE11625-9920-4D7A-B1C2-3EA184AE50F4}.Release|iPhone.ActiveCfg = Release|Any CPU
		{6AE11625-9920-4D7A-B1C2-3EA184AE50F4}.Release|iPhone.Build.0 = Release|Any CPU
		{6AE11625-9920-4D7A-B1C2-3EA184AE50F4}.Release|iPhoneSimulator.ActiveCfg = Release|Any CPU
		{6AE11625-9920-4D7A-B1C2-3EA184AE50F4}.Release|iPhoneSimulator.Build.0 = Release|Any CPU
		{6AE11625-9920-4D7A-B1C2-3EA184AE50F4}.Release|x64.ActiveCfg = Release|Any CPU
		{6AE11625-9920-4D7A-B1C2-3EA184AE50F4}.Release|x64.Build.0 = Release|Any CPU
		{6AE11625-9920-4D7A-B1C2-3EA184AE50F4}.Release|x86.ActiveCfg = Release|Any CPU
		{6AE11625-9920-4D7A-B1C2-3EA184AE50F4}.Release|x86.Build.0 = Release|Any CPU
		{6F9AE5DD-E526-4F41-A863-9287E3D548C6}.Debug|Any CPU.ActiveCfg = Debug|Any CPU
		{6F9AE5DD-E526-4F41-A863-9287E3D548C6}.Debug|Any CPU.Build.0 = Debug|Any CPU
		{6F9AE5DD-E526-4F41-A863-9287E3D548C6}.Debug|ARM.ActiveCfg = Debug|Any CPU
		{6F9AE5DD-E526-4F41-A863-9287E3D548C6}.Debug|ARM.Build.0 = Debug|Any CPU
		{6F9AE5DD-E526-4F41-A863-9287E3D548C6}.Debug|iPhone.ActiveCfg = Debug|Any CPU
		{6F9AE5DD-E526-4F41-A863-9287E3D548C6}.Debug|iPhone.Build.0 = Debug|Any CPU
		{6F9AE5DD-E526-4F41-A863-9287E3D548C6}.Debug|iPhoneSimulator.ActiveCfg = Debug|Any CPU
		{6F9AE5DD-E526-4F41-A863-9287E3D548C6}.Debug|iPhoneSimulator.Build.0 = Debug|Any CPU
		{6F9AE5DD-E526-4F41-A863-9287E3D548C6}.Debug|x64.ActiveCfg = Debug|Any CPU
		{6F9AE5DD-E526-4F41-A863-9287E3D548C6}.Debug|x64.Build.0 = Debug|Any CPU
		{6F9AE5DD-E526-4F41-A863-9287E3D548C6}.Debug|x86.ActiveCfg = Debug|Any CPU
		{6F9AE5DD-E526-4F41-A863-9287E3D548C6}.Debug|x86.Build.0 = Debug|Any CPU
		{6F9AE5DD-E526-4F41-A863-9287E3D548C6}.Release|Any CPU.ActiveCfg = Release|Any CPU
		{6F9AE5DD-E526-4F41-A863-9287E3D548C6}.Release|Any CPU.Build.0 = Release|Any CPU
		{6F9AE5DD-E526-4F41-A863-9287E3D548C6}.Release|ARM.ActiveCfg = Release|Any CPU
		{6F9AE5DD-E526-4F41-A863-9287E3D548C6}.Release|ARM.Build.0 = Release|Any CPU
		{6F9AE5DD-E526-4F41-A863-9287E3D548C6}.Release|iPhone.ActiveCfg = Release|Any CPU
		{6F9AE5DD-E526-4F41-A863-9287E3D548C6}.Release|iPhone.Build.0 = Release|Any CPU
		{6F9AE5DD-E526-4F41-A863-9287E3D548C6}.Release|iPhoneSimulator.ActiveCfg = Release|Any CPU
		{6F9AE5DD-E526-4F41-A863-9287E3D548C6}.Release|iPhoneSimulator.Build.0 = Release|Any CPU
		{6F9AE5DD-E526-4F41-A863-9287E3D548C6}.Release|x64.ActiveCfg = Release|Any CPU
		{6F9AE5DD-E526-4F41-A863-9287E3D548C6}.Release|x64.Build.0 = Release|Any CPU
		{6F9AE5DD-E526-4F41-A863-9287E3D548C6}.Release|x86.ActiveCfg = Release|Any CPU
		{6F9AE5DD-E526-4F41-A863-9287E3D548C6}.Release|x86.Build.0 = Release|Any CPU
		{0BF48C8B-B153-4052-9663-702F4F1CDD26}.Debug|Any CPU.ActiveCfg = Debug|Any CPU
		{0BF48C8B-B153-4052-9663-702F4F1CDD26}.Debug|Any CPU.Build.0 = Debug|Any CPU
		{0BF48C8B-B153-4052-9663-702F4F1CDD26}.Debug|ARM.ActiveCfg = Debug|Any CPU
		{0BF48C8B-B153-4052-9663-702F4F1CDD26}.Debug|ARM.Build.0 = Debug|Any CPU
		{0BF48C8B-B153-4052-9663-702F4F1CDD26}.Debug|iPhone.ActiveCfg = Debug|Any CPU
		{0BF48C8B-B153-4052-9663-702F4F1CDD26}.Debug|iPhone.Build.0 = Debug|Any CPU
		{0BF48C8B-B153-4052-9663-702F4F1CDD26}.Debug|iPhoneSimulator.ActiveCfg = Debug|Any CPU
		{0BF48C8B-B153-4052-9663-702F4F1CDD26}.Debug|iPhoneSimulator.Build.0 = Debug|Any CPU
		{0BF48C8B-B153-4052-9663-702F4F1CDD26}.Debug|x64.ActiveCfg = Debug|Any CPU
		{0BF48C8B-B153-4052-9663-702F4F1CDD26}.Debug|x64.Build.0 = Debug|Any CPU
		{0BF48C8B-B153-4052-9663-702F4F1CDD26}.Debug|x86.ActiveCfg = Debug|Any CPU
		{0BF48C8B-B153-4052-9663-702F4F1CDD26}.Debug|x86.Build.0 = Debug|Any CPU
		{0BF48C8B-B153-4052-9663-702F4F1CDD26}.Release|Any CPU.ActiveCfg = Release|Any CPU
		{0BF48C8B-B153-4052-9663-702F4F1CDD26}.Release|Any CPU.Build.0 = Release|Any CPU
		{0BF48C8B-B153-4052-9663-702F4F1CDD26}.Release|ARM.ActiveCfg = Release|Any CPU
		{0BF48C8B-B153-4052-9663-702F4F1CDD26}.Release|ARM.Build.0 = Release|Any CPU
		{0BF48C8B-B153-4052-9663-702F4F1CDD26}.Release|iPhone.ActiveCfg = Release|Any CPU
		{0BF48C8B-B153-4052-9663-702F4F1CDD26}.Release|iPhone.Build.0 = Release|Any CPU
		{0BF48C8B-B153-4052-9663-702F4F1CDD26}.Release|iPhoneSimulator.ActiveCfg = Release|Any CPU
		{0BF48C8B-B153-4052-9663-702F4F1CDD26}.Release|iPhoneSimulator.Build.0 = Release|Any CPU
		{0BF48C8B-B153-4052-9663-702F4F1CDD26}.Release|x64.ActiveCfg = Release|Any CPU
		{0BF48C8B-B153-4052-9663-702F4F1CDD26}.Release|x64.Build.0 = Release|Any CPU
		{0BF48C8B-B153-4052-9663-702F4F1CDD26}.Release|x86.ActiveCfg = Release|Any CPU
		{0BF48C8B-B153-4052-9663-702F4F1CDD26}.Release|x86.Build.0 = Release|Any CPU
		{8A8A9A18-AC15-4E3B-9A1C-0574FCF7DCCC}.Debug|Any CPU.ActiveCfg = Debug|Any CPU
		{8A8A9A18-AC15-4E3B-9A1C-0574FCF7DCCC}.Debug|Any CPU.Build.0 = Debug|Any CPU
		{8A8A9A18-AC15-4E3B-9A1C-0574FCF7DCCC}.Debug|ARM.ActiveCfg = Debug|Any CPU
		{8A8A9A18-AC15-4E3B-9A1C-0574FCF7DCCC}.Debug|ARM.Build.0 = Debug|Any CPU
		{8A8A9A18-AC15-4E3B-9A1C-0574FCF7DCCC}.Debug|iPhone.ActiveCfg = Debug|Any CPU
		{8A8A9A18-AC15-4E3B-9A1C-0574FCF7DCCC}.Debug|iPhone.Build.0 = Debug|Any CPU
		{8A8A9A18-AC15-4E3B-9A1C-0574FCF7DCCC}.Debug|iPhoneSimulator.ActiveCfg = Debug|Any CPU
		{8A8A9A18-AC15-4E3B-9A1C-0574FCF7DCCC}.Debug|iPhoneSimulator.Build.0 = Debug|Any CPU
		{8A8A9A18-AC15-4E3B-9A1C-0574FCF7DCCC}.Debug|x64.ActiveCfg = Debug|Any CPU
		{8A8A9A18-AC15-4E3B-9A1C-0574FCF7DCCC}.Debug|x64.Build.0 = Debug|Any CPU
		{8A8A9A18-AC15-4E3B-9A1C-0574FCF7DCCC}.Debug|x86.ActiveCfg = Debug|Any CPU
		{8A8A9A18-AC15-4E3B-9A1C-0574FCF7DCCC}.Debug|x86.Build.0 = Debug|Any CPU
		{8A8A9A18-AC15-4E3B-9A1C-0574FCF7DCCC}.Release|Any CPU.ActiveCfg = Release|Any CPU
		{8A8A9A18-AC15-4E3B-9A1C-0574FCF7DCCC}.Release|Any CPU.Build.0 = Release|Any CPU
		{8A8A9A18-AC15-4E3B-9A1C-0574FCF7DCCC}.Release|ARM.ActiveCfg = Release|Any CPU
		{8A8A9A18-AC15-4E3B-9A1C-0574FCF7DCCC}.Release|ARM.Build.0 = Release|Any CPU
		{8A8A9A18-AC15-4E3B-9A1C-0574FCF7DCCC}.Release|iPhone.ActiveCfg = Release|Any CPU
		{8A8A9A18-AC15-4E3B-9A1C-0574FCF7DCCC}.Release|iPhone.Build.0 = Release|Any CPU
		{8A8A9A18-AC15-4E3B-9A1C-0574FCF7DCCC}.Release|iPhoneSimulator.ActiveCfg = Release|Any CPU
		{8A8A9A18-AC15-4E3B-9A1C-0574FCF7DCCC}.Release|iPhoneSimulator.Build.0 = Release|Any CPU
		{8A8A9A18-AC15-4E3B-9A1C-0574FCF7DCCC}.Release|x64.ActiveCfg = Release|Any CPU
		{8A8A9A18-AC15-4E3B-9A1C-0574FCF7DCCC}.Release|x64.Build.0 = Release|Any CPU
		{8A8A9A18-AC15-4E3B-9A1C-0574FCF7DCCC}.Release|x86.ActiveCfg = Release|Any CPU
		{8A8A9A18-AC15-4E3B-9A1C-0574FCF7DCCC}.Release|x86.Build.0 = Release|Any CPU
		{3B074F0F-B2F8-4D36-8B92-C88653705B6B}.Debug|Any CPU.ActiveCfg = Debug|Any CPU
		{3B074F0F-B2F8-4D36-8B92-C88653705B6B}.Debug|Any CPU.Build.0 = Debug|Any CPU
		{3B074F0F-B2F8-4D36-8B92-C88653705B6B}.Debug|ARM.ActiveCfg = Debug|Any CPU
		{3B074F0F-B2F8-4D36-8B92-C88653705B6B}.Debug|ARM.Build.0 = Debug|Any CPU
		{3B074F0F-B2F8-4D36-8B92-C88653705B6B}.Debug|iPhone.ActiveCfg = Debug|Any CPU
		{3B074F0F-B2F8-4D36-8B92-C88653705B6B}.Debug|iPhone.Build.0 = Debug|Any CPU
		{3B074F0F-B2F8-4D36-8B92-C88653705B6B}.Debug|iPhoneSimulator.ActiveCfg = Debug|Any CPU
		{3B074F0F-B2F8-4D36-8B92-C88653705B6B}.Debug|iPhoneSimulator.Build.0 = Debug|Any CPU
		{3B074F0F-B2F8-4D36-8B92-C88653705B6B}.Debug|x64.ActiveCfg = Debug|Any CPU
		{3B074F0F-B2F8-4D36-8B92-C88653705B6B}.Debug|x64.Build.0 = Debug|Any CPU
		{3B074F0F-B2F8-4D36-8B92-C88653705B6B}.Debug|x86.ActiveCfg = Debug|Any CPU
		{3B074F0F-B2F8-4D36-8B92-C88653705B6B}.Debug|x86.Build.0 = Debug|Any CPU
		{3B074F0F-B2F8-4D36-8B92-C88653705B6B}.Release|Any CPU.ActiveCfg = Release|Any CPU
		{3B074F0F-B2F8-4D36-8B92-C88653705B6B}.Release|Any CPU.Build.0 = Release|Any CPU
		{3B074F0F-B2F8-4D36-8B92-C88653705B6B}.Release|ARM.ActiveCfg = Release|Any CPU
		{3B074F0F-B2F8-4D36-8B92-C88653705B6B}.Release|ARM.Build.0 = Release|Any CPU
		{3B074F0F-B2F8-4D36-8B92-C88653705B6B}.Release|iPhone.ActiveCfg = Release|Any CPU
		{3B074F0F-B2F8-4D36-8B92-C88653705B6B}.Release|iPhone.Build.0 = Release|Any CPU
		{3B074F0F-B2F8-4D36-8B92-C88653705B6B}.Release|iPhoneSimulator.ActiveCfg = Release|Any CPU
		{3B074F0F-B2F8-4D36-8B92-C88653705B6B}.Release|iPhoneSimulator.Build.0 = Release|Any CPU
		{3B074F0F-B2F8-4D36-8B92-C88653705B6B}.Release|x64.ActiveCfg = Release|Any CPU
		{3B074F0F-B2F8-4D36-8B92-C88653705B6B}.Release|x64.Build.0 = Release|Any CPU
		{3B074F0F-B2F8-4D36-8B92-C88653705B6B}.Release|x86.ActiveCfg = Release|Any CPU
		{3B074F0F-B2F8-4D36-8B92-C88653705B6B}.Release|x86.Build.0 = Release|Any CPU
		{825124C9-EDC6-49D5-A97A-98FEEA23A611}.Debug|Any CPU.ActiveCfg = Debug|Any CPU
		{825124C9-EDC6-49D5-A97A-98FEEA23A611}.Debug|Any CPU.Build.0 = Debug|Any CPU
		{825124C9-EDC6-49D5-A97A-98FEEA23A611}.Debug|ARM.ActiveCfg = Debug|Any CPU
		{825124C9-EDC6-49D5-A97A-98FEEA23A611}.Debug|ARM.Build.0 = Debug|Any CPU
		{825124C9-EDC6-49D5-A97A-98FEEA23A611}.Debug|iPhone.ActiveCfg = Debug|Any CPU
		{825124C9-EDC6-49D5-A97A-98FEEA23A611}.Debug|iPhone.Build.0 = Debug|Any CPU
		{825124C9-EDC6-49D5-A97A-98FEEA23A611}.Debug|iPhoneSimulator.ActiveCfg = Debug|Any CPU
		{825124C9-EDC6-49D5-A97A-98FEEA23A611}.Debug|iPhoneSimulator.Build.0 = Debug|Any CPU
		{825124C9-EDC6-49D5-A97A-98FEEA23A611}.Debug|x64.ActiveCfg = Debug|Any CPU
		{825124C9-EDC6-49D5-A97A-98FEEA23A611}.Debug|x64.Build.0 = Debug|Any CPU
		{825124C9-EDC6-49D5-A97A-98FEEA23A611}.Debug|x86.ActiveCfg = Debug|Any CPU
		{825124C9-EDC6-49D5-A97A-98FEEA23A611}.Debug|x86.Build.0 = Debug|Any CPU
		{825124C9-EDC6-49D5-A97A-98FEEA23A611}.Release|Any CPU.ActiveCfg = Release|Any CPU
		{825124C9-EDC6-49D5-A97A-98FEEA23A611}.Release|Any CPU.Build.0 = Release|Any CPU
		{825124C9-EDC6-49D5-A97A-98FEEA23A611}.Release|ARM.ActiveCfg = Release|Any CPU
		{825124C9-EDC6-49D5-A97A-98FEEA23A611}.Release|ARM.Build.0 = Release|Any CPU
		{825124C9-EDC6-49D5-A97A-98FEEA23A611}.Release|iPhone.ActiveCfg = Release|Any CPU
		{825124C9-EDC6-49D5-A97A-98FEEA23A611}.Release|iPhone.Build.0 = Release|Any CPU
		{825124C9-EDC6-49D5-A97A-98FEEA23A611}.Release|iPhoneSimulator.ActiveCfg = Release|Any CPU
		{825124C9-EDC6-49D5-A97A-98FEEA23A611}.Release|iPhoneSimulator.Build.0 = Release|Any CPU
		{825124C9-EDC6-49D5-A97A-98FEEA23A611}.Release|x64.ActiveCfg = Release|Any CPU
		{825124C9-EDC6-49D5-A97A-98FEEA23A611}.Release|x64.Build.0 = Release|Any CPU
		{825124C9-EDC6-49D5-A97A-98FEEA23A611}.Release|x86.ActiveCfg = Release|Any CPU
		{825124C9-EDC6-49D5-A97A-98FEEA23A611}.Release|x86.Build.0 = Release|Any CPU
		{6625EE15-F4B1-437A-9247-2460E46939DB}.Debug|Any CPU.ActiveCfg = Debug|Any CPU
		{6625EE15-F4B1-437A-9247-2460E46939DB}.Debug|Any CPU.Build.0 = Debug|Any CPU
		{6625EE15-F4B1-437A-9247-2460E46939DB}.Debug|ARM.ActiveCfg = Debug|Any CPU
		{6625EE15-F4B1-437A-9247-2460E46939DB}.Debug|ARM.Build.0 = Debug|Any CPU
		{6625EE15-F4B1-437A-9247-2460E46939DB}.Debug|iPhone.ActiveCfg = Debug|Any CPU
		{6625EE15-F4B1-437A-9247-2460E46939DB}.Debug|iPhone.Build.0 = Debug|Any CPU
		{6625EE15-F4B1-437A-9247-2460E46939DB}.Debug|iPhoneSimulator.ActiveCfg = Debug|Any CPU
		{6625EE15-F4B1-437A-9247-2460E46939DB}.Debug|iPhoneSimulator.Build.0 = Debug|Any CPU
		{6625EE15-F4B1-437A-9247-2460E46939DB}.Debug|x64.ActiveCfg = Debug|Any CPU
		{6625EE15-F4B1-437A-9247-2460E46939DB}.Debug|x64.Build.0 = Debug|Any CPU
		{6625EE15-F4B1-437A-9247-2460E46939DB}.Debug|x86.ActiveCfg = Debug|Any CPU
		{6625EE15-F4B1-437A-9247-2460E46939DB}.Debug|x86.Build.0 = Debug|Any CPU
		{6625EE15-F4B1-437A-9247-2460E46939DB}.Release|Any CPU.ActiveCfg = Release|Any CPU
		{6625EE15-F4B1-437A-9247-2460E46939DB}.Release|Any CPU.Build.0 = Release|Any CPU
		{6625EE15-F4B1-437A-9247-2460E46939DB}.Release|ARM.ActiveCfg = Release|Any CPU
		{6625EE15-F4B1-437A-9247-2460E46939DB}.Release|ARM.Build.0 = Release|Any CPU
		{6625EE15-F4B1-437A-9247-2460E46939DB}.Release|iPhone.ActiveCfg = Release|Any CPU
		{6625EE15-F4B1-437A-9247-2460E46939DB}.Release|iPhone.Build.0 = Release|Any CPU
		{6625EE15-F4B1-437A-9247-2460E46939DB}.Release|iPhoneSimulator.ActiveCfg = Release|Any CPU
		{6625EE15-F4B1-437A-9247-2460E46939DB}.Release|iPhoneSimulator.Build.0 = Release|Any CPU
		{6625EE15-F4B1-437A-9247-2460E46939DB}.Release|x64.ActiveCfg = Release|Any CPU
		{6625EE15-F4B1-437A-9247-2460E46939DB}.Release|x64.Build.0 = Release|Any CPU
		{6625EE15-F4B1-437A-9247-2460E46939DB}.Release|x86.ActiveCfg = Release|Any CPU
		{6625EE15-F4B1-437A-9247-2460E46939DB}.Release|x86.Build.0 = Release|Any CPU
		{B6CF5BA6-B7C1-413E-A023-418255ED1DEE}.Debug|Any CPU.ActiveCfg = Debug|Any CPU
		{B6CF5BA6-B7C1-413E-A023-418255ED1DEE}.Debug|Any CPU.Build.0 = Debug|Any CPU
		{B6CF5BA6-B7C1-413E-A023-418255ED1DEE}.Debug|ARM.ActiveCfg = Debug|Any CPU
		{B6CF5BA6-B7C1-413E-A023-418255ED1DEE}.Debug|ARM.Build.0 = Debug|Any CPU
		{B6CF5BA6-B7C1-413E-A023-418255ED1DEE}.Debug|iPhone.ActiveCfg = Debug|Any CPU
		{B6CF5BA6-B7C1-413E-A023-418255ED1DEE}.Debug|iPhone.Build.0 = Debug|Any CPU
		{B6CF5BA6-B7C1-413E-A023-418255ED1DEE}.Debug|iPhoneSimulator.ActiveCfg = Debug|Any CPU
		{B6CF5BA6-B7C1-413E-A023-418255ED1DEE}.Debug|iPhoneSimulator.Build.0 = Debug|Any CPU
		{B6CF5BA6-B7C1-413E-A023-418255ED1DEE}.Debug|x64.ActiveCfg = Debug|Any CPU
		{B6CF5BA6-B7C1-413E-A023-418255ED1DEE}.Debug|x64.Build.0 = Debug|Any CPU
		{B6CF5BA6-B7C1-413E-A023-418255ED1DEE}.Debug|x86.ActiveCfg = Debug|Any CPU
		{B6CF5BA6-B7C1-413E-A023-418255ED1DEE}.Debug|x86.Build.0 = Debug|Any CPU
		{B6CF5BA6-B7C1-413E-A023-418255ED1DEE}.Release|Any CPU.ActiveCfg = Release|Any CPU
		{B6CF5BA6-B7C1-413E-A023-418255ED1DEE}.Release|Any CPU.Build.0 = Release|Any CPU
		{B6CF5BA6-B7C1-413E-A023-418255ED1DEE}.Release|ARM.ActiveCfg = Release|Any CPU
		{B6CF5BA6-B7C1-413E-A023-418255ED1DEE}.Release|ARM.Build.0 = Release|Any CPU
		{B6CF5BA6-B7C1-413E-A023-418255ED1DEE}.Release|iPhone.ActiveCfg = Release|Any CPU
		{B6CF5BA6-B7C1-413E-A023-418255ED1DEE}.Release|iPhone.Build.0 = Release|Any CPU
		{B6CF5BA6-B7C1-413E-A023-418255ED1DEE}.Release|iPhoneSimulator.ActiveCfg = Release|Any CPU
		{B6CF5BA6-B7C1-413E-A023-418255ED1DEE}.Release|iPhoneSimulator.Build.0 = Release|Any CPU
		{B6CF5BA6-B7C1-413E-A023-418255ED1DEE}.Release|x64.ActiveCfg = Release|Any CPU
		{B6CF5BA6-B7C1-413E-A023-418255ED1DEE}.Release|x64.Build.0 = Release|Any CPU
		{B6CF5BA6-B7C1-413E-A023-418255ED1DEE}.Release|x86.ActiveCfg = Release|Any CPU
		{B6CF5BA6-B7C1-413E-A023-418255ED1DEE}.Release|x86.Build.0 = Release|Any CPU
		{4A8EB7E5-3622-4DB5-8F60-FD347DAD4232}.Debug|Any CPU.ActiveCfg = Debug|Any CPU
		{4A8EB7E5-3622-4DB5-8F60-FD347DAD4232}.Debug|Any CPU.Build.0 = Debug|Any CPU
		{4A8EB7E5-3622-4DB5-8F60-FD347DAD4232}.Debug|ARM.ActiveCfg = Debug|Any CPU
		{4A8EB7E5-3622-4DB5-8F60-FD347DAD4232}.Debug|ARM.Build.0 = Debug|Any CPU
		{4A8EB7E5-3622-4DB5-8F60-FD347DAD4232}.Debug|iPhone.ActiveCfg = Debug|Any CPU
		{4A8EB7E5-3622-4DB5-8F60-FD347DAD4232}.Debug|iPhone.Build.0 = Debug|Any CPU
		{4A8EB7E5-3622-4DB5-8F60-FD347DAD4232}.Debug|iPhoneSimulator.ActiveCfg = Debug|Any CPU
		{4A8EB7E5-3622-4DB5-8F60-FD347DAD4232}.Debug|iPhoneSimulator.Build.0 = Debug|Any CPU
		{4A8EB7E5-3622-4DB5-8F60-FD347DAD4232}.Debug|x64.ActiveCfg = Debug|Any CPU
		{4A8EB7E5-3622-4DB5-8F60-FD347DAD4232}.Debug|x64.Build.0 = Debug|Any CPU
		{4A8EB7E5-3622-4DB5-8F60-FD347DAD4232}.Debug|x86.ActiveCfg = Debug|Any CPU
		{4A8EB7E5-3622-4DB5-8F60-FD347DAD4232}.Debug|x86.Build.0 = Debug|Any CPU
		{4A8EB7E5-3622-4DB5-8F60-FD347DAD4232}.Release|Any CPU.ActiveCfg = Release|Any CPU
		{4A8EB7E5-3622-4DB5-8F60-FD347DAD4232}.Release|Any CPU.Build.0 = Release|Any CPU
		{4A8EB7E5-3622-4DB5-8F60-FD347DAD4232}.Release|ARM.ActiveCfg = Release|Any CPU
		{4A8EB7E5-3622-4DB5-8F60-FD347DAD4232}.Release|ARM.Build.0 = Release|Any CPU
		{4A8EB7E5-3622-4DB5-8F60-FD347DAD4232}.Release|iPhone.ActiveCfg = Release|Any CPU
		{4A8EB7E5-3622-4DB5-8F60-FD347DAD4232}.Release|iPhone.Build.0 = Release|Any CPU
		{4A8EB7E5-3622-4DB5-8F60-FD347DAD4232}.Release|iPhoneSimulator.ActiveCfg = Release|Any CPU
		{4A8EB7E5-3622-4DB5-8F60-FD347DAD4232}.Release|iPhoneSimulator.Build.0 = Release|Any CPU
		{4A8EB7E5-3622-4DB5-8F60-FD347DAD4232}.Release|x64.ActiveCfg = Release|Any CPU
		{4A8EB7E5-3622-4DB5-8F60-FD347DAD4232}.Release|x64.Build.0 = Release|Any CPU
		{4A8EB7E5-3622-4DB5-8F60-FD347DAD4232}.Release|x86.ActiveCfg = Release|Any CPU
		{4A8EB7E5-3622-4DB5-8F60-FD347DAD4232}.Release|x86.Build.0 = Release|Any CPU
		{C23C68E5-66BE-4E42-9184-D49A5C8326B8}.Debug|Any CPU.ActiveCfg = Debug|Any CPU
		{C23C68E5-66BE-4E42-9184-D49A5C8326B8}.Debug|Any CPU.Build.0 = Debug|Any CPU
		{C23C68E5-66BE-4E42-9184-D49A5C8326B8}.Debug|ARM.ActiveCfg = Debug|Any CPU
		{C23C68E5-66BE-4E42-9184-D49A5C8326B8}.Debug|ARM.Build.0 = Debug|Any CPU
		{C23C68E5-66BE-4E42-9184-D49A5C8326B8}.Debug|iPhone.ActiveCfg = Debug|Any CPU
		{C23C68E5-66BE-4E42-9184-D49A5C8326B8}.Debug|iPhone.Build.0 = Debug|Any CPU
		{C23C68E5-66BE-4E42-9184-D49A5C8326B8}.Debug|iPhoneSimulator.ActiveCfg = Debug|Any CPU
		{C23C68E5-66BE-4E42-9184-D49A5C8326B8}.Debug|iPhoneSimulator.Build.0 = Debug|Any CPU
		{C23C68E5-66BE-4E42-9184-D49A5C8326B8}.Debug|x64.ActiveCfg = Debug|Any CPU
		{C23C68E5-66BE-4E42-9184-D49A5C8326B8}.Debug|x64.Build.0 = Debug|Any CPU
		{C23C68E5-66BE-4E42-9184-D49A5C8326B8}.Debug|x86.ActiveCfg = Debug|Any CPU
		{C23C68E5-66BE-4E42-9184-D49A5C8326B8}.Debug|x86.Build.0 = Debug|Any CPU
		{C23C68E5-66BE-4E42-9184-D49A5C8326B8}.Release|Any CPU.ActiveCfg = Release|Any CPU
		{C23C68E5-66BE-4E42-9184-D49A5C8326B8}.Release|Any CPU.Build.0 = Release|Any CPU
		{C23C68E5-66BE-4E42-9184-D49A5C8326B8}.Release|ARM.ActiveCfg = Release|Any CPU
		{C23C68E5-66BE-4E42-9184-D49A5C8326B8}.Release|ARM.Build.0 = Release|Any CPU
		{C23C68E5-66BE-4E42-9184-D49A5C8326B8}.Release|iPhone.ActiveCfg = Release|Any CPU
		{C23C68E5-66BE-4E42-9184-D49A5C8326B8}.Release|iPhone.Build.0 = Release|Any CPU
		{C23C68E5-66BE-4E42-9184-D49A5C8326B8}.Release|iPhoneSimulator.ActiveCfg = Release|Any CPU
		{C23C68E5-66BE-4E42-9184-D49A5C8326B8}.Release|iPhoneSimulator.Build.0 = Release|Any CPU
		{C23C68E5-66BE-4E42-9184-D49A5C8326B8}.Release|x64.ActiveCfg = Release|Any CPU
		{C23C68E5-66BE-4E42-9184-D49A5C8326B8}.Release|x64.Build.0 = Release|Any CPU
		{C23C68E5-66BE-4E42-9184-D49A5C8326B8}.Release|x86.ActiveCfg = Release|Any CPU
		{C23C68E5-66BE-4E42-9184-D49A5C8326B8}.Release|x86.Build.0 = Release|Any CPU
		{96D0729B-0E25-44AA-A8FB-9CC1E300EA79}.Debug|Any CPU.ActiveCfg = Debug|Any CPU
		{96D0729B-0E25-44AA-A8FB-9CC1E300EA79}.Debug|Any CPU.Build.0 = Debug|Any CPU
		{96D0729B-0E25-44AA-A8FB-9CC1E300EA79}.Debug|ARM.ActiveCfg = Debug|Any CPU
		{96D0729B-0E25-44AA-A8FB-9CC1E300EA79}.Debug|ARM.Build.0 = Debug|Any CPU
		{96D0729B-0E25-44AA-A8FB-9CC1E300EA79}.Debug|iPhone.ActiveCfg = Debug|Any CPU
		{96D0729B-0E25-44AA-A8FB-9CC1E300EA79}.Debug|iPhone.Build.0 = Debug|Any CPU
		{96D0729B-0E25-44AA-A8FB-9CC1E300EA79}.Debug|iPhoneSimulator.ActiveCfg = Debug|Any CPU
		{96D0729B-0E25-44AA-A8FB-9CC1E300EA79}.Debug|iPhoneSimulator.Build.0 = Debug|Any CPU
		{96D0729B-0E25-44AA-A8FB-9CC1E300EA79}.Debug|x64.ActiveCfg = Debug|Any CPU
		{96D0729B-0E25-44AA-A8FB-9CC1E300EA79}.Debug|x64.Build.0 = Debug|Any CPU
		{96D0729B-0E25-44AA-A8FB-9CC1E300EA79}.Debug|x86.ActiveCfg = Debug|Any CPU
		{96D0729B-0E25-44AA-A8FB-9CC1E300EA79}.Debug|x86.Build.0 = Debug|Any CPU
		{96D0729B-0E25-44AA-A8FB-9CC1E300EA79}.Release|Any CPU.ActiveCfg = Release|Any CPU
		{96D0729B-0E25-44AA-A8FB-9CC1E300EA79}.Release|Any CPU.Build.0 = Release|Any CPU
		{96D0729B-0E25-44AA-A8FB-9CC1E300EA79}.Release|ARM.ActiveCfg = Release|Any CPU
		{96D0729B-0E25-44AA-A8FB-9CC1E300EA79}.Release|ARM.Build.0 = Release|Any CPU
		{96D0729B-0E25-44AA-A8FB-9CC1E300EA79}.Release|iPhone.ActiveCfg = Release|Any CPU
		{96D0729B-0E25-44AA-A8FB-9CC1E300EA79}.Release|iPhone.Build.0 = Release|Any CPU
		{96D0729B-0E25-44AA-A8FB-9CC1E300EA79}.Release|iPhoneSimulator.ActiveCfg = Release|Any CPU
		{96D0729B-0E25-44AA-A8FB-9CC1E300EA79}.Release|iPhoneSimulator.Build.0 = Release|Any CPU
		{96D0729B-0E25-44AA-A8FB-9CC1E300EA79}.Release|x64.ActiveCfg = Release|Any CPU
		{96D0729B-0E25-44AA-A8FB-9CC1E300EA79}.Release|x64.Build.0 = Release|Any CPU
		{96D0729B-0E25-44AA-A8FB-9CC1E300EA79}.Release|x86.ActiveCfg = Release|Any CPU
		{96D0729B-0E25-44AA-A8FB-9CC1E300EA79}.Release|x86.Build.0 = Release|Any CPU
		{AB0BB597-E235-49AF-955D-B9919FDCA23C}.Debug|Any CPU.ActiveCfg = Debug|Any CPU
		{AB0BB597-E235-49AF-955D-B9919FDCA23C}.Debug|Any CPU.Build.0 = Debug|Any CPU
		{AB0BB597-E235-49AF-955D-B9919FDCA23C}.Debug|ARM.ActiveCfg = Debug|Any CPU
		{AB0BB597-E235-49AF-955D-B9919FDCA23C}.Debug|ARM.Build.0 = Debug|Any CPU
		{AB0BB597-E235-49AF-955D-B9919FDCA23C}.Debug|iPhone.ActiveCfg = Debug|Any CPU
		{AB0BB597-E235-49AF-955D-B9919FDCA23C}.Debug|iPhone.Build.0 = Debug|Any CPU
		{AB0BB597-E235-49AF-955D-B9919FDCA23C}.Debug|iPhoneSimulator.ActiveCfg = Debug|Any CPU
		{AB0BB597-E235-49AF-955D-B9919FDCA23C}.Debug|iPhoneSimulator.Build.0 = Debug|Any CPU
		{AB0BB597-E235-49AF-955D-B9919FDCA23C}.Debug|x64.ActiveCfg = Debug|Any CPU
		{AB0BB597-E235-49AF-955D-B9919FDCA23C}.Debug|x64.Build.0 = Debug|Any CPU
		{AB0BB597-E235-49AF-955D-B9919FDCA23C}.Debug|x86.ActiveCfg = Debug|Any CPU
		{AB0BB597-E235-49AF-955D-B9919FDCA23C}.Debug|x86.Build.0 = Debug|Any CPU
		{AB0BB597-E235-49AF-955D-B9919FDCA23C}.Release|Any CPU.ActiveCfg = Release|Any CPU
		{AB0BB597-E235-49AF-955D-B9919FDCA23C}.Release|Any CPU.Build.0 = Release|Any CPU
		{AB0BB597-E235-49AF-955D-B9919FDCA23C}.Release|ARM.ActiveCfg = Release|Any CPU
		{AB0BB597-E235-49AF-955D-B9919FDCA23C}.Release|ARM.Build.0 = Release|Any CPU
		{AB0BB597-E235-49AF-955D-B9919FDCA23C}.Release|iPhone.ActiveCfg = Release|Any CPU
		{AB0BB597-E235-49AF-955D-B9919FDCA23C}.Release|iPhone.Build.0 = Release|Any CPU
		{AB0BB597-E235-49AF-955D-B9919FDCA23C}.Release|iPhoneSimulator.ActiveCfg = Release|Any CPU
		{AB0BB597-E235-49AF-955D-B9919FDCA23C}.Release|iPhoneSimulator.Build.0 = Release|Any CPU
		{AB0BB597-E235-49AF-955D-B9919FDCA23C}.Release|x64.ActiveCfg = Release|Any CPU
		{AB0BB597-E235-49AF-955D-B9919FDCA23C}.Release|x64.Build.0 = Release|Any CPU
		{AB0BB597-E235-49AF-955D-B9919FDCA23C}.Release|x86.ActiveCfg = Release|Any CPU
		{AB0BB597-E235-49AF-955D-B9919FDCA23C}.Release|x86.Build.0 = Release|Any CPU
	EndGlobalSection
	GlobalSection(SolutionProperties) = preSolution
		HideSolutionNode = FALSE
	EndGlobalSection
	GlobalSection(NestedProjects) = preSolution
		{4A8B7B77-F7AE-4155-9E9C-253AFD6E0C3A} = {3F20BAC4-141B-49AD-9F98-8F797A40CE5E}
		{8C69EA54-A853-4A68-A9A9-34736524BD1F} = {3F20BAC4-141B-49AD-9F98-8F797A40CE5E}
		{C1185EBC-C2A4-4223-9EA9-A0E400B0E308} = {DFDEA11F-C1A3-45BA-A034-C5A501905758}
		{8258F002-0F2F-43F7-A9FA-DD1E4171D3A9} = {C1185EBC-C2A4-4223-9EA9-A0E400B0E308}
		{C207BFD0-D1EB-4F82-AF7A-120A862AFE1C} = {C1185EBC-C2A4-4223-9EA9-A0E400B0E308}
		{EBCBAB94-6012-4FEA-98E1-F5FC29B24342} = {C1185EBC-C2A4-4223-9EA9-A0E400B0E308}
		{62940DF5-4505-40D1-BFD1-D49768AE7662} = {DFDEA11F-C1A3-45BA-A034-C5A501905758}
		{782F1C59-5C1A-401F-9CA5-89EDD80E37D9} = {62940DF5-4505-40D1-BFD1-D49768AE7662}
		{43AF29D3-621C-4BAA-BE1D-9EB32E2655AF} = {C1185EBC-C2A4-4223-9EA9-A0E400B0E308}
		{9EE1507D-C6EA-4D3D-88F6-E355611BF00C} = {62940DF5-4505-40D1-BFD1-D49768AE7662}
		{6AE11625-9920-4D7A-B1C2-3EA184AE50F4} = {62940DF5-4505-40D1-BFD1-D49768AE7662}
		{6F9AE5DD-E526-4F41-A863-9287E3D548C6} = {62940DF5-4505-40D1-BFD1-D49768AE7662}
		{0BF48C8B-B153-4052-9663-702F4F1CDD26} = {62940DF5-4505-40D1-BFD1-D49768AE7662}
		{8A8A9A18-AC15-4E3B-9A1C-0574FCF7DCCC} = {62940DF5-4505-40D1-BFD1-D49768AE7662}
		{3B074F0F-B2F8-4D36-8B92-C88653705B6B} = {62940DF5-4505-40D1-BFD1-D49768AE7662}
		{825124C9-EDC6-49D5-A97A-98FEEA23A611} = {39A37DFE-D158-4C93-B128-7CB98A1D98FB}
		{BAA06ECF-995E-4FDE-851E-1744454DE4D4} = {B103B48F-8100-4DD6-A00C-3CFFBA6A31BD}
		{10B15083-017A-4F8A-9F45-A8BCBD43877B} = {BAA06ECF-995E-4FDE-851E-1744454DE4D4}
		{6625EE15-F4B1-437A-9247-2460E46939DB} = {BAA06ECF-995E-4FDE-851E-1744454DE4D4}
		{B6CF5BA6-B7C1-413E-A023-418255ED1DEE} = {BAA06ECF-995E-4FDE-851E-1744454DE4D4}
		{4A8EB7E5-3622-4DB5-8F60-FD347DAD4232} = {10B15083-017A-4F8A-9F45-A8BCBD43877B}
		{C23C68E5-66BE-4E42-9184-D49A5C8326B8} = {10B15083-017A-4F8A-9F45-A8BCBD43877B}
		{96D0729B-0E25-44AA-A8FB-9CC1E300EA79} = {10B15083-017A-4F8A-9F45-A8BCBD43877B}
		{DFDEA11F-C1A3-45BA-A034-C5A501905758} = {B103B48F-8100-4DD6-A00C-3CFFBA6A31BD}
		{7B628DE7-0B29-432A-87A2-AB812D610A5A} = {B103B48F-8100-4DD6-A00C-3CFFBA6A31BD}
		{AB0BB597-E235-49AF-955D-B9919FDCA23C} = {7B628DE7-0B29-432A-87A2-AB812D610A5A}
	EndGlobalSection
	GlobalSection(ExtensibilityGlobals) = postSolution
		SolutionGuid = {32217C45-3DBC-48F5-9517-D14CFF7F3504}
	EndGlobalSection
EndGlobal
