Microsoft Visual Studio Solution File, Format Version 12.00
# Visual Studio 15
VisualStudioVersion = 15.0.26430.6
MinimumVisualStudioVersion = 10.0.40219.1
Project("{2150E333-8FDC-42A3-9474-1A3956D46DE8}") = "Solution Items", "Solution Items", "{BA98DDC5-364F-479B-A252-F44635D1B701}"
	ProjectSection(SolutionItems) = preProject
		.appveyor.yml = .appveyor.yml
		README.md = README.md
		TumblrSharp.nuspec = TumblrSharp.nuspec
		TumblrSharp.png = TumblrSharp.png
	EndProjectSection
EndProject
Project("{2150E333-8FDC-42A3-9474-1A3956D46DE8}") = "Portable", "Portable", "{3F20BAC4-141B-49AD-9F98-8F797A40CE5E}"
EndProject
Project("{FAE04EC0-301F-11D3-BF4B-00C04F79EFBC}") = "TumblrSharp", "Portable\TumblrSharp\TumblrSharp.csproj", "{4A8B7B77-F7AE-4155-9E9C-253AFD6E0C3A}"
EndProject
Project("{FAE04EC0-301F-11D3-BF4B-00C04F79EFBC}") = "TumblrSharp.Client", "Portable\TumblrSharp.Client\TumblrSharp.Client.csproj", "{8C69EA54-A853-4A68-A9A9-34736524BD1F}"
EndProject
Project("{9A19103F-16F7-4668-BE54-9A1E7A4F7556}") = "TumblrSharp", "TumblrSharp\TumblrSharp.csproj", "{B6D630E0-3A92-4A98-9FC1-C62F67D23CEC}"
EndProject
Project("{9A19103F-16F7-4668-BE54-9A1E7A4F7556}") = "TumblrSharp.Client", "TumblrSharp.Client\TumblrSharp.Client.csproj", "{CB9E7C42-A77C-4642-AC8D-D2143D45F118}"
EndProject
Project("{2150E333-8FDC-42A3-9474-1A3956D46DE8}") = "Examples", "Examples", "{B103B48F-8100-4DD6-A00C-3CFFBA6A31BD}"
	ProjectSection(SolutionItems) = preProject
		Examples\BasicAssemblyInfo.cs = Examples\BasicAssemblyInfo.cs
	EndProjectSection
EndProject
Project("{2150E333-8FDC-42A3-9474-1A3956D46DE8}") = "Windows", "Windows", "{C1185EBC-C2A4-4223-9EA9-A0E400B0E308}"
EndProject
Project("{2150E333-8FDC-42A3-9474-1A3956D46DE8}") = "Forms", "Forms", "{D7B10B5F-A96B-414F-80E5-4CF75EF958CB}"
EndProject
Project("{FAE04EC0-301F-11D3-BF4B-00C04F79EFBC}") = "Common", "Examples\Windows\Forms\Common\Common.csproj", "{8258F002-0F2F-43F7-A9FA-DD1E4171D3A9}"
EndProject
Project("{FAE04EC0-301F-11D3-BF4B-00C04F79EFBC}") = "Authenticate", "Examples\Windows\Forms\Authenticate\Authenticate.csproj", "{C207BFD0-D1EB-4F82-AF7A-120A862AFE1C}"
EndProject
Project("{FAE04EC0-301F-11D3-BF4B-00C04F79EFBC}") = "Authenticate1", "Examples\Windows\Forms\Authenticate1\Authenticate1.csproj", "{EBCBAB94-6012-4FEA-98E1-F5FC29B24342}"
EndProject
Project("{FAE04EC0-301F-11D3-BF4B-00C04F79EFBC}") = "Testing", "Testing\Testing.csproj", "{A7A3A82A-6000-4AA1-A1D3-2D6E75C30793}"
EndProject
Project("{2150E333-8FDC-42A3-9474-1A3956D46DE8}") = "Console", "Console", "{62940DF5-4505-40D1-BFD1-D49768AE7662}"
EndProject
Project("{FAE04EC0-301F-11D3-BF4B-00C04F79EFBC}") = "CreateTextPost", "Examples\Console\CreateTextPost\CreateTextPost.csproj", "{782F1C59-5C1A-401F-9CA5-89EDD80E37D9}"
EndProject
Project("{FAE04EC0-301F-11D3-BF4B-00C04F79EFBC}") = "Post_Photo_Queue", "Examples\Windows\Forms\Post_Photo_Queue\Post_Photo_Queue.csproj", "{43AF29D3-621C-4BAA-BE1D-9EB32E2655AF}"
EndProject
Project("{9A19103F-16F7-4668-BE54-9A1E7A4F7556}") = "Basics", "Examples\Basics\Basics.csproj", "{F80616E7-BBA4-4FE2-B19A-BB9197101534}"
EndProject
Project("{FAE04EC0-301F-11D3-BF4B-00C04F79EFBC}") = "DashboardPosts", "Examples\Console\DrashboardPosts\DashboardPosts.csproj", "{9EE1507D-C6EA-4D3D-88F6-E355611BF00C}"
EndProject
Project("{FAE04EC0-301F-11D3-BF4B-00C04F79EFBC}") = "DashboardPhotoPostwithExif", "Examples\Console\DrashboardPhotoPostwithExif\DashboardPhotoPostwithExif.csproj", "{6AE11625-9920-4D7A-B1C2-3EA184AE50F4}"
EndProject
Project("{FAE04EC0-301F-11D3-BF4B-00C04F79EFBC}") = "DashboardPosts_After", "Examples\Console\DashboardPosts_After\DashboardPosts_After.csproj", "{6F9AE5DD-E526-4F41-A863-9287E3D548C6}"
EndProject
Project("{2150E333-8FDC-42A3-9474-1A3956D46DE8}") = "NewFolder1", "NewFolder1", "{CD12C68E-55CC-437C-9591-77CDF5C1D03F}"
EndProject
Project("{9A19103F-16F7-4668-BE54-9A1E7A4F7556}") = "QueuedPosts", "Examples\Console\QueuedPosts\QueuedPosts.csproj", "{F49C3464-0DB4-42E1-ACC9-2D1C8C811CF1}"
EndProject
Project("{FAE04EC0-301F-11D3-BF4B-00C04F79EFBC}") = "Reblog_Queue", "Examples\Console\Reblog_Queue\Reblog_Queue.csproj", "{0BF48C8B-B153-4052-9663-702F4F1CDD26}"
EndProject
Global
	GlobalSection(SolutionConfigurationPlatforms) = preSolution
		Ad-Hoc|Any CPU = Ad-Hoc|Any CPU
		Ad-Hoc|ARM = Ad-Hoc|ARM
		Ad-Hoc|iPhone = Ad-Hoc|iPhone
		Ad-Hoc|iPhoneSimulator = Ad-Hoc|iPhoneSimulator
		Ad-Hoc|x64 = Ad-Hoc|x64
		Ad-Hoc|x86 = Ad-Hoc|x86
		AppStore|Any CPU = AppStore|Any CPU
		AppStore|ARM = AppStore|ARM
		AppStore|iPhone = AppStore|iPhone
		AppStore|iPhoneSimulator = AppStore|iPhoneSimulator
		AppStore|x64 = AppStore|x64
		AppStore|x86 = AppStore|x86
		Debug|Any CPU = Debug|Any CPU
		Debug|ARM = Debug|ARM
		Debug|iPhone = Debug|iPhone
		Debug|iPhoneSimulator = Debug|iPhoneSimulator
		Debug|x64 = Debug|x64
		Debug|x86 = Debug|x86
		Release|Any CPU = Release|Any CPU
		Release|ARM = Release|ARM
		Release|iPhone = Release|iPhone
		Release|iPhoneSimulator = Release|iPhoneSimulator
		Release|x64 = Release|x64
		Release|x86 = Release|x86
	EndGlobalSection
	GlobalSection(ProjectConfigurationPlatforms) = postSolution
		{4A8B7B77-F7AE-4155-9E9C-253AFD6E0C3A}.Ad-Hoc|Any CPU.ActiveCfg = Release|Any CPU
		{4A8B7B77-F7AE-4155-9E9C-253AFD6E0C3A}.Ad-Hoc|Any CPU.Build.0 = Release|Any CPU
		{4A8B7B77-F7AE-4155-9E9C-253AFD6E0C3A}.Ad-Hoc|ARM.ActiveCfg = Release|Any CPU
		{4A8B7B77-F7AE-4155-9E9C-253AFD6E0C3A}.Ad-Hoc|ARM.Build.0 = Release|Any CPU
		{4A8B7B77-F7AE-4155-9E9C-253AFD6E0C3A}.Ad-Hoc|iPhone.ActiveCfg = Release|Any CPU
		{4A8B7B77-F7AE-4155-9E9C-253AFD6E0C3A}.Ad-Hoc|iPhone.Build.0 = Release|Any CPU
		{4A8B7B77-F7AE-4155-9E9C-253AFD6E0C3A}.Ad-Hoc|iPhoneSimulator.ActiveCfg = Release|Any CPU
		{4A8B7B77-F7AE-4155-9E9C-253AFD6E0C3A}.Ad-Hoc|iPhoneSimulator.Build.0 = Release|Any CPU
		{4A8B7B77-F7AE-4155-9E9C-253AFD6E0C3A}.Ad-Hoc|x64.ActiveCfg = Release|Any CPU
		{4A8B7B77-F7AE-4155-9E9C-253AFD6E0C3A}.Ad-Hoc|x64.Build.0 = Release|Any CPU
		{4A8B7B77-F7AE-4155-9E9C-253AFD6E0C3A}.Ad-Hoc|x86.ActiveCfg = Release|Any CPU
		{4A8B7B77-F7AE-4155-9E9C-253AFD6E0C3A}.Ad-Hoc|x86.Build.0 = Release|Any CPU
		{4A8B7B77-F7AE-4155-9E9C-253AFD6E0C3A}.AppStore|Any CPU.ActiveCfg = Release|Any CPU
		{4A8B7B77-F7AE-4155-9E9C-253AFD6E0C3A}.AppStore|Any CPU.Build.0 = Release|Any CPU
		{4A8B7B77-F7AE-4155-9E9C-253AFD6E0C3A}.AppStore|ARM.ActiveCfg = Release|Any CPU
		{4A8B7B77-F7AE-4155-9E9C-253AFD6E0C3A}.AppStore|ARM.Build.0 = Release|Any CPU
		{4A8B7B77-F7AE-4155-9E9C-253AFD6E0C3A}.AppStore|iPhone.ActiveCfg = Release|Any CPU
		{4A8B7B77-F7AE-4155-9E9C-253AFD6E0C3A}.AppStore|iPhone.Build.0 = Release|Any CPU
		{4A8B7B77-F7AE-4155-9E9C-253AFD6E0C3A}.AppStore|iPhoneSimulator.ActiveCfg = Release|Any CPU
		{4A8B7B77-F7AE-4155-9E9C-253AFD6E0C3A}.AppStore|iPhoneSimulator.Build.0 = Release|Any CPU
		{4A8B7B77-F7AE-4155-9E9C-253AFD6E0C3A}.AppStore|x64.ActiveCfg = Release|Any CPU
		{4A8B7B77-F7AE-4155-9E9C-253AFD6E0C3A}.AppStore|x64.Build.0 = Release|Any CPU
		{4A8B7B77-F7AE-4155-9E9C-253AFD6E0C3A}.AppStore|x86.ActiveCfg = Release|Any CPU
		{4A8B7B77-F7AE-4155-9E9C-253AFD6E0C3A}.AppStore|x86.Build.0 = Release|Any CPU
		{4A8B7B77-F7AE-4155-9E9C-253AFD6E0C3A}.Debug|Any CPU.ActiveCfg = Debug|Any CPU
		{4A8B7B77-F7AE-4155-9E9C-253AFD6E0C3A}.Debug|Any CPU.Build.0 = Debug|Any CPU
		{4A8B7B77-F7AE-4155-9E9C-253AFD6E0C3A}.Debug|ARM.ActiveCfg = Debug|Any CPU
		{4A8B7B77-F7AE-4155-9E9C-253AFD6E0C3A}.Debug|ARM.Build.0 = Debug|Any CPU
		{4A8B7B77-F7AE-4155-9E9C-253AFD6E0C3A}.Debug|iPhone.ActiveCfg = Debug|Any CPU
		{4A8B7B77-F7AE-4155-9E9C-253AFD6E0C3A}.Debug|iPhone.Build.0 = Debug|Any CPU
		{4A8B7B77-F7AE-4155-9E9C-253AFD6E0C3A}.Debug|iPhoneSimulator.ActiveCfg = Debug|Any CPU
		{4A8B7B77-F7AE-4155-9E9C-253AFD6E0C3A}.Debug|iPhoneSimulator.Build.0 = Debug|Any CPU
		{4A8B7B77-F7AE-4155-9E9C-253AFD6E0C3A}.Debug|x64.ActiveCfg = Debug|Any CPU
		{4A8B7B77-F7AE-4155-9E9C-253AFD6E0C3A}.Debug|x64.Build.0 = Debug|Any CPU
		{4A8B7B77-F7AE-4155-9E9C-253AFD6E0C3A}.Debug|x86.ActiveCfg = Debug|Any CPU
		{4A8B7B77-F7AE-4155-9E9C-253AFD6E0C3A}.Debug|x86.Build.0 = Debug|Any CPU
		{4A8B7B77-F7AE-4155-9E9C-253AFD6E0C3A}.Release|Any CPU.ActiveCfg = Release|Any CPU
		{4A8B7B77-F7AE-4155-9E9C-253AFD6E0C3A}.Release|Any CPU.Build.0 = Release|Any CPU
		{4A8B7B77-F7AE-4155-9E9C-253AFD6E0C3A}.Release|ARM.ActiveCfg = Release|Any CPU
		{4A8B7B77-F7AE-4155-9E9C-253AFD6E0C3A}.Release|ARM.Build.0 = Release|Any CPU
		{4A8B7B77-F7AE-4155-9E9C-253AFD6E0C3A}.Release|iPhone.ActiveCfg = Release|Any CPU
		{4A8B7B77-F7AE-4155-9E9C-253AFD6E0C3A}.Release|iPhone.Build.0 = Release|Any CPU
		{4A8B7B77-F7AE-4155-9E9C-253AFD6E0C3A}.Release|iPhoneSimulator.ActiveCfg = Release|Any CPU
		{4A8B7B77-F7AE-4155-9E9C-253AFD6E0C3A}.Release|iPhoneSimulator.Build.0 = Release|Any CPU
		{4A8B7B77-F7AE-4155-9E9C-253AFD6E0C3A}.Release|x64.ActiveCfg = Release|Any CPU
		{4A8B7B77-F7AE-4155-9E9C-253AFD6E0C3A}.Release|x64.Build.0 = Release|Any CPU
		{4A8B7B77-F7AE-4155-9E9C-253AFD6E0C3A}.Release|x86.ActiveCfg = Release|Any CPU
		{4A8B7B77-F7AE-4155-9E9C-253AFD6E0C3A}.Release|x86.Build.0 = Release|Any CPU
		{8C69EA54-A853-4A68-A9A9-34736524BD1F}.Ad-Hoc|Any CPU.ActiveCfg = Release|Any CPU
		{8C69EA54-A853-4A68-A9A9-34736524BD1F}.Ad-Hoc|Any CPU.Build.0 = Release|Any CPU
		{8C69EA54-A853-4A68-A9A9-34736524BD1F}.Ad-Hoc|ARM.ActiveCfg = Release|Any CPU
		{8C69EA54-A853-4A68-A9A9-34736524BD1F}.Ad-Hoc|ARM.Build.0 = Release|Any CPU
		{8C69EA54-A853-4A68-A9A9-34736524BD1F}.Ad-Hoc|iPhone.ActiveCfg = Release|Any CPU
		{8C69EA54-A853-4A68-A9A9-34736524BD1F}.Ad-Hoc|iPhone.Build.0 = Release|Any CPU
		{8C69EA54-A853-4A68-A9A9-34736524BD1F}.Ad-Hoc|iPhoneSimulator.ActiveCfg = Release|Any CPU
		{8C69EA54-A853-4A68-A9A9-34736524BD1F}.Ad-Hoc|iPhoneSimulator.Build.0 = Release|Any CPU
		{8C69EA54-A853-4A68-A9A9-34736524BD1F}.Ad-Hoc|x64.ActiveCfg = Release|Any CPU
		{8C69EA54-A853-4A68-A9A9-34736524BD1F}.Ad-Hoc|x64.Build.0 = Release|Any CPU
		{8C69EA54-A853-4A68-A9A9-34736524BD1F}.Ad-Hoc|x86.ActiveCfg = Release|Any CPU
		{8C69EA54-A853-4A68-A9A9-34736524BD1F}.Ad-Hoc|x86.Build.0 = Release|Any CPU
		{8C69EA54-A853-4A68-A9A9-34736524BD1F}.AppStore|Any CPU.ActiveCfg = Release|Any CPU
		{8C69EA54-A853-4A68-A9A9-34736524BD1F}.AppStore|Any CPU.Build.0 = Release|Any CPU
		{8C69EA54-A853-4A68-A9A9-34736524BD1F}.AppStore|ARM.ActiveCfg = Release|Any CPU
		{8C69EA54-A853-4A68-A9A9-34736524BD1F}.AppStore|ARM.Build.0 = Release|Any CPU
		{8C69EA54-A853-4A68-A9A9-34736524BD1F}.AppStore|iPhone.ActiveCfg = Release|Any CPU
		{8C69EA54-A853-4A68-A9A9-34736524BD1F}.AppStore|iPhone.Build.0 = Release|Any CPU
		{8C69EA54-A853-4A68-A9A9-34736524BD1F}.AppStore|iPhoneSimulator.ActiveCfg = Release|Any CPU
		{8C69EA54-A853-4A68-A9A9-34736524BD1F}.AppStore|iPhoneSimulator.Build.0 = Release|Any CPU
		{8C69EA54-A853-4A68-A9A9-34736524BD1F}.AppStore|x64.ActiveCfg = Release|Any CPU
		{8C69EA54-A853-4A68-A9A9-34736524BD1F}.AppStore|x64.Build.0 = Release|Any CPU
		{8C69EA54-A853-4A68-A9A9-34736524BD1F}.AppStore|x86.ActiveCfg = Release|Any CPU
		{8C69EA54-A853-4A68-A9A9-34736524BD1F}.AppStore|x86.Build.0 = Release|Any CPU
		{8C69EA54-A853-4A68-A9A9-34736524BD1F}.Debug|Any CPU.ActiveCfg = Debug|Any CPU
		{8C69EA54-A853-4A68-A9A9-34736524BD1F}.Debug|Any CPU.Build.0 = Debug|Any CPU
		{8C69EA54-A853-4A68-A9A9-34736524BD1F}.Debug|ARM.ActiveCfg = Debug|Any CPU
		{8C69EA54-A853-4A68-A9A9-34736524BD1F}.Debug|ARM.Build.0 = Debug|Any CPU
		{8C69EA54-A853-4A68-A9A9-34736524BD1F}.Debug|iPhone.ActiveCfg = Debug|Any CPU
		{8C69EA54-A853-4A68-A9A9-34736524BD1F}.Debug|iPhone.Build.0 = Debug|Any CPU
		{8C69EA54-A853-4A68-A9A9-34736524BD1F}.Debug|iPhoneSimulator.ActiveCfg = Debug|Any CPU
		{8C69EA54-A853-4A68-A9A9-34736524BD1F}.Debug|iPhoneSimulator.Build.0 = Debug|Any CPU
		{8C69EA54-A853-4A68-A9A9-34736524BD1F}.Debug|x64.ActiveCfg = Debug|Any CPU
		{8C69EA54-A853-4A68-A9A9-34736524BD1F}.Debug|x64.Build.0 = Debug|Any CPU
		{8C69EA54-A853-4A68-A9A9-34736524BD1F}.Debug|x86.ActiveCfg = Debug|Any CPU
		{8C69EA54-A853-4A68-A9A9-34736524BD1F}.Debug|x86.Build.0 = Debug|Any CPU
		{8C69EA54-A853-4A68-A9A9-34736524BD1F}.Release|Any CPU.ActiveCfg = Release|Any CPU
		{8C69EA54-A853-4A68-A9A9-34736524BD1F}.Release|Any CPU.Build.0 = Release|Any CPU
		{8C69EA54-A853-4A68-A9A9-34736524BD1F}.Release|ARM.ActiveCfg = Release|Any CPU
		{8C69EA54-A853-4A68-A9A9-34736524BD1F}.Release|ARM.Build.0 = Release|Any CPU
		{8C69EA54-A853-4A68-A9A9-34736524BD1F}.Release|iPhone.ActiveCfg = Release|Any CPU
		{8C69EA54-A853-4A68-A9A9-34736524BD1F}.Release|iPhone.Build.0 = Release|Any CPU
		{8C69EA54-A853-4A68-A9A9-34736524BD1F}.Release|iPhoneSimulator.ActiveCfg = Release|Any CPU
		{8C69EA54-A853-4A68-A9A9-34736524BD1F}.Release|iPhoneSimulator.Build.0 = Release|Any CPU
		{8C69EA54-A853-4A68-A9A9-34736524BD1F}.Release|x64.ActiveCfg = Release|Any CPU
		{8C69EA54-A853-4A68-A9A9-34736524BD1F}.Release|x64.Build.0 = Release|Any CPU
		{8C69EA54-A853-4A68-A9A9-34736524BD1F}.Release|x86.ActiveCfg = Release|Any CPU
		{8C69EA54-A853-4A68-A9A9-34736524BD1F}.Release|x86.Build.0 = Release|Any CPU
		{B6D630E0-3A92-4A98-9FC1-C62F67D23CEC}.Ad-Hoc|Any CPU.ActiveCfg = Release|Any CPU
		{B6D630E0-3A92-4A98-9FC1-C62F67D23CEC}.Ad-Hoc|Any CPU.Build.0 = Release|Any CPU
		{B6D630E0-3A92-4A98-9FC1-C62F67D23CEC}.Ad-Hoc|ARM.ActiveCfg = Release|Any CPU
		{B6D630E0-3A92-4A98-9FC1-C62F67D23CEC}.Ad-Hoc|ARM.Build.0 = Release|Any CPU
		{B6D630E0-3A92-4A98-9FC1-C62F67D23CEC}.Ad-Hoc|iPhone.ActiveCfg = Release|Any CPU
		{B6D630E0-3A92-4A98-9FC1-C62F67D23CEC}.Ad-Hoc|iPhone.Build.0 = Release|Any CPU
		{B6D630E0-3A92-4A98-9FC1-C62F67D23CEC}.Ad-Hoc|iPhoneSimulator.ActiveCfg = Release|Any CPU
		{B6D630E0-3A92-4A98-9FC1-C62F67D23CEC}.Ad-Hoc|iPhoneSimulator.Build.0 = Release|Any CPU
		{B6D630E0-3A92-4A98-9FC1-C62F67D23CEC}.Ad-Hoc|x64.ActiveCfg = Release|Any CPU
		{B6D630E0-3A92-4A98-9FC1-C62F67D23CEC}.Ad-Hoc|x64.Build.0 = Release|Any CPU
		{B6D630E0-3A92-4A98-9FC1-C62F67D23CEC}.Ad-Hoc|x86.ActiveCfg = Release|Any CPU
		{B6D630E0-3A92-4A98-9FC1-C62F67D23CEC}.Ad-Hoc|x86.Build.0 = Release|Any CPU
		{B6D630E0-3A92-4A98-9FC1-C62F67D23CEC}.AppStore|Any CPU.ActiveCfg = Release|Any CPU
		{B6D630E0-3A92-4A98-9FC1-C62F67D23CEC}.AppStore|Any CPU.Build.0 = Release|Any CPU
		{B6D630E0-3A92-4A98-9FC1-C62F67D23CEC}.AppStore|ARM.ActiveCfg = Release|Any CPU
		{B6D630E0-3A92-4A98-9FC1-C62F67D23CEC}.AppStore|ARM.Build.0 = Release|Any CPU
		{B6D630E0-3A92-4A98-9FC1-C62F67D23CEC}.AppStore|iPhone.ActiveCfg = Release|Any CPU
		{B6D630E0-3A92-4A98-9FC1-C62F67D23CEC}.AppStore|iPhone.Build.0 = Release|Any CPU
		{B6D630E0-3A92-4A98-9FC1-C62F67D23CEC}.AppStore|iPhoneSimulator.ActiveCfg = Release|Any CPU
		{B6D630E0-3A92-4A98-9FC1-C62F67D23CEC}.AppStore|iPhoneSimulator.Build.0 = Release|Any CPU
		{B6D630E0-3A92-4A98-9FC1-C62F67D23CEC}.AppStore|x64.ActiveCfg = Release|Any CPU
		{B6D630E0-3A92-4A98-9FC1-C62F67D23CEC}.AppStore|x64.Build.0 = Release|Any CPU
		{B6D630E0-3A92-4A98-9FC1-C62F67D23CEC}.AppStore|x86.ActiveCfg = Release|Any CPU
		{B6D630E0-3A92-4A98-9FC1-C62F67D23CEC}.AppStore|x86.Build.0 = Release|Any CPU
		{B6D630E0-3A92-4A98-9FC1-C62F67D23CEC}.Debug|Any CPU.ActiveCfg = Debug|Any CPU
		{B6D630E0-3A92-4A98-9FC1-C62F67D23CEC}.Debug|Any CPU.Build.0 = Debug|Any CPU
		{B6D630E0-3A92-4A98-9FC1-C62F67D23CEC}.Debug|ARM.ActiveCfg = Debug|Any CPU
		{B6D630E0-3A92-4A98-9FC1-C62F67D23CEC}.Debug|ARM.Build.0 = Debug|Any CPU
		{B6D630E0-3A92-4A98-9FC1-C62F67D23CEC}.Debug|iPhone.ActiveCfg = Debug|Any CPU
		{B6D630E0-3A92-4A98-9FC1-C62F67D23CEC}.Debug|iPhone.Build.0 = Debug|Any CPU
		{B6D630E0-3A92-4A98-9FC1-C62F67D23CEC}.Debug|iPhoneSimulator.ActiveCfg = Debug|Any CPU
		{B6D630E0-3A92-4A98-9FC1-C62F67D23CEC}.Debug|iPhoneSimulator.Build.0 = Debug|Any CPU
		{B6D630E0-3A92-4A98-9FC1-C62F67D23CEC}.Debug|x64.ActiveCfg = Debug|Any CPU
		{B6D630E0-3A92-4A98-9FC1-C62F67D23CEC}.Debug|x64.Build.0 = Debug|Any CPU
		{B6D630E0-3A92-4A98-9FC1-C62F67D23CEC}.Debug|x86.ActiveCfg = Debug|Any CPU
		{B6D630E0-3A92-4A98-9FC1-C62F67D23CEC}.Debug|x86.Build.0 = Debug|Any CPU
		{B6D630E0-3A92-4A98-9FC1-C62F67D23CEC}.Release|Any CPU.ActiveCfg = Release|Any CPU
		{B6D630E0-3A92-4A98-9FC1-C62F67D23CEC}.Release|Any CPU.Build.0 = Release|Any CPU
		{B6D630E0-3A92-4A98-9FC1-C62F67D23CEC}.Release|ARM.ActiveCfg = Release|Any CPU
		{B6D630E0-3A92-4A98-9FC1-C62F67D23CEC}.Release|ARM.Build.0 = Release|Any CPU
		{B6D630E0-3A92-4A98-9FC1-C62F67D23CEC}.Release|iPhone.ActiveCfg = Release|Any CPU
		{B6D630E0-3A92-4A98-9FC1-C62F67D23CEC}.Release|iPhone.Build.0 = Release|Any CPU
		{B6D630E0-3A92-4A98-9FC1-C62F67D23CEC}.Release|iPhoneSimulator.ActiveCfg = Release|Any CPU
		{B6D630E0-3A92-4A98-9FC1-C62F67D23CEC}.Release|iPhoneSimulator.Build.0 = Release|Any CPU
		{B6D630E0-3A92-4A98-9FC1-C62F67D23CEC}.Release|x64.ActiveCfg = Release|Any CPU
		{B6D630E0-3A92-4A98-9FC1-C62F67D23CEC}.Release|x64.Build.0 = Release|Any CPU
		{B6D630E0-3A92-4A98-9FC1-C62F67D23CEC}.Release|x86.ActiveCfg = Release|Any CPU
		{B6D630E0-3A92-4A98-9FC1-C62F67D23CEC}.Release|x86.Build.0 = Release|Any CPU
		{CB9E7C42-A77C-4642-AC8D-D2143D45F118}.Ad-Hoc|Any CPU.ActiveCfg = Release|Any CPU
		{CB9E7C42-A77C-4642-AC8D-D2143D45F118}.Ad-Hoc|Any CPU.Build.0 = Release|Any CPU
		{CB9E7C42-A77C-4642-AC8D-D2143D45F118}.Ad-Hoc|ARM.ActiveCfg = Release|Any CPU
		{CB9E7C42-A77C-4642-AC8D-D2143D45F118}.Ad-Hoc|ARM.Build.0 = Release|Any CPU
		{CB9E7C42-A77C-4642-AC8D-D2143D45F118}.Ad-Hoc|iPhone.ActiveCfg = Release|Any CPU
		{CB9E7C42-A77C-4642-AC8D-D2143D45F118}.Ad-Hoc|iPhone.Build.0 = Release|Any CPU
		{CB9E7C42-A77C-4642-AC8D-D2143D45F118}.Ad-Hoc|iPhoneSimulator.ActiveCfg = Release|Any CPU
		{CB9E7C42-A77C-4642-AC8D-D2143D45F118}.Ad-Hoc|iPhoneSimulator.Build.0 = Release|Any CPU
		{CB9E7C42-A77C-4642-AC8D-D2143D45F118}.Ad-Hoc|x64.ActiveCfg = Release|Any CPU
		{CB9E7C42-A77C-4642-AC8D-D2143D45F118}.Ad-Hoc|x64.Build.0 = Release|Any CPU
		{CB9E7C42-A77C-4642-AC8D-D2143D45F118}.Ad-Hoc|x86.ActiveCfg = Release|Any CPU
		{CB9E7C42-A77C-4642-AC8D-D2143D45F118}.Ad-Hoc|x86.Build.0 = Release|Any CPU
		{CB9E7C42-A77C-4642-AC8D-D2143D45F118}.AppStore|Any CPU.ActiveCfg = Release|Any CPU
		{CB9E7C42-A77C-4642-AC8D-D2143D45F118}.AppStore|Any CPU.Build.0 = Release|Any CPU
		{CB9E7C42-A77C-4642-AC8D-D2143D45F118}.AppStore|ARM.ActiveCfg = Release|Any CPU
		{CB9E7C42-A77C-4642-AC8D-D2143D45F118}.AppStore|ARM.Build.0 = Release|Any CPU
		{CB9E7C42-A77C-4642-AC8D-D2143D45F118}.AppStore|iPhone.ActiveCfg = Release|Any CPU
		{CB9E7C42-A77C-4642-AC8D-D2143D45F118}.AppStore|iPhone.Build.0 = Release|Any CPU
		{CB9E7C42-A77C-4642-AC8D-D2143D45F118}.AppStore|iPhoneSimulator.ActiveCfg = Release|Any CPU
		{CB9E7C42-A77C-4642-AC8D-D2143D45F118}.AppStore|iPhoneSimulator.Build.0 = Release|Any CPU
		{CB9E7C42-A77C-4642-AC8D-D2143D45F118}.AppStore|x64.ActiveCfg = Release|Any CPU
		{CB9E7C42-A77C-4642-AC8D-D2143D45F118}.AppStore|x64.Build.0 = Release|Any CPU
		{CB9E7C42-A77C-4642-AC8D-D2143D45F118}.AppStore|x86.ActiveCfg = Release|Any CPU
		{CB9E7C42-A77C-4642-AC8D-D2143D45F118}.AppStore|x86.Build.0 = Release|Any CPU
		{CB9E7C42-A77C-4642-AC8D-D2143D45F118}.Debug|Any CPU.ActiveCfg = Debug|Any CPU
		{CB9E7C42-A77C-4642-AC8D-D2143D45F118}.Debug|Any CPU.Build.0 = Debug|Any CPU
		{CB9E7C42-A77C-4642-AC8D-D2143D45F118}.Debug|ARM.ActiveCfg = Debug|Any CPU
		{CB9E7C42-A77C-4642-AC8D-D2143D45F118}.Debug|ARM.Build.0 = Debug|Any CPU
		{CB9E7C42-A77C-4642-AC8D-D2143D45F118}.Debug|iPhone.ActiveCfg = Debug|Any CPU
		{CB9E7C42-A77C-4642-AC8D-D2143D45F118}.Debug|iPhone.Build.0 = Debug|Any CPU
		{CB9E7C42-A77C-4642-AC8D-D2143D45F118}.Debug|iPhoneSimulator.ActiveCfg = Debug|Any CPU
		{CB9E7C42-A77C-4642-AC8D-D2143D45F118}.Debug|iPhoneSimulator.Build.0 = Debug|Any CPU
		{CB9E7C42-A77C-4642-AC8D-D2143D45F118}.Debug|x64.ActiveCfg = Debug|Any CPU
		{CB9E7C42-A77C-4642-AC8D-D2143D45F118}.Debug|x64.Build.0 = Debug|Any CPU
		{CB9E7C42-A77C-4642-AC8D-D2143D45F118}.Debug|x86.ActiveCfg = Debug|Any CPU
		{CB9E7C42-A77C-4642-AC8D-D2143D45F118}.Debug|x86.Build.0 = Debug|Any CPU
		{CB9E7C42-A77C-4642-AC8D-D2143D45F118}.Release|Any CPU.ActiveCfg = Release|Any CPU
		{CB9E7C42-A77C-4642-AC8D-D2143D45F118}.Release|Any CPU.Build.0 = Release|Any CPU
		{CB9E7C42-A77C-4642-AC8D-D2143D45F118}.Release|ARM.ActiveCfg = Release|Any CPU
		{CB9E7C42-A77C-4642-AC8D-D2143D45F118}.Release|ARM.Build.0 = Release|Any CPU
		{CB9E7C42-A77C-4642-AC8D-D2143D45F118}.Release|iPhone.ActiveCfg = Release|Any CPU
		{CB9E7C42-A77C-4642-AC8D-D2143D45F118}.Release|iPhone.Build.0 = Release|Any CPU
		{CB9E7C42-A77C-4642-AC8D-D2143D45F118}.Release|iPhoneSimulator.ActiveCfg = Release|Any CPU
		{CB9E7C42-A77C-4642-AC8D-D2143D45F118}.Release|iPhoneSimulator.Build.0 = Release|Any CPU
		{CB9E7C42-A77C-4642-AC8D-D2143D45F118}.Release|x64.ActiveCfg = Release|Any CPU
		{CB9E7C42-A77C-4642-AC8D-D2143D45F118}.Release|x64.Build.0 = Release|Any CPU
		{CB9E7C42-A77C-4642-AC8D-D2143D45F118}.Release|x86.ActiveCfg = Release|Any CPU
		{CB9E7C42-A77C-4642-AC8D-D2143D45F118}.Release|x86.Build.0 = Release|Any CPU
		{8258F002-0F2F-43F7-A9FA-DD1E4171D3A9}.Ad-Hoc|Any CPU.ActiveCfg = Release|Any CPU
		{8258F002-0F2F-43F7-A9FA-DD1E4171D3A9}.Ad-Hoc|Any CPU.Build.0 = Release|Any CPU
		{8258F002-0F2F-43F7-A9FA-DD1E4171D3A9}.Ad-Hoc|ARM.ActiveCfg = Release|Any CPU
		{8258F002-0F2F-43F7-A9FA-DD1E4171D3A9}.Ad-Hoc|ARM.Build.0 = Release|Any CPU
		{8258F002-0F2F-43F7-A9FA-DD1E4171D3A9}.Ad-Hoc|iPhone.ActiveCfg = Release|Any CPU
		{8258F002-0F2F-43F7-A9FA-DD1E4171D3A9}.Ad-Hoc|iPhone.Build.0 = Release|Any CPU
		{8258F002-0F2F-43F7-A9FA-DD1E4171D3A9}.Ad-Hoc|iPhoneSimulator.ActiveCfg = Release|Any CPU
		{8258F002-0F2F-43F7-A9FA-DD1E4171D3A9}.Ad-Hoc|iPhoneSimulator.Build.0 = Release|Any CPU
		{8258F002-0F2F-43F7-A9FA-DD1E4171D3A9}.Ad-Hoc|x64.ActiveCfg = Release|Any CPU
		{8258F002-0F2F-43F7-A9FA-DD1E4171D3A9}.Ad-Hoc|x64.Build.0 = Release|Any CPU
		{8258F002-0F2F-43F7-A9FA-DD1E4171D3A9}.Ad-Hoc|x86.ActiveCfg = Release|Any CPU
		{8258F002-0F2F-43F7-A9FA-DD1E4171D3A9}.Ad-Hoc|x86.Build.0 = Release|Any CPU
		{8258F002-0F2F-43F7-A9FA-DD1E4171D3A9}.AppStore|Any CPU.ActiveCfg = Release|Any CPU
		{8258F002-0F2F-43F7-A9FA-DD1E4171D3A9}.AppStore|Any CPU.Build.0 = Release|Any CPU
		{8258F002-0F2F-43F7-A9FA-DD1E4171D3A9}.AppStore|ARM.ActiveCfg = Release|Any CPU
		{8258F002-0F2F-43F7-A9FA-DD1E4171D3A9}.AppStore|ARM.Build.0 = Release|Any CPU
		{8258F002-0F2F-43F7-A9FA-DD1E4171D3A9}.AppStore|iPhone.ActiveCfg = Release|Any CPU
		{8258F002-0F2F-43F7-A9FA-DD1E4171D3A9}.AppStore|iPhone.Build.0 = Release|Any CPU
		{8258F002-0F2F-43F7-A9FA-DD1E4171D3A9}.AppStore|iPhoneSimulator.ActiveCfg = Release|Any CPU
		{8258F002-0F2F-43F7-A9FA-DD1E4171D3A9}.AppStore|iPhoneSimulator.Build.0 = Release|Any CPU
		{8258F002-0F2F-43F7-A9FA-DD1E4171D3A9}.AppStore|x64.ActiveCfg = Release|Any CPU
		{8258F002-0F2F-43F7-A9FA-DD1E4171D3A9}.AppStore|x64.Build.0 = Release|Any CPU
		{8258F002-0F2F-43F7-A9FA-DD1E4171D3A9}.AppStore|x86.ActiveCfg = Release|Any CPU
		{8258F002-0F2F-43F7-A9FA-DD1E4171D3A9}.AppStore|x86.Build.0 = Release|Any CPU
		{8258F002-0F2F-43F7-A9FA-DD1E4171D3A9}.Debug|Any CPU.ActiveCfg = Debug|Any CPU
		{8258F002-0F2F-43F7-A9FA-DD1E4171D3A9}.Debug|Any CPU.Build.0 = Debug|Any CPU
		{8258F002-0F2F-43F7-A9FA-DD1E4171D3A9}.Debug|ARM.ActiveCfg = Debug|Any CPU
		{8258F002-0F2F-43F7-A9FA-DD1E4171D3A9}.Debug|ARM.Build.0 = Debug|Any CPU
		{8258F002-0F2F-43F7-A9FA-DD1E4171D3A9}.Debug|iPhone.ActiveCfg = Debug|Any CPU
		{8258F002-0F2F-43F7-A9FA-DD1E4171D3A9}.Debug|iPhone.Build.0 = Debug|Any CPU
		{8258F002-0F2F-43F7-A9FA-DD1E4171D3A9}.Debug|iPhoneSimulator.ActiveCfg = Debug|Any CPU
		{8258F002-0F2F-43F7-A9FA-DD1E4171D3A9}.Debug|iPhoneSimulator.Build.0 = Debug|Any CPU
		{8258F002-0F2F-43F7-A9FA-DD1E4171D3A9}.Debug|x64.ActiveCfg = Debug|Any CPU
		{8258F002-0F2F-43F7-A9FA-DD1E4171D3A9}.Debug|x64.Build.0 = Debug|Any CPU
		{8258F002-0F2F-43F7-A9FA-DD1E4171D3A9}.Debug|x86.ActiveCfg = Debug|Any CPU
		{8258F002-0F2F-43F7-A9FA-DD1E4171D3A9}.Debug|x86.Build.0 = Debug|Any CPU
		{8258F002-0F2F-43F7-A9FA-DD1E4171D3A9}.Release|Any CPU.ActiveCfg = Release|Any CPU
		{8258F002-0F2F-43F7-A9FA-DD1E4171D3A9}.Release|Any CPU.Build.0 = Release|Any CPU
		{8258F002-0F2F-43F7-A9FA-DD1E4171D3A9}.Release|ARM.ActiveCfg = Release|Any CPU
		{8258F002-0F2F-43F7-A9FA-DD1E4171D3A9}.Release|ARM.Build.0 = Release|Any CPU
		{8258F002-0F2F-43F7-A9FA-DD1E4171D3A9}.Release|iPhone.ActiveCfg = Release|Any CPU
		{8258F002-0F2F-43F7-A9FA-DD1E4171D3A9}.Release|iPhone.Build.0 = Release|Any CPU
		{8258F002-0F2F-43F7-A9FA-DD1E4171D3A9}.Release|iPhoneSimulator.ActiveCfg = Release|Any CPU
		{8258F002-0F2F-43F7-A9FA-DD1E4171D3A9}.Release|iPhoneSimulator.Build.0 = Release|Any CPU
		{8258F002-0F2F-43F7-A9FA-DD1E4171D3A9}.Release|x64.ActiveCfg = Release|Any CPU
		{8258F002-0F2F-43F7-A9FA-DD1E4171D3A9}.Release|x64.Build.0 = Release|Any CPU
		{8258F002-0F2F-43F7-A9FA-DD1E4171D3A9}.Release|x86.ActiveCfg = Release|Any CPU
		{8258F002-0F2F-43F7-A9FA-DD1E4171D3A9}.Release|x86.Build.0 = Release|Any CPU
		{C207BFD0-D1EB-4F82-AF7A-120A862AFE1C}.Ad-Hoc|Any CPU.ActiveCfg = Release|Any CPU
		{C207BFD0-D1EB-4F82-AF7A-120A862AFE1C}.Ad-Hoc|Any CPU.Build.0 = Release|Any CPU
		{C207BFD0-D1EB-4F82-AF7A-120A862AFE1C}.Ad-Hoc|ARM.ActiveCfg = Release|Any CPU
		{C207BFD0-D1EB-4F82-AF7A-120A862AFE1C}.Ad-Hoc|ARM.Build.0 = Release|Any CPU
		{C207BFD0-D1EB-4F82-AF7A-120A862AFE1C}.Ad-Hoc|iPhone.ActiveCfg = Release|Any CPU
		{C207BFD0-D1EB-4F82-AF7A-120A862AFE1C}.Ad-Hoc|iPhone.Build.0 = Release|Any CPU
		{C207BFD0-D1EB-4F82-AF7A-120A862AFE1C}.Ad-Hoc|iPhoneSimulator.ActiveCfg = Release|Any CPU
		{C207BFD0-D1EB-4F82-AF7A-120A862AFE1C}.Ad-Hoc|iPhoneSimulator.Build.0 = Release|Any CPU
		{C207BFD0-D1EB-4F82-AF7A-120A862AFE1C}.Ad-Hoc|x64.ActiveCfg = Release|Any CPU
		{C207BFD0-D1EB-4F82-AF7A-120A862AFE1C}.Ad-Hoc|x64.Build.0 = Release|Any CPU
		{C207BFD0-D1EB-4F82-AF7A-120A862AFE1C}.Ad-Hoc|x86.ActiveCfg = Release|Any CPU
		{C207BFD0-D1EB-4F82-AF7A-120A862AFE1C}.Ad-Hoc|x86.Build.0 = Release|Any CPU
		{C207BFD0-D1EB-4F82-AF7A-120A862AFE1C}.AppStore|Any CPU.ActiveCfg = Release|Any CPU
		{C207BFD0-D1EB-4F82-AF7A-120A862AFE1C}.AppStore|Any CPU.Build.0 = Release|Any CPU
		{C207BFD0-D1EB-4F82-AF7A-120A862AFE1C}.AppStore|ARM.ActiveCfg = Release|Any CPU
		{C207BFD0-D1EB-4F82-AF7A-120A862AFE1C}.AppStore|ARM.Build.0 = Release|Any CPU
		{C207BFD0-D1EB-4F82-AF7A-120A862AFE1C}.AppStore|iPhone.ActiveCfg = Release|Any CPU
		{C207BFD0-D1EB-4F82-AF7A-120A862AFE1C}.AppStore|iPhone.Build.0 = Release|Any CPU
		{C207BFD0-D1EB-4F82-AF7A-120A862AFE1C}.AppStore|iPhoneSimulator.ActiveCfg = Release|Any CPU
		{C207BFD0-D1EB-4F82-AF7A-120A862AFE1C}.AppStore|iPhoneSimulator.Build.0 = Release|Any CPU
		{C207BFD0-D1EB-4F82-AF7A-120A862AFE1C}.AppStore|x64.ActiveCfg = Release|Any CPU
		{C207BFD0-D1EB-4F82-AF7A-120A862AFE1C}.AppStore|x64.Build.0 = Release|Any CPU
		{C207BFD0-D1EB-4F82-AF7A-120A862AFE1C}.AppStore|x86.ActiveCfg = Release|Any CPU
		{C207BFD0-D1EB-4F82-AF7A-120A862AFE1C}.AppStore|x86.Build.0 = Release|Any CPU
		{C207BFD0-D1EB-4F82-AF7A-120A862AFE1C}.Debug|Any CPU.ActiveCfg = Debug|Any CPU
		{C207BFD0-D1EB-4F82-AF7A-120A862AFE1C}.Debug|Any CPU.Build.0 = Debug|Any CPU
		{C207BFD0-D1EB-4F82-AF7A-120A862AFE1C}.Debug|ARM.ActiveCfg = Debug|Any CPU
		{C207BFD0-D1EB-4F82-AF7A-120A862AFE1C}.Debug|ARM.Build.0 = Debug|Any CPU
		{C207BFD0-D1EB-4F82-AF7A-120A862AFE1C}.Debug|iPhone.ActiveCfg = Debug|Any CPU
		{C207BFD0-D1EB-4F82-AF7A-120A862AFE1C}.Debug|iPhone.Build.0 = Debug|Any CPU
		{C207BFD0-D1EB-4F82-AF7A-120A862AFE1C}.Debug|iPhoneSimulator.ActiveCfg = Debug|Any CPU
		{C207BFD0-D1EB-4F82-AF7A-120A862AFE1C}.Debug|iPhoneSimulator.Build.0 = Debug|Any CPU
		{C207BFD0-D1EB-4F82-AF7A-120A862AFE1C}.Debug|x64.ActiveCfg = Debug|Any CPU
		{C207BFD0-D1EB-4F82-AF7A-120A862AFE1C}.Debug|x64.Build.0 = Debug|Any CPU
		{C207BFD0-D1EB-4F82-AF7A-120A862AFE1C}.Debug|x86.ActiveCfg = Debug|Any CPU
		{C207BFD0-D1EB-4F82-AF7A-120A862AFE1C}.Debug|x86.Build.0 = Debug|Any CPU
		{C207BFD0-D1EB-4F82-AF7A-120A862AFE1C}.Release|Any CPU.ActiveCfg = Release|Any CPU
		{C207BFD0-D1EB-4F82-AF7A-120A862AFE1C}.Release|Any CPU.Build.0 = Release|Any CPU
		{C207BFD0-D1EB-4F82-AF7A-120A862AFE1C}.Release|ARM.ActiveCfg = Release|Any CPU
		{C207BFD0-D1EB-4F82-AF7A-120A862AFE1C}.Release|ARM.Build.0 = Release|Any CPU
		{C207BFD0-D1EB-4F82-AF7A-120A862AFE1C}.Release|iPhone.ActiveCfg = Release|Any CPU
		{C207BFD0-D1EB-4F82-AF7A-120A862AFE1C}.Release|iPhone.Build.0 = Release|Any CPU
		{C207BFD0-D1EB-4F82-AF7A-120A862AFE1C}.Release|iPhoneSimulator.ActiveCfg = Release|Any CPU
		{C207BFD0-D1EB-4F82-AF7A-120A862AFE1C}.Release|iPhoneSimulator.Build.0 = Release|Any CPU
		{C207BFD0-D1EB-4F82-AF7A-120A862AFE1C}.Release|x64.ActiveCfg = Release|Any CPU
		{C207BFD0-D1EB-4F82-AF7A-120A862AFE1C}.Release|x64.Build.0 = Release|Any CPU
		{C207BFD0-D1EB-4F82-AF7A-120A862AFE1C}.Release|x86.ActiveCfg = Release|Any CPU
		{C207BFD0-D1EB-4F82-AF7A-120A862AFE1C}.Release|x86.Build.0 = Release|Any CPU
		{EBCBAB94-6012-4FEA-98E1-F5FC29B24342}.Ad-Hoc|Any CPU.ActiveCfg = Release|Any CPU
		{EBCBAB94-6012-4FEA-98E1-F5FC29B24342}.Ad-Hoc|Any CPU.Build.0 = Release|Any CPU
		{EBCBAB94-6012-4FEA-98E1-F5FC29B24342}.Ad-Hoc|ARM.ActiveCfg = Release|Any CPU
		{EBCBAB94-6012-4FEA-98E1-F5FC29B24342}.Ad-Hoc|ARM.Build.0 = Release|Any CPU
		{EBCBAB94-6012-4FEA-98E1-F5FC29B24342}.Ad-Hoc|iPhone.ActiveCfg = Release|Any CPU
		{EBCBAB94-6012-4FEA-98E1-F5FC29B24342}.Ad-Hoc|iPhone.Build.0 = Release|Any CPU
		{EBCBAB94-6012-4FEA-98E1-F5FC29B24342}.Ad-Hoc|iPhoneSimulator.ActiveCfg = Release|Any CPU
		{EBCBAB94-6012-4FEA-98E1-F5FC29B24342}.Ad-Hoc|iPhoneSimulator.Build.0 = Release|Any CPU
		{EBCBAB94-6012-4FEA-98E1-F5FC29B24342}.Ad-Hoc|x64.ActiveCfg = Release|Any CPU
		{EBCBAB94-6012-4FEA-98E1-F5FC29B24342}.Ad-Hoc|x64.Build.0 = Release|Any CPU
		{EBCBAB94-6012-4FEA-98E1-F5FC29B24342}.Ad-Hoc|x86.ActiveCfg = Release|Any CPU
		{EBCBAB94-6012-4FEA-98E1-F5FC29B24342}.Ad-Hoc|x86.Build.0 = Release|Any CPU
		{EBCBAB94-6012-4FEA-98E1-F5FC29B24342}.AppStore|Any CPU.ActiveCfg = Release|Any CPU
		{EBCBAB94-6012-4FEA-98E1-F5FC29B24342}.AppStore|Any CPU.Build.0 = Release|Any CPU
		{EBCBAB94-6012-4FEA-98E1-F5FC29B24342}.AppStore|ARM.ActiveCfg = Release|Any CPU
		{EBCBAB94-6012-4FEA-98E1-F5FC29B24342}.AppStore|ARM.Build.0 = Release|Any CPU
		{EBCBAB94-6012-4FEA-98E1-F5FC29B24342}.AppStore|iPhone.ActiveCfg = Release|Any CPU
		{EBCBAB94-6012-4FEA-98E1-F5FC29B24342}.AppStore|iPhone.Build.0 = Release|Any CPU
		{EBCBAB94-6012-4FEA-98E1-F5FC29B24342}.AppStore|iPhoneSimulator.ActiveCfg = Release|Any CPU
		{EBCBAB94-6012-4FEA-98E1-F5FC29B24342}.AppStore|iPhoneSimulator.Build.0 = Release|Any CPU
		{EBCBAB94-6012-4FEA-98E1-F5FC29B24342}.AppStore|x64.ActiveCfg = Release|Any CPU
		{EBCBAB94-6012-4FEA-98E1-F5FC29B24342}.AppStore|x64.Build.0 = Release|Any CPU
		{EBCBAB94-6012-4FEA-98E1-F5FC29B24342}.AppStore|x86.ActiveCfg = Release|Any CPU
		{EBCBAB94-6012-4FEA-98E1-F5FC29B24342}.AppStore|x86.Build.0 = Release|Any CPU
		{EBCBAB94-6012-4FEA-98E1-F5FC29B24342}.Debug|Any CPU.ActiveCfg = Debug|Any CPU
		{EBCBAB94-6012-4FEA-98E1-F5FC29B24342}.Debug|Any CPU.Build.0 = Debug|Any CPU
		{EBCBAB94-6012-4FEA-98E1-F5FC29B24342}.Debug|ARM.ActiveCfg = Debug|Any CPU
		{EBCBAB94-6012-4FEA-98E1-F5FC29B24342}.Debug|ARM.Build.0 = Debug|Any CPU
		{EBCBAB94-6012-4FEA-98E1-F5FC29B24342}.Debug|iPhone.ActiveCfg = Debug|Any CPU
		{EBCBAB94-6012-4FEA-98E1-F5FC29B24342}.Debug|iPhone.Build.0 = Debug|Any CPU
		{EBCBAB94-6012-4FEA-98E1-F5FC29B24342}.Debug|iPhoneSimulator.ActiveCfg = Debug|Any CPU
		{EBCBAB94-6012-4FEA-98E1-F5FC29B24342}.Debug|iPhoneSimulator.Build.0 = Debug|Any CPU
		{EBCBAB94-6012-4FEA-98E1-F5FC29B24342}.Debug|x64.ActiveCfg = Debug|Any CPU
		{EBCBAB94-6012-4FEA-98E1-F5FC29B24342}.Debug|x64.Build.0 = Debug|Any CPU
		{EBCBAB94-6012-4FEA-98E1-F5FC29B24342}.Debug|x86.ActiveCfg = Debug|Any CPU
		{EBCBAB94-6012-4FEA-98E1-F5FC29B24342}.Debug|x86.Build.0 = Debug|Any CPU
		{EBCBAB94-6012-4FEA-98E1-F5FC29B24342}.Release|Any CPU.ActiveCfg = Release|Any CPU
		{EBCBAB94-6012-4FEA-98E1-F5FC29B24342}.Release|Any CPU.Build.0 = Release|Any CPU
		{EBCBAB94-6012-4FEA-98E1-F5FC29B24342}.Release|ARM.ActiveCfg = Release|Any CPU
		{EBCBAB94-6012-4FEA-98E1-F5FC29B24342}.Release|ARM.Build.0 = Release|Any CPU
		{EBCBAB94-6012-4FEA-98E1-F5FC29B24342}.Release|iPhone.ActiveCfg = Release|Any CPU
		{EBCBAB94-6012-4FEA-98E1-F5FC29B24342}.Release|iPhone.Build.0 = Release|Any CPU
		{EBCBAB94-6012-4FEA-98E1-F5FC29B24342}.Release|iPhoneSimulator.ActiveCfg = Release|Any CPU
		{EBCBAB94-6012-4FEA-98E1-F5FC29B24342}.Release|iPhoneSimulator.Build.0 = Release|Any CPU
		{EBCBAB94-6012-4FEA-98E1-F5FC29B24342}.Release|x64.ActiveCfg = Release|Any CPU
		{EBCBAB94-6012-4FEA-98E1-F5FC29B24342}.Release|x64.Build.0 = Release|Any CPU
		{EBCBAB94-6012-4FEA-98E1-F5FC29B24342}.Release|x86.ActiveCfg = Release|Any CPU
		{EBCBAB94-6012-4FEA-98E1-F5FC29B24342}.Release|x86.Build.0 = Release|Any CPU
		{A7A3A82A-6000-4AA1-A1D3-2D6E75C30793}.Ad-Hoc|Any CPU.ActiveCfg = Release|Any CPU
		{A7A3A82A-6000-4AA1-A1D3-2D6E75C30793}.Ad-Hoc|Any CPU.Build.0 = Release|Any CPU
		{A7A3A82A-6000-4AA1-A1D3-2D6E75C30793}.Ad-Hoc|ARM.ActiveCfg = Release|Any CPU
		{A7A3A82A-6000-4AA1-A1D3-2D6E75C30793}.Ad-Hoc|ARM.Build.0 = Release|Any CPU
		{A7A3A82A-6000-4AA1-A1D3-2D6E75C30793}.Ad-Hoc|iPhone.ActiveCfg = Release|Any CPU
		{A7A3A82A-6000-4AA1-A1D3-2D6E75C30793}.Ad-Hoc|iPhone.Build.0 = Release|Any CPU
		{A7A3A82A-6000-4AA1-A1D3-2D6E75C30793}.Ad-Hoc|iPhoneSimulator.ActiveCfg = Release|Any CPU
		{A7A3A82A-6000-4AA1-A1D3-2D6E75C30793}.Ad-Hoc|iPhoneSimulator.Build.0 = Release|Any CPU
		{A7A3A82A-6000-4AA1-A1D3-2D6E75C30793}.Ad-Hoc|x64.ActiveCfg = Release|Any CPU
		{A7A3A82A-6000-4AA1-A1D3-2D6E75C30793}.Ad-Hoc|x64.Build.0 = Release|Any CPU
		{A7A3A82A-6000-4AA1-A1D3-2D6E75C30793}.Ad-Hoc|x86.ActiveCfg = Release|Any CPU
		{A7A3A82A-6000-4AA1-A1D3-2D6E75C30793}.Ad-Hoc|x86.Build.0 = Release|Any CPU
		{A7A3A82A-6000-4AA1-A1D3-2D6E75C30793}.AppStore|Any CPU.ActiveCfg = Release|Any CPU
		{A7A3A82A-6000-4AA1-A1D3-2D6E75C30793}.AppStore|Any CPU.Build.0 = Release|Any CPU
		{A7A3A82A-6000-4AA1-A1D3-2D6E75C30793}.AppStore|ARM.ActiveCfg = Release|Any CPU
		{A7A3A82A-6000-4AA1-A1D3-2D6E75C30793}.AppStore|ARM.Build.0 = Release|Any CPU
		{A7A3A82A-6000-4AA1-A1D3-2D6E75C30793}.AppStore|iPhone.ActiveCfg = Release|Any CPU
		{A7A3A82A-6000-4AA1-A1D3-2D6E75C30793}.AppStore|iPhone.Build.0 = Release|Any CPU
		{A7A3A82A-6000-4AA1-A1D3-2D6E75C30793}.AppStore|iPhoneSimulator.ActiveCfg = Release|Any CPU
		{A7A3A82A-6000-4AA1-A1D3-2D6E75C30793}.AppStore|iPhoneSimulator.Build.0 = Release|Any CPU
		{A7A3A82A-6000-4AA1-A1D3-2D6E75C30793}.AppStore|x64.ActiveCfg = Release|Any CPU
		{A7A3A82A-6000-4AA1-A1D3-2D6E75C30793}.AppStore|x64.Build.0 = Release|Any CPU
		{A7A3A82A-6000-4AA1-A1D3-2D6E75C30793}.AppStore|x86.ActiveCfg = Release|Any CPU
		{A7A3A82A-6000-4AA1-A1D3-2D6E75C30793}.AppStore|x86.Build.0 = Release|Any CPU
		{A7A3A82A-6000-4AA1-A1D3-2D6E75C30793}.Debug|Any CPU.ActiveCfg = Debug|Any CPU
		{A7A3A82A-6000-4AA1-A1D3-2D6E75C30793}.Debug|Any CPU.Build.0 = Debug|Any CPU
		{A7A3A82A-6000-4AA1-A1D3-2D6E75C30793}.Debug|ARM.ActiveCfg = Debug|Any CPU
		{A7A3A82A-6000-4AA1-A1D3-2D6E75C30793}.Debug|ARM.Build.0 = Debug|Any CPU
		{A7A3A82A-6000-4AA1-A1D3-2D6E75C30793}.Debug|iPhone.ActiveCfg = Debug|Any CPU
		{A7A3A82A-6000-4AA1-A1D3-2D6E75C30793}.Debug|iPhone.Build.0 = Debug|Any CPU
		{A7A3A82A-6000-4AA1-A1D3-2D6E75C30793}.Debug|iPhoneSimulator.ActiveCfg = Debug|Any CPU
		{A7A3A82A-6000-4AA1-A1D3-2D6E75C30793}.Debug|iPhoneSimulator.Build.0 = Debug|Any CPU
		{A7A3A82A-6000-4AA1-A1D3-2D6E75C30793}.Debug|x64.ActiveCfg = Debug|Any CPU
		{A7A3A82A-6000-4AA1-A1D3-2D6E75C30793}.Debug|x64.Build.0 = Debug|Any CPU
		{A7A3A82A-6000-4AA1-A1D3-2D6E75C30793}.Debug|x86.ActiveCfg = Debug|Any CPU
		{A7A3A82A-6000-4AA1-A1D3-2D6E75C30793}.Debug|x86.Build.0 = Debug|Any CPU
		{A7A3A82A-6000-4AA1-A1D3-2D6E75C30793}.Release|Any CPU.ActiveCfg = Release|Any CPU
		{A7A3A82A-6000-4AA1-A1D3-2D6E75C30793}.Release|Any CPU.Build.0 = Release|Any CPU
		{A7A3A82A-6000-4AA1-A1D3-2D6E75C30793}.Release|ARM.ActiveCfg = Release|Any CPU
		{A7A3A82A-6000-4AA1-A1D3-2D6E75C30793}.Release|ARM.Build.0 = Release|Any CPU
		{A7A3A82A-6000-4AA1-A1D3-2D6E75C30793}.Release|iPhone.ActiveCfg = Release|Any CPU
		{A7A3A82A-6000-4AA1-A1D3-2D6E75C30793}.Release|iPhone.Build.0 = Release|Any CPU
		{A7A3A82A-6000-4AA1-A1D3-2D6E75C30793}.Release|iPhoneSimulator.ActiveCfg = Release|Any CPU
		{A7A3A82A-6000-4AA1-A1D3-2D6E75C30793}.Release|iPhoneSimulator.Build.0 = Release|Any CPU
		{A7A3A82A-6000-4AA1-A1D3-2D6E75C30793}.Release|x64.ActiveCfg = Release|Any CPU
		{A7A3A82A-6000-4AA1-A1D3-2D6E75C30793}.Release|x64.Build.0 = Release|Any CPU
		{A7A3A82A-6000-4AA1-A1D3-2D6E75C30793}.Release|x86.ActiveCfg = Release|Any CPU
		{A7A3A82A-6000-4AA1-A1D3-2D6E75C30793}.Release|x86.Build.0 = Release|Any CPU
		{782F1C59-5C1A-401F-9CA5-89EDD80E37D9}.Ad-Hoc|Any CPU.ActiveCfg = Release|Any CPU
		{782F1C59-5C1A-401F-9CA5-89EDD80E37D9}.Ad-Hoc|Any CPU.Build.0 = Release|Any CPU
		{782F1C59-5C1A-401F-9CA5-89EDD80E37D9}.Ad-Hoc|ARM.ActiveCfg = Release|Any CPU
		{782F1C59-5C1A-401F-9CA5-89EDD80E37D9}.Ad-Hoc|ARM.Build.0 = Release|Any CPU
		{782F1C59-5C1A-401F-9CA5-89EDD80E37D9}.Ad-Hoc|iPhone.ActiveCfg = Release|Any CPU
		{782F1C59-5C1A-401F-9CA5-89EDD80E37D9}.Ad-Hoc|iPhone.Build.0 = Release|Any CPU
		{782F1C59-5C1A-401F-9CA5-89EDD80E37D9}.Ad-Hoc|iPhoneSimulator.ActiveCfg = Release|Any CPU
		{782F1C59-5C1A-401F-9CA5-89EDD80E37D9}.Ad-Hoc|iPhoneSimulator.Build.0 = Release|Any CPU
		{782F1C59-5C1A-401F-9CA5-89EDD80E37D9}.Ad-Hoc|x64.ActiveCfg = Release|Any CPU
		{782F1C59-5C1A-401F-9CA5-89EDD80E37D9}.Ad-Hoc|x64.Build.0 = Release|Any CPU
		{782F1C59-5C1A-401F-9CA5-89EDD80E37D9}.Ad-Hoc|x86.ActiveCfg = Release|Any CPU
		{782F1C59-5C1A-401F-9CA5-89EDD80E37D9}.Ad-Hoc|x86.Build.0 = Release|Any CPU
		{782F1C59-5C1A-401F-9CA5-89EDD80E37D9}.AppStore|Any CPU.ActiveCfg = Release|Any CPU
		{782F1C59-5C1A-401F-9CA5-89EDD80E37D9}.AppStore|Any CPU.Build.0 = Release|Any CPU
		{782F1C59-5C1A-401F-9CA5-89EDD80E37D9}.AppStore|ARM.ActiveCfg = Release|Any CPU
		{782F1C59-5C1A-401F-9CA5-89EDD80E37D9}.AppStore|ARM.Build.0 = Release|Any CPU
		{782F1C59-5C1A-401F-9CA5-89EDD80E37D9}.AppStore|iPhone.ActiveCfg = Release|Any CPU
		{782F1C59-5C1A-401F-9CA5-89EDD80E37D9}.AppStore|iPhone.Build.0 = Release|Any CPU
		{782F1C59-5C1A-401F-9CA5-89EDD80E37D9}.AppStore|iPhoneSimulator.ActiveCfg = Release|Any CPU
		{782F1C59-5C1A-401F-9CA5-89EDD80E37D9}.AppStore|iPhoneSimulator.Build.0 = Release|Any CPU
		{782F1C59-5C1A-401F-9CA5-89EDD80E37D9}.AppStore|x64.ActiveCfg = Release|Any CPU
		{782F1C59-5C1A-401F-9CA5-89EDD80E37D9}.AppStore|x64.Build.0 = Release|Any CPU
		{782F1C59-5C1A-401F-9CA5-89EDD80E37D9}.AppStore|x86.ActiveCfg = Release|Any CPU
		{782F1C59-5C1A-401F-9CA5-89EDD80E37D9}.AppStore|x86.Build.0 = Release|Any CPU
		{782F1C59-5C1A-401F-9CA5-89EDD80E37D9}.Debug|Any CPU.ActiveCfg = Debug|Any CPU
		{782F1C59-5C1A-401F-9CA5-89EDD80E37D9}.Debug|Any CPU.Build.0 = Debug|Any CPU
		{782F1C59-5C1A-401F-9CA5-89EDD80E37D9}.Debug|ARM.ActiveCfg = Debug|Any CPU
		{782F1C59-5C1A-401F-9CA5-89EDD80E37D9}.Debug|ARM.Build.0 = Debug|Any CPU
		{782F1C59-5C1A-401F-9CA5-89EDD80E37D9}.Debug|iPhone.ActiveCfg = Debug|Any CPU
		{782F1C59-5C1A-401F-9CA5-89EDD80E37D9}.Debug|iPhone.Build.0 = Debug|Any CPU
		{782F1C59-5C1A-401F-9CA5-89EDD80E37D9}.Debug|iPhoneSimulator.ActiveCfg = Debug|Any CPU
		{782F1C59-5C1A-401F-9CA5-89EDD80E37D9}.Debug|iPhoneSimulator.Build.0 = Debug|Any CPU
		{782F1C59-5C1A-401F-9CA5-89EDD80E37D9}.Debug|x64.ActiveCfg = Debug|Any CPU
		{782F1C59-5C1A-401F-9CA5-89EDD80E37D9}.Debug|x64.Build.0 = Debug|Any CPU
		{782F1C59-5C1A-401F-9CA5-89EDD80E37D9}.Debug|x86.ActiveCfg = Debug|Any CPU
		{782F1C59-5C1A-401F-9CA5-89EDD80E37D9}.Debug|x86.Build.0 = Debug|Any CPU
		{782F1C59-5C1A-401F-9CA5-89EDD80E37D9}.Release|Any CPU.ActiveCfg = Release|Any CPU
		{782F1C59-5C1A-401F-9CA5-89EDD80E37D9}.Release|Any CPU.Build.0 = Release|Any CPU
		{782F1C59-5C1A-401F-9CA5-89EDD80E37D9}.Release|ARM.ActiveCfg = Release|Any CPU
		{782F1C59-5C1A-401F-9CA5-89EDD80E37D9}.Release|ARM.Build.0 = Release|Any CPU
		{782F1C59-5C1A-401F-9CA5-89EDD80E37D9}.Release|iPhone.ActiveCfg = Release|Any CPU
		{782F1C59-5C1A-401F-9CA5-89EDD80E37D9}.Release|iPhone.Build.0 = Release|Any CPU
		{782F1C59-5C1A-401F-9CA5-89EDD80E37D9}.Release|iPhoneSimulator.ActiveCfg = Release|Any CPU
		{782F1C59-5C1A-401F-9CA5-89EDD80E37D9}.Release|iPhoneSimulator.Build.0 = Release|Any CPU
		{782F1C59-5C1A-401F-9CA5-89EDD80E37D9}.Release|x64.ActiveCfg = Release|Any CPU
		{782F1C59-5C1A-401F-9CA5-89EDD80E37D9}.Release|x64.Build.0 = Release|Any CPU
		{782F1C59-5C1A-401F-9CA5-89EDD80E37D9}.Release|x86.ActiveCfg = Release|Any CPU
		{782F1C59-5C1A-401F-9CA5-89EDD80E37D9}.Release|x86.Build.0 = Release|Any CPU
		{43AF29D3-621C-4BAA-BE1D-9EB32E2655AF}.Ad-Hoc|Any CPU.ActiveCfg = Release|Any CPU
		{43AF29D3-621C-4BAA-BE1D-9EB32E2655AF}.Ad-Hoc|Any CPU.Build.0 = Release|Any CPU
		{43AF29D3-621C-4BAA-BE1D-9EB32E2655AF}.Ad-Hoc|ARM.ActiveCfg = Release|Any CPU
		{43AF29D3-621C-4BAA-BE1D-9EB32E2655AF}.Ad-Hoc|ARM.Build.0 = Release|Any CPU
		{43AF29D3-621C-4BAA-BE1D-9EB32E2655AF}.Ad-Hoc|iPhone.ActiveCfg = Release|Any CPU
		{43AF29D3-621C-4BAA-BE1D-9EB32E2655AF}.Ad-Hoc|iPhone.Build.0 = Release|Any CPU
		{43AF29D3-621C-4BAA-BE1D-9EB32E2655AF}.Ad-Hoc|iPhoneSimulator.ActiveCfg = Release|Any CPU
		{43AF29D3-621C-4BAA-BE1D-9EB32E2655AF}.Ad-Hoc|iPhoneSimulator.Build.0 = Release|Any CPU
		{43AF29D3-621C-4BAA-BE1D-9EB32E2655AF}.Ad-Hoc|x64.ActiveCfg = Release|Any CPU
		{43AF29D3-621C-4BAA-BE1D-9EB32E2655AF}.Ad-Hoc|x64.Build.0 = Release|Any CPU
		{43AF29D3-621C-4BAA-BE1D-9EB32E2655AF}.Ad-Hoc|x86.ActiveCfg = Release|Any CPU
		{43AF29D3-621C-4BAA-BE1D-9EB32E2655AF}.Ad-Hoc|x86.Build.0 = Release|Any CPU
		{43AF29D3-621C-4BAA-BE1D-9EB32E2655AF}.AppStore|Any CPU.ActiveCfg = Release|Any CPU
		{43AF29D3-621C-4BAA-BE1D-9EB32E2655AF}.AppStore|Any CPU.Build.0 = Release|Any CPU
		{43AF29D3-621C-4BAA-BE1D-9EB32E2655AF}.AppStore|ARM.ActiveCfg = Release|Any CPU
		{43AF29D3-621C-4BAA-BE1D-9EB32E2655AF}.AppStore|ARM.Build.0 = Release|Any CPU
		{43AF29D3-621C-4BAA-BE1D-9EB32E2655AF}.AppStore|iPhone.ActiveCfg = Release|Any CPU
		{43AF29D3-621C-4BAA-BE1D-9EB32E2655AF}.AppStore|iPhone.Build.0 = Release|Any CPU
		{43AF29D3-621C-4BAA-BE1D-9EB32E2655AF}.AppStore|iPhoneSimulator.ActiveCfg = Release|Any CPU
		{43AF29D3-621C-4BAA-BE1D-9EB32E2655AF}.AppStore|iPhoneSimulator.Build.0 = Release|Any CPU
		{43AF29D3-621C-4BAA-BE1D-9EB32E2655AF}.AppStore|x64.ActiveCfg = Release|Any CPU
		{43AF29D3-621C-4BAA-BE1D-9EB32E2655AF}.AppStore|x64.Build.0 = Release|Any CPU
		{43AF29D3-621C-4BAA-BE1D-9EB32E2655AF}.AppStore|x86.ActiveCfg = Release|Any CPU
		{43AF29D3-621C-4BAA-BE1D-9EB32E2655AF}.AppStore|x86.Build.0 = Release|Any CPU
		{43AF29D3-621C-4BAA-BE1D-9EB32E2655AF}.Debug|Any CPU.ActiveCfg = Debug|Any CPU
		{43AF29D3-621C-4BAA-BE1D-9EB32E2655AF}.Debug|Any CPU.Build.0 = Debug|Any CPU
		{43AF29D3-621C-4BAA-BE1D-9EB32E2655AF}.Debug|ARM.ActiveCfg = Debug|Any CPU
		{43AF29D3-621C-4BAA-BE1D-9EB32E2655AF}.Debug|ARM.Build.0 = Debug|Any CPU
		{43AF29D3-621C-4BAA-BE1D-9EB32E2655AF}.Debug|iPhone.ActiveCfg = Debug|Any CPU
		{43AF29D3-621C-4BAA-BE1D-9EB32E2655AF}.Debug|iPhone.Build.0 = Debug|Any CPU
		{43AF29D3-621C-4BAA-BE1D-9EB32E2655AF}.Debug|iPhoneSimulator.ActiveCfg = Debug|Any CPU
		{43AF29D3-621C-4BAA-BE1D-9EB32E2655AF}.Debug|iPhoneSimulator.Build.0 = Debug|Any CPU
		{43AF29D3-621C-4BAA-BE1D-9EB32E2655AF}.Debug|x64.ActiveCfg = Debug|Any CPU
		{43AF29D3-621C-4BAA-BE1D-9EB32E2655AF}.Debug|x64.Build.0 = Debug|Any CPU
		{43AF29D3-621C-4BAA-BE1D-9EB32E2655AF}.Debug|x86.ActiveCfg = Debug|Any CPU
		{43AF29D3-621C-4BAA-BE1D-9EB32E2655AF}.Debug|x86.Build.0 = Debug|Any CPU
		{43AF29D3-621C-4BAA-BE1D-9EB32E2655AF}.Release|Any CPU.ActiveCfg = Release|Any CPU
		{43AF29D3-621C-4BAA-BE1D-9EB32E2655AF}.Release|Any CPU.Build.0 = Release|Any CPU
		{43AF29D3-621C-4BAA-BE1D-9EB32E2655AF}.Release|ARM.ActiveCfg = Release|Any CPU
		{43AF29D3-621C-4BAA-BE1D-9EB32E2655AF}.Release|ARM.Build.0 = Release|Any CPU
		{43AF29D3-621C-4BAA-BE1D-9EB32E2655AF}.Release|iPhone.ActiveCfg = Release|Any CPU
		{43AF29D3-621C-4BAA-BE1D-9EB32E2655AF}.Release|iPhone.Build.0 = Release|Any CPU
		{43AF29D3-621C-4BAA-BE1D-9EB32E2655AF}.Release|iPhoneSimulator.ActiveCfg = Release|Any CPU
		{43AF29D3-621C-4BAA-BE1D-9EB32E2655AF}.Release|iPhoneSimulator.Build.0 = Release|Any CPU
		{43AF29D3-621C-4BAA-BE1D-9EB32E2655AF}.Release|x64.ActiveCfg = Release|Any CPU
		{43AF29D3-621C-4BAA-BE1D-9EB32E2655AF}.Release|x64.Build.0 = Release|Any CPU
		{43AF29D3-621C-4BAA-BE1D-9EB32E2655AF}.Release|x86.ActiveCfg = Release|Any CPU
		{43AF29D3-621C-4BAA-BE1D-9EB32E2655AF}.Release|x86.Build.0 = Release|Any CPU
		{F80616E7-BBA4-4FE2-B19A-BB9197101534}.Ad-Hoc|Any CPU.ActiveCfg = Debug|Any CPU
		{F80616E7-BBA4-4FE2-B19A-BB9197101534}.Ad-Hoc|Any CPU.Build.0 = Debug|Any CPU
		{F80616E7-BBA4-4FE2-B19A-BB9197101534}.Ad-Hoc|ARM.ActiveCfg = Debug|Any CPU
		{F80616E7-BBA4-4FE2-B19A-BB9197101534}.Ad-Hoc|ARM.Build.0 = Debug|Any CPU
		{F80616E7-BBA4-4FE2-B19A-BB9197101534}.Ad-Hoc|iPhone.ActiveCfg = Debug|Any CPU
		{F80616E7-BBA4-4FE2-B19A-BB9197101534}.Ad-Hoc|iPhone.Build.0 = Debug|Any CPU
		{F80616E7-BBA4-4FE2-B19A-BB9197101534}.Ad-Hoc|iPhoneSimulator.ActiveCfg = Debug|Any CPU
		{F80616E7-BBA4-4FE2-B19A-BB9197101534}.Ad-Hoc|iPhoneSimulator.Build.0 = Debug|Any CPU
		{F80616E7-BBA4-4FE2-B19A-BB9197101534}.Ad-Hoc|x64.ActiveCfg = Debug|Any CPU
		{F80616E7-BBA4-4FE2-B19A-BB9197101534}.Ad-Hoc|x64.Build.0 = Debug|Any CPU
		{F80616E7-BBA4-4FE2-B19A-BB9197101534}.Ad-Hoc|x86.ActiveCfg = Debug|Any CPU
		{F80616E7-BBA4-4FE2-B19A-BB9197101534}.Ad-Hoc|x86.Build.0 = Debug|Any CPU
		{F80616E7-BBA4-4FE2-B19A-BB9197101534}.AppStore|Any CPU.ActiveCfg = Debug|Any CPU
		{F80616E7-BBA4-4FE2-B19A-BB9197101534}.AppStore|Any CPU.Build.0 = Debug|Any CPU
		{F80616E7-BBA4-4FE2-B19A-BB9197101534}.AppStore|ARM.ActiveCfg = Debug|Any CPU
		{F80616E7-BBA4-4FE2-B19A-BB9197101534}.AppStore|ARM.Build.0 = Debug|Any CPU
		{F80616E7-BBA4-4FE2-B19A-BB9197101534}.AppStore|iPhone.ActiveCfg = Debug|Any CPU
		{F80616E7-BBA4-4FE2-B19A-BB9197101534}.AppStore|iPhone.Build.0 = Debug|Any CPU
		{F80616E7-BBA4-4FE2-B19A-BB9197101534}.AppStore|iPhoneSimulator.ActiveCfg = Debug|Any CPU
		{F80616E7-BBA4-4FE2-B19A-BB9197101534}.AppStore|iPhoneSimulator.Build.0 = Debug|Any CPU
		{F80616E7-BBA4-4FE2-B19A-BB9197101534}.AppStore|x64.ActiveCfg = Debug|Any CPU
		{F80616E7-BBA4-4FE2-B19A-BB9197101534}.AppStore|x64.Build.0 = Debug|Any CPU
		{F80616E7-BBA4-4FE2-B19A-BB9197101534}.AppStore|x86.ActiveCfg = Debug|Any CPU
		{F80616E7-BBA4-4FE2-B19A-BB9197101534}.AppStore|x86.Build.0 = Debug|Any CPU
		{F80616E7-BBA4-4FE2-B19A-BB9197101534}.Debug|Any CPU.ActiveCfg = Debug|Any CPU
		{F80616E7-BBA4-4FE2-B19A-BB9197101534}.Debug|Any CPU.Build.0 = Debug|Any CPU
		{F80616E7-BBA4-4FE2-B19A-BB9197101534}.Debug|ARM.ActiveCfg = Debug|Any CPU
		{F80616E7-BBA4-4FE2-B19A-BB9197101534}.Debug|ARM.Build.0 = Debug|Any CPU
		{F80616E7-BBA4-4FE2-B19A-BB9197101534}.Debug|iPhone.ActiveCfg = Debug|Any CPU
		{F80616E7-BBA4-4FE2-B19A-BB9197101534}.Debug|iPhone.Build.0 = Debug|Any CPU
		{F80616E7-BBA4-4FE2-B19A-BB9197101534}.Debug|iPhoneSimulator.ActiveCfg = Debug|Any CPU
		{F80616E7-BBA4-4FE2-B19A-BB9197101534}.Debug|iPhoneSimulator.Build.0 = Debug|Any CPU
		{F80616E7-BBA4-4FE2-B19A-BB9197101534}.Debug|x64.ActiveCfg = Debug|Any CPU
		{F80616E7-BBA4-4FE2-B19A-BB9197101534}.Debug|x64.Build.0 = Debug|Any CPU
		{F80616E7-BBA4-4FE2-B19A-BB9197101534}.Debug|x86.ActiveCfg = Debug|Any CPU
		{F80616E7-BBA4-4FE2-B19A-BB9197101534}.Debug|x86.Build.0 = Debug|Any CPU
		{F80616E7-BBA4-4FE2-B19A-BB9197101534}.Release|Any CPU.ActiveCfg = Release|Any CPU
		{F80616E7-BBA4-4FE2-B19A-BB9197101534}.Release|Any CPU.Build.0 = Release|Any CPU
		{F80616E7-BBA4-4FE2-B19A-BB9197101534}.Release|ARM.ActiveCfg = Release|Any CPU
		{F80616E7-BBA4-4FE2-B19A-BB9197101534}.Release|ARM.Build.0 = Release|Any CPU
		{F80616E7-BBA4-4FE2-B19A-BB9197101534}.Release|iPhone.ActiveCfg = Release|Any CPU
		{F80616E7-BBA4-4FE2-B19A-BB9197101534}.Release|iPhone.Build.0 = Release|Any CPU
		{F80616E7-BBA4-4FE2-B19A-BB9197101534}.Release|iPhoneSimulator.ActiveCfg = Release|Any CPU
		{F80616E7-BBA4-4FE2-B19A-BB9197101534}.Release|iPhoneSimulator.Build.0 = Release|Any CPU
		{F80616E7-BBA4-4FE2-B19A-BB9197101534}.Release|x64.ActiveCfg = Release|Any CPU
		{F80616E7-BBA4-4FE2-B19A-BB9197101534}.Release|x64.Build.0 = Release|Any CPU
		{F80616E7-BBA4-4FE2-B19A-BB9197101534}.Release|x86.ActiveCfg = Release|Any CPU
		{F80616E7-BBA4-4FE2-B19A-BB9197101534}.Release|x86.Build.0 = Release|Any CPU
		{9EE1507D-C6EA-4D3D-88F6-E355611BF00C}.Ad-Hoc|Any CPU.ActiveCfg = Release|Any CPU
		{9EE1507D-C6EA-4D3D-88F6-E355611BF00C}.Ad-Hoc|Any CPU.Build.0 = Release|Any CPU
		{9EE1507D-C6EA-4D3D-88F6-E355611BF00C}.Ad-Hoc|ARM.ActiveCfg = Release|Any CPU
		{9EE1507D-C6EA-4D3D-88F6-E355611BF00C}.Ad-Hoc|ARM.Build.0 = Release|Any CPU
		{9EE1507D-C6EA-4D3D-88F6-E355611BF00C}.Ad-Hoc|iPhone.ActiveCfg = Release|Any CPU
		{9EE1507D-C6EA-4D3D-88F6-E355611BF00C}.Ad-Hoc|iPhone.Build.0 = Release|Any CPU
		{9EE1507D-C6EA-4D3D-88F6-E355611BF00C}.Ad-Hoc|iPhoneSimulator.ActiveCfg = Release|Any CPU
		{9EE1507D-C6EA-4D3D-88F6-E355611BF00C}.Ad-Hoc|iPhoneSimulator.Build.0 = Release|Any CPU
		{9EE1507D-C6EA-4D3D-88F6-E355611BF00C}.Ad-Hoc|x64.ActiveCfg = Release|Any CPU
		{9EE1507D-C6EA-4D3D-88F6-E355611BF00C}.Ad-Hoc|x64.Build.0 = Release|Any CPU
		{9EE1507D-C6EA-4D3D-88F6-E355611BF00C}.Ad-Hoc|x86.ActiveCfg = Release|Any CPU
		{9EE1507D-C6EA-4D3D-88F6-E355611BF00C}.Ad-Hoc|x86.Build.0 = Release|Any CPU
		{9EE1507D-C6EA-4D3D-88F6-E355611BF00C}.AppStore|Any CPU.ActiveCfg = Release|Any CPU
		{9EE1507D-C6EA-4D3D-88F6-E355611BF00C}.AppStore|Any CPU.Build.0 = Release|Any CPU
		{9EE1507D-C6EA-4D3D-88F6-E355611BF00C}.AppStore|ARM.ActiveCfg = Release|Any CPU
		{9EE1507D-C6EA-4D3D-88F6-E355611BF00C}.AppStore|ARM.Build.0 = Release|Any CPU
		{9EE1507D-C6EA-4D3D-88F6-E355611BF00C}.AppStore|iPhone.ActiveCfg = Release|Any CPU
		{9EE1507D-C6EA-4D3D-88F6-E355611BF00C}.AppStore|iPhone.Build.0 = Release|Any CPU
		{9EE1507D-C6EA-4D3D-88F6-E355611BF00C}.AppStore|iPhoneSimulator.ActiveCfg = Release|Any CPU
		{9EE1507D-C6EA-4D3D-88F6-E355611BF00C}.AppStore|iPhoneSimulator.Build.0 = Release|Any CPU
		{9EE1507D-C6EA-4D3D-88F6-E355611BF00C}.AppStore|x64.ActiveCfg = Release|Any CPU
		{9EE1507D-C6EA-4D3D-88F6-E355611BF00C}.AppStore|x64.Build.0 = Release|Any CPU
		{9EE1507D-C6EA-4D3D-88F6-E355611BF00C}.AppStore|x86.ActiveCfg = Release|Any CPU
		{9EE1507D-C6EA-4D3D-88F6-E355611BF00C}.AppStore|x86.Build.0 = Release|Any CPU
		{9EE1507D-C6EA-4D3D-88F6-E355611BF00C}.Debug|Any CPU.ActiveCfg = Debug|Any CPU
		{9EE1507D-C6EA-4D3D-88F6-E355611BF00C}.Debug|Any CPU.Build.0 = Debug|Any CPU
		{9EE1507D-C6EA-4D3D-88F6-E355611BF00C}.Debug|ARM.ActiveCfg = Debug|Any CPU
		{9EE1507D-C6EA-4D3D-88F6-E355611BF00C}.Debug|ARM.Build.0 = Debug|Any CPU
		{9EE1507D-C6EA-4D3D-88F6-E355611BF00C}.Debug|iPhone.ActiveCfg = Debug|Any CPU
		{9EE1507D-C6EA-4D3D-88F6-E355611BF00C}.Debug|iPhone.Build.0 = Debug|Any CPU
		{9EE1507D-C6EA-4D3D-88F6-E355611BF00C}.Debug|iPhoneSimulator.ActiveCfg = Debug|Any CPU
		{9EE1507D-C6EA-4D3D-88F6-E355611BF00C}.Debug|iPhoneSimulator.Build.0 = Debug|Any CPU
		{9EE1507D-C6EA-4D3D-88F6-E355611BF00C}.Debug|x64.ActiveCfg = Debug|Any CPU
		{9EE1507D-C6EA-4D3D-88F6-E355611BF00C}.Debug|x64.Build.0 = Debug|Any CPU
		{9EE1507D-C6EA-4D3D-88F6-E355611BF00C}.Debug|x86.ActiveCfg = Debug|Any CPU
		{9EE1507D-C6EA-4D3D-88F6-E355611BF00C}.Debug|x86.Build.0 = Debug|Any CPU
		{9EE1507D-C6EA-4D3D-88F6-E355611BF00C}.Release|Any CPU.ActiveCfg = Release|Any CPU
		{9EE1507D-C6EA-4D3D-88F6-E355611BF00C}.Release|Any CPU.Build.0 = Release|Any CPU
		{9EE1507D-C6EA-4D3D-88F6-E355611BF00C}.Release|ARM.ActiveCfg = Release|Any CPU
		{9EE1507D-C6EA-4D3D-88F6-E355611BF00C}.Release|ARM.Build.0 = Release|Any CPU
		{9EE1507D-C6EA-4D3D-88F6-E355611BF00C}.Release|iPhone.ActiveCfg = Release|Any CPU
		{9EE1507D-C6EA-4D3D-88F6-E355611BF00C}.Release|iPhone.Build.0 = Release|Any CPU
		{9EE1507D-C6EA-4D3D-88F6-E355611BF00C}.Release|iPhoneSimulator.ActiveCfg = Release|Any CPU
		{9EE1507D-C6EA-4D3D-88F6-E355611BF00C}.Release|iPhoneSimulator.Build.0 = Release|Any CPU
		{9EE1507D-C6EA-4D3D-88F6-E355611BF00C}.Release|x64.ActiveCfg = Release|Any CPU
		{9EE1507D-C6EA-4D3D-88F6-E355611BF00C}.Release|x64.Build.0 = Release|Any CPU
		{9EE1507D-C6EA-4D3D-88F6-E355611BF00C}.Release|x86.ActiveCfg = Release|Any CPU
		{9EE1507D-C6EA-4D3D-88F6-E355611BF00C}.Release|x86.Build.0 = Release|Any CPU
		{6AE11625-9920-4D7A-B1C2-3EA184AE50F4}.Ad-Hoc|Any CPU.ActiveCfg = Release|Any CPU
		{6AE11625-9920-4D7A-B1C2-3EA184AE50F4}.Ad-Hoc|Any CPU.Build.0 = Release|Any CPU
		{6AE11625-9920-4D7A-B1C2-3EA184AE50F4}.Ad-Hoc|ARM.ActiveCfg = Release|Any CPU
		{6AE11625-9920-4D7A-B1C2-3EA184AE50F4}.Ad-Hoc|ARM.Build.0 = Release|Any CPU
		{6AE11625-9920-4D7A-B1C2-3EA184AE50F4}.Ad-Hoc|iPhone.ActiveCfg = Release|Any CPU
		{6AE11625-9920-4D7A-B1C2-3EA184AE50F4}.Ad-Hoc|iPhone.Build.0 = Release|Any CPU
		{6AE11625-9920-4D7A-B1C2-3EA184AE50F4}.Ad-Hoc|iPhoneSimulator.ActiveCfg = Release|Any CPU
		{6AE11625-9920-4D7A-B1C2-3EA184AE50F4}.Ad-Hoc|iPhoneSimulator.Build.0 = Release|Any CPU
		{6AE11625-9920-4D7A-B1C2-3EA184AE50F4}.Ad-Hoc|x64.ActiveCfg = Release|Any CPU
		{6AE11625-9920-4D7A-B1C2-3EA184AE50F4}.Ad-Hoc|x64.Build.0 = Release|Any CPU
		{6AE11625-9920-4D7A-B1C2-3EA184AE50F4}.Ad-Hoc|x86.ActiveCfg = Release|Any CPU
		{6AE11625-9920-4D7A-B1C2-3EA184AE50F4}.Ad-Hoc|x86.Build.0 = Release|Any CPU
		{6AE11625-9920-4D7A-B1C2-3EA184AE50F4}.AppStore|Any CPU.ActiveCfg = Release|Any CPU
		{6AE11625-9920-4D7A-B1C2-3EA184AE50F4}.AppStore|Any CPU.Build.0 = Release|Any CPU
		{6AE11625-9920-4D7A-B1C2-3EA184AE50F4}.AppStore|ARM.ActiveCfg = Release|Any CPU
		{6AE11625-9920-4D7A-B1C2-3EA184AE50F4}.AppStore|ARM.Build.0 = Release|Any CPU
		{6AE11625-9920-4D7A-B1C2-3EA184AE50F4}.AppStore|iPhone.ActiveCfg = Release|Any CPU
		{6AE11625-9920-4D7A-B1C2-3EA184AE50F4}.AppStore|iPhone.Build.0 = Release|Any CPU
		{6AE11625-9920-4D7A-B1C2-3EA184AE50F4}.AppStore|iPhoneSimulator.ActiveCfg = Release|Any CPU
		{6AE11625-9920-4D7A-B1C2-3EA184AE50F4}.AppStore|iPhoneSimulator.Build.0 = Release|Any CPU
		{6AE11625-9920-4D7A-B1C2-3EA184AE50F4}.AppStore|x64.ActiveCfg = Release|Any CPU
		{6AE11625-9920-4D7A-B1C2-3EA184AE50F4}.AppStore|x64.Build.0 = Release|Any CPU
		{6AE11625-9920-4D7A-B1C2-3EA184AE50F4}.AppStore|x86.ActiveCfg = Release|Any CPU
		{6AE11625-9920-4D7A-B1C2-3EA184AE50F4}.AppStore|x86.Build.0 = Release|Any CPU
		{6AE11625-9920-4D7A-B1C2-3EA184AE50F4}.Debug|Any CPU.ActiveCfg = Debug|Any CPU
		{6AE11625-9920-4D7A-B1C2-3EA184AE50F4}.Debug|Any CPU.Build.0 = Debug|Any CPU
		{6AE11625-9920-4D7A-B1C2-3EA184AE50F4}.Debug|ARM.ActiveCfg = Debug|Any CPU
		{6AE11625-9920-4D7A-B1C2-3EA184AE50F4}.Debug|ARM.Build.0 = Debug|Any CPU
		{6AE11625-9920-4D7A-B1C2-3EA184AE50F4}.Debug|iPhone.ActiveCfg = Debug|Any CPU
		{6AE11625-9920-4D7A-B1C2-3EA184AE50F4}.Debug|iPhone.Build.0 = Debug|Any CPU
		{6AE11625-9920-4D7A-B1C2-3EA184AE50F4}.Debug|iPhoneSimulator.ActiveCfg = Debug|Any CPU
		{6AE11625-9920-4D7A-B1C2-3EA184AE50F4}.Debug|iPhoneSimulator.Build.0 = Debug|Any CPU
		{6AE11625-9920-4D7A-B1C2-3EA184AE50F4}.Debug|x64.ActiveCfg = Debug|Any CPU
		{6AE11625-9920-4D7A-B1C2-3EA184AE50F4}.Debug|x64.Build.0 = Debug|Any CPU
		{6AE11625-9920-4D7A-B1C2-3EA184AE50F4}.Debug|x86.ActiveCfg = Debug|Any CPU
		{6AE11625-9920-4D7A-B1C2-3EA184AE50F4}.Debug|x86.Build.0 = Debug|Any CPU
		{6AE11625-9920-4D7A-B1C2-3EA184AE50F4}.Release|Any CPU.ActiveCfg = Release|Any CPU
		{6AE11625-9920-4D7A-B1C2-3EA184AE50F4}.Release|Any CPU.Build.0 = Release|Any CPU
		{6AE11625-9920-4D7A-B1C2-3EA184AE50F4}.Release|ARM.ActiveCfg = Release|Any CPU
		{6AE11625-9920-4D7A-B1C2-3EA184AE50F4}.Release|ARM.Build.0 = Release|Any CPU
		{6AE11625-9920-4D7A-B1C2-3EA184AE50F4}.Release|iPhone.ActiveCfg = Release|Any CPU
		{6AE11625-9920-4D7A-B1C2-3EA184AE50F4}.Release|iPhone.Build.0 = Release|Any CPU
		{6AE11625-9920-4D7A-B1C2-3EA184AE50F4}.Release|iPhoneSimulator.ActiveCfg = Release|Any CPU
		{6AE11625-9920-4D7A-B1C2-3EA184AE50F4}.Release|iPhoneSimulator.Build.0 = Release|Any CPU
		{6AE11625-9920-4D7A-B1C2-3EA184AE50F4}.Release|x64.ActiveCfg = Release|Any CPU
		{6AE11625-9920-4D7A-B1C2-3EA184AE50F4}.Release|x64.Build.0 = Release|Any CPU
		{6AE11625-9920-4D7A-B1C2-3EA184AE50F4}.Release|x86.ActiveCfg = Release|Any CPU
		{6AE11625-9920-4D7A-B1C2-3EA184AE50F4}.Release|x86.Build.0 = Release|Any CPU
		{6F9AE5DD-E526-4F41-A863-9287E3D548C6}.Ad-Hoc|Any CPU.ActiveCfg = Release|Any CPU
		{6F9AE5DD-E526-4F41-A863-9287E3D548C6}.Ad-Hoc|Any CPU.Build.0 = Release|Any CPU
		{6F9AE5DD-E526-4F41-A863-9287E3D548C6}.Ad-Hoc|ARM.ActiveCfg = Release|Any CPU
		{6F9AE5DD-E526-4F41-A863-9287E3D548C6}.Ad-Hoc|ARM.Build.0 = Release|Any CPU
		{6F9AE5DD-E526-4F41-A863-9287E3D548C6}.Ad-Hoc|iPhone.ActiveCfg = Release|Any CPU
		{6F9AE5DD-E526-4F41-A863-9287E3D548C6}.Ad-Hoc|iPhone.Build.0 = Release|Any CPU
		{6F9AE5DD-E526-4F41-A863-9287E3D548C6}.Ad-Hoc|iPhoneSimulator.ActiveCfg = Release|Any CPU
		{6F9AE5DD-E526-4F41-A863-9287E3D548C6}.Ad-Hoc|iPhoneSimulator.Build.0 = Release|Any CPU
		{6F9AE5DD-E526-4F41-A863-9287E3D548C6}.Ad-Hoc|x64.ActiveCfg = Release|Any CPU
		{6F9AE5DD-E526-4F41-A863-9287E3D548C6}.Ad-Hoc|x64.Build.0 = Release|Any CPU
		{6F9AE5DD-E526-4F41-A863-9287E3D548C6}.Ad-Hoc|x86.ActiveCfg = Release|Any CPU
		{6F9AE5DD-E526-4F41-A863-9287E3D548C6}.Ad-Hoc|x86.Build.0 = Release|Any CPU
		{6F9AE5DD-E526-4F41-A863-9287E3D548C6}.AppStore|Any CPU.ActiveCfg = Release|Any CPU
		{6F9AE5DD-E526-4F41-A863-9287E3D548C6}.AppStore|Any CPU.Build.0 = Release|Any CPU
		{6F9AE5DD-E526-4F41-A863-9287E3D548C6}.AppStore|ARM.ActiveCfg = Release|Any CPU
		{6F9AE5DD-E526-4F41-A863-9287E3D548C6}.AppStore|ARM.Build.0 = Release|Any CPU
		{6F9AE5DD-E526-4F41-A863-9287E3D548C6}.AppStore|iPhone.ActiveCfg = Release|Any CPU
		{6F9AE5DD-E526-4F41-A863-9287E3D548C6}.AppStore|iPhone.Build.0 = Release|Any CPU
		{6F9AE5DD-E526-4F41-A863-9287E3D548C6}.AppStore|iPhoneSimulator.ActiveCfg = Release|Any CPU
		{6F9AE5DD-E526-4F41-A863-9287E3D548C6}.AppStore|iPhoneSimulator.Build.0 = Release|Any CPU
		{6F9AE5DD-E526-4F41-A863-9287E3D548C6}.AppStore|x64.ActiveCfg = Release|Any CPU
		{6F9AE5DD-E526-4F41-A863-9287E3D548C6}.AppStore|x64.Build.0 = Release|Any CPU
		{6F9AE5DD-E526-4F41-A863-9287E3D548C6}.AppStore|x86.ActiveCfg = Release|Any CPU
		{6F9AE5DD-E526-4F41-A863-9287E3D548C6}.AppStore|x86.Build.0 = Release|Any CPU
		{6F9AE5DD-E526-4F41-A863-9287E3D548C6}.Debug|Any CPU.ActiveCfg = Debug|Any CPU
		{6F9AE5DD-E526-4F41-A863-9287E3D548C6}.Debug|Any CPU.Build.0 = Debug|Any CPU
		{6F9AE5DD-E526-4F41-A863-9287E3D548C6}.Debug|ARM.ActiveCfg = Debug|Any CPU
		{6F9AE5DD-E526-4F41-A863-9287E3D548C6}.Debug|ARM.Build.0 = Debug|Any CPU
		{6F9AE5DD-E526-4F41-A863-9287E3D548C6}.Debug|iPhone.ActiveCfg = Debug|Any CPU
		{6F9AE5DD-E526-4F41-A863-9287E3D548C6}.Debug|iPhone.Build.0 = Debug|Any CPU
		{6F9AE5DD-E526-4F41-A863-9287E3D548C6}.Debug|iPhoneSimulator.ActiveCfg = Debug|Any CPU
		{6F9AE5DD-E526-4F41-A863-9287E3D548C6}.Debug|iPhoneSimulator.Build.0 = Debug|Any CPU
		{6F9AE5DD-E526-4F41-A863-9287E3D548C6}.Debug|x64.ActiveCfg = Debug|Any CPU
		{6F9AE5DD-E526-4F41-A863-9287E3D548C6}.Debug|x64.Build.0 = Debug|Any CPU
		{6F9AE5DD-E526-4F41-A863-9287E3D548C6}.Debug|x86.ActiveCfg = Debug|Any CPU
		{6F9AE5DD-E526-4F41-A863-9287E3D548C6}.Debug|x86.Build.0 = Debug|Any CPU
		{6F9AE5DD-E526-4F41-A863-9287E3D548C6}.Release|Any CPU.ActiveCfg = Release|Any CPU
		{6F9AE5DD-E526-4F41-A863-9287E3D548C6}.Release|Any CPU.Build.0 = Release|Any CPU
		{6F9AE5DD-E526-4F41-A863-9287E3D548C6}.Release|ARM.ActiveCfg = Release|Any CPU
		{6F9AE5DD-E526-4F41-A863-9287E3D548C6}.Release|ARM.Build.0 = Release|Any CPU
		{6F9AE5DD-E526-4F41-A863-9287E3D548C6}.Release|iPhone.ActiveCfg = Release|Any CPU
		{6F9AE5DD-E526-4F41-A863-9287E3D548C6}.Release|iPhone.Build.0 = Release|Any CPU
		{6F9AE5DD-E526-4F41-A863-9287E3D548C6}.Release|iPhoneSimulator.ActiveCfg = Release|Any CPU
		{6F9AE5DD-E526-4F41-A863-9287E3D548C6}.Release|iPhoneSimulator.Build.0 = Release|Any CPU
		{6F9AE5DD-E526-4F41-A863-9287E3D548C6}.Release|x64.ActiveCfg = Release|Any CPU
		{6F9AE5DD-E526-4F41-A863-9287E3D548C6}.Release|x64.Build.0 = Release|Any CPU
		{6F9AE5DD-E526-4F41-A863-9287E3D548C6}.Release|x86.ActiveCfg = Release|Any CPU
		{6F9AE5DD-E526-4F41-A863-9287E3D548C6}.Release|x86.Build.0 = Release|Any CPU
		{F49C3464-0DB4-42E1-ACC9-2D1C8C811CF1}.Ad-Hoc|Any CPU.ActiveCfg = Debug|Any CPU
		{F49C3464-0DB4-42E1-ACC9-2D1C8C811CF1}.Ad-Hoc|Any CPU.Build.0 = Debug|Any CPU
		{F49C3464-0DB4-42E1-ACC9-2D1C8C811CF1}.Ad-Hoc|ARM.ActiveCfg = Debug|Any CPU
		{F49C3464-0DB4-42E1-ACC9-2D1C8C811CF1}.Ad-Hoc|ARM.Build.0 = Debug|Any CPU
		{F49C3464-0DB4-42E1-ACC9-2D1C8C811CF1}.Ad-Hoc|iPhone.ActiveCfg = Debug|Any CPU
		{F49C3464-0DB4-42E1-ACC9-2D1C8C811CF1}.Ad-Hoc|iPhone.Build.0 = Debug|Any CPU
		{F49C3464-0DB4-42E1-ACC9-2D1C8C811CF1}.Ad-Hoc|iPhoneSimulator.ActiveCfg = Debug|Any CPU
		{F49C3464-0DB4-42E1-ACC9-2D1C8C811CF1}.Ad-Hoc|iPhoneSimulator.Build.0 = Debug|Any CPU
		{F49C3464-0DB4-42E1-ACC9-2D1C8C811CF1}.Ad-Hoc|x64.ActiveCfg = Debug|Any CPU
		{F49C3464-0DB4-42E1-ACC9-2D1C8C811CF1}.Ad-Hoc|x64.Build.0 = Debug|Any CPU
		{F49C3464-0DB4-42E1-ACC9-2D1C8C811CF1}.Ad-Hoc|x86.ActiveCfg = Debug|Any CPU
		{F49C3464-0DB4-42E1-ACC9-2D1C8C811CF1}.Ad-Hoc|x86.Build.0 = Debug|Any CPU
		{F49C3464-0DB4-42E1-ACC9-2D1C8C811CF1}.AppStore|Any CPU.ActiveCfg = Debug|Any CPU
		{F49C3464-0DB4-42E1-ACC9-2D1C8C811CF1}.AppStore|Any CPU.Build.0 = Debug|Any CPU
		{F49C3464-0DB4-42E1-ACC9-2D1C8C811CF1}.AppStore|ARM.ActiveCfg = Debug|Any CPU
		{F49C3464-0DB4-42E1-ACC9-2D1C8C811CF1}.AppStore|ARM.Build.0 = Debug|Any CPU
		{F49C3464-0DB4-42E1-ACC9-2D1C8C811CF1}.AppStore|iPhone.ActiveCfg = Debug|Any CPU
		{F49C3464-0DB4-42E1-ACC9-2D1C8C811CF1}.AppStore|iPhone.Build.0 = Debug|Any CPU
		{F49C3464-0DB4-42E1-ACC9-2D1C8C811CF1}.AppStore|iPhoneSimulator.ActiveCfg = Debug|Any CPU
		{F49C3464-0DB4-42E1-ACC9-2D1C8C811CF1}.AppStore|iPhoneSimulator.Build.0 = Debug|Any CPU
		{F49C3464-0DB4-42E1-ACC9-2D1C8C811CF1}.AppStore|x64.ActiveCfg = Debug|Any CPU
		{F49C3464-0DB4-42E1-ACC9-2D1C8C811CF1}.AppStore|x64.Build.0 = Debug|Any CPU
		{F49C3464-0DB4-42E1-ACC9-2D1C8C811CF1}.AppStore|x86.ActiveCfg = Debug|Any CPU
		{F49C3464-0DB4-42E1-ACC9-2D1C8C811CF1}.AppStore|x86.Build.0 = Debug|Any CPU
		{F49C3464-0DB4-42E1-ACC9-2D1C8C811CF1}.Debug|Any CPU.ActiveCfg = Debug|Any CPU
		{F49C3464-0DB4-42E1-ACC9-2D1C8C811CF1}.Debug|Any CPU.Build.0 = Debug|Any CPU
		{F49C3464-0DB4-42E1-ACC9-2D1C8C811CF1}.Debug|ARM.ActiveCfg = Debug|Any CPU
		{F49C3464-0DB4-42E1-ACC9-2D1C8C811CF1}.Debug|ARM.Build.0 = Debug|Any CPU
		{F49C3464-0DB4-42E1-ACC9-2D1C8C811CF1}.Debug|iPhone.ActiveCfg = Debug|Any CPU
		{F49C3464-0DB4-42E1-ACC9-2D1C8C811CF1}.Debug|iPhone.Build.0 = Debug|Any CPU
		{F49C3464-0DB4-42E1-ACC9-2D1C8C811CF1}.Debug|iPhoneSimulator.ActiveCfg = Debug|Any CPU
		{F49C3464-0DB4-42E1-ACC9-2D1C8C811CF1}.Debug|iPhoneSimulator.Build.0 = Debug|Any CPU
		{F49C3464-0DB4-42E1-ACC9-2D1C8C811CF1}.Debug|x64.ActiveCfg = Debug|Any CPU
		{F49C3464-0DB4-42E1-ACC9-2D1C8C811CF1}.Debug|x64.Build.0 = Debug|Any CPU
		{F49C3464-0DB4-42E1-ACC9-2D1C8C811CF1}.Debug|x86.ActiveCfg = Debug|Any CPU
		{F49C3464-0DB4-42E1-ACC9-2D1C8C811CF1}.Debug|x86.Build.0 = Debug|Any CPU
		{F49C3464-0DB4-42E1-ACC9-2D1C8C811CF1}.Release|Any CPU.ActiveCfg = Release|Any CPU
		{F49C3464-0DB4-42E1-ACC9-2D1C8C811CF1}.Release|Any CPU.Build.0 = Release|Any CPU
		{F49C3464-0DB4-42E1-ACC9-2D1C8C811CF1}.Release|ARM.ActiveCfg = Release|Any CPU
		{F49C3464-0DB4-42E1-ACC9-2D1C8C811CF1}.Release|ARM.Build.0 = Release|Any CPU
		{F49C3464-0DB4-42E1-ACC9-2D1C8C811CF1}.Release|iPhone.ActiveCfg = Release|Any CPU
		{F49C3464-0DB4-42E1-ACC9-2D1C8C811CF1}.Release|iPhone.Build.0 = Release|Any CPU
		{F49C3464-0DB4-42E1-ACC9-2D1C8C811CF1}.Release|iPhoneSimulator.ActiveCfg = Release|Any CPU
		{F49C3464-0DB4-42E1-ACC9-2D1C8C811CF1}.Release|iPhoneSimulator.Build.0 = Release|Any CPU
		{F49C3464-0DB4-42E1-ACC9-2D1C8C811CF1}.Release|x64.ActiveCfg = Release|Any CPU
		{F49C3464-0DB4-42E1-ACC9-2D1C8C811CF1}.Release|x64.Build.0 = Release|Any CPU
		{F49C3464-0DB4-42E1-ACC9-2D1C8C811CF1}.Release|x86.ActiveCfg = Release|Any CPU
		{F49C3464-0DB4-42E1-ACC9-2D1C8C811CF1}.Release|x86.Build.0 = Release|Any CPU
		{0BF48C8B-B153-4052-9663-702F4F1CDD26}.Ad-Hoc|Any CPU.ActiveCfg = Release|Any CPU
		{0BF48C8B-B153-4052-9663-702F4F1CDD26}.Ad-Hoc|Any CPU.Build.0 = Release|Any CPU
		{0BF48C8B-B153-4052-9663-702F4F1CDD26}.Ad-Hoc|ARM.ActiveCfg = Release|Any CPU
		{0BF48C8B-B153-4052-9663-702F4F1CDD26}.Ad-Hoc|ARM.Build.0 = Release|Any CPU
		{0BF48C8B-B153-4052-9663-702F4F1CDD26}.Ad-Hoc|iPhone.ActiveCfg = Release|Any CPU
		{0BF48C8B-B153-4052-9663-702F4F1CDD26}.Ad-Hoc|iPhone.Build.0 = Release|Any CPU
		{0BF48C8B-B153-4052-9663-702F4F1CDD26}.Ad-Hoc|iPhoneSimulator.ActiveCfg = Release|Any CPU
		{0BF48C8B-B153-4052-9663-702F4F1CDD26}.Ad-Hoc|iPhoneSimulator.Build.0 = Release|Any CPU
		{0BF48C8B-B153-4052-9663-702F4F1CDD26}.Ad-Hoc|x64.ActiveCfg = Release|Any CPU
		{0BF48C8B-B153-4052-9663-702F4F1CDD26}.Ad-Hoc|x64.Build.0 = Release|Any CPU
		{0BF48C8B-B153-4052-9663-702F4F1CDD26}.Ad-Hoc|x86.ActiveCfg = Release|Any CPU
		{0BF48C8B-B153-4052-9663-702F4F1CDD26}.Ad-Hoc|x86.Build.0 = Release|Any CPU
		{0BF48C8B-B153-4052-9663-702F4F1CDD26}.AppStore|Any CPU.ActiveCfg = Release|Any CPU
		{0BF48C8B-B153-4052-9663-702F4F1CDD26}.AppStore|Any CPU.Build.0 = Release|Any CPU
		{0BF48C8B-B153-4052-9663-702F4F1CDD26}.AppStore|ARM.ActiveCfg = Release|Any CPU
		{0BF48C8B-B153-4052-9663-702F4F1CDD26}.AppStore|ARM.Build.0 = Release|Any CPU
		{0BF48C8B-B153-4052-9663-702F4F1CDD26}.AppStore|iPhone.ActiveCfg = Release|Any CPU
		{0BF48C8B-B153-4052-9663-702F4F1CDD26}.AppStore|iPhone.Build.0 = Release|Any CPU
		{0BF48C8B-B153-4052-9663-702F4F1CDD26}.AppStore|iPhoneSimulator.ActiveCfg = Release|Any CPU
		{0BF48C8B-B153-4052-9663-702F4F1CDD26}.AppStore|iPhoneSimulator.Build.0 = Release|Any CPU
		{0BF48C8B-B153-4052-9663-702F4F1CDD26}.AppStore|x64.ActiveCfg = Release|Any CPU
		{0BF48C8B-B153-4052-9663-702F4F1CDD26}.AppStore|x64.Build.0 = Release|Any CPU
		{0BF48C8B-B153-4052-9663-702F4F1CDD26}.AppStore|x86.ActiveCfg = Release|Any CPU
		{0BF48C8B-B153-4052-9663-702F4F1CDD26}.AppStore|x86.Build.0 = Release|Any CPU
		{0BF48C8B-B153-4052-9663-702F4F1CDD26}.Debug|Any CPU.ActiveCfg = Debug|Any CPU
		{0BF48C8B-B153-4052-9663-702F4F1CDD26}.Debug|Any CPU.Build.0 = Debug|Any CPU
		{0BF48C8B-B153-4052-9663-702F4F1CDD26}.Debug|ARM.ActiveCfg = Debug|Any CPU
		{0BF48C8B-B153-4052-9663-702F4F1CDD26}.Debug|ARM.Build.0 = Debug|Any CPU
		{0BF48C8B-B153-4052-9663-702F4F1CDD26}.Debug|iPhone.ActiveCfg = Debug|Any CPU
		{0BF48C8B-B153-4052-9663-702F4F1CDD26}.Debug|iPhone.Build.0 = Debug|Any CPU
		{0BF48C8B-B153-4052-9663-702F4F1CDD26}.Debug|iPhoneSimulator.ActiveCfg = Debug|Any CPU
		{0BF48C8B-B153-4052-9663-702F4F1CDD26}.Debug|iPhoneSimulator.Build.0 = Debug|Any CPU
		{0BF48C8B-B153-4052-9663-702F4F1CDD26}.Debug|x64.ActiveCfg = Debug|Any CPU
		{0BF48C8B-B153-4052-9663-702F4F1CDD26}.Debug|x64.Build.0 = Debug|Any CPU
		{0BF48C8B-B153-4052-9663-702F4F1CDD26}.Debug|x86.ActiveCfg = Debug|Any CPU
		{0BF48C8B-B153-4052-9663-702F4F1CDD26}.Debug|x86.Build.0 = Debug|Any CPU
		{0BF48C8B-B153-4052-9663-702F4F1CDD26}.Release|Any CPU.ActiveCfg = Release|Any CPU
		{0BF48C8B-B153-4052-9663-702F4F1CDD26}.Release|Any CPU.Build.0 = Release|Any CPU
		{0BF48C8B-B153-4052-9663-702F4F1CDD26}.Release|ARM.ActiveCfg = Release|Any CPU
		{0BF48C8B-B153-4052-9663-702F4F1CDD26}.Release|ARM.Build.0 = Release|Any CPU
		{0BF48C8B-B153-4052-9663-702F4F1CDD26}.Release|iPhone.ActiveCfg = Release|Any CPU
		{0BF48C8B-B153-4052-9663-702F4F1CDD26}.Release|iPhone.Build.0 = Release|Any CPU
		{0BF48C8B-B153-4052-9663-702F4F1CDD26}.Release|iPhoneSimulator.ActiveCfg = Release|Any CPU
		{0BF48C8B-B153-4052-9663-702F4F1CDD26}.Release|iPhoneSimulator.Build.0 = Release|Any CPU
		{0BF48C8B-B153-4052-9663-702F4F1CDD26}.Release|x64.ActiveCfg = Release|Any CPU
		{0BF48C8B-B153-4052-9663-702F4F1CDD26}.Release|x64.Build.0 = Release|Any CPU
		{0BF48C8B-B153-4052-9663-702F4F1CDD26}.Release|x86.ActiveCfg = Release|Any CPU
		{0BF48C8B-B153-4052-9663-702F4F1CDD26}.Release|x86.Build.0 = Release|Any CPU
	EndGlobalSection
	GlobalSection(SolutionProperties) = preSolution
		HideSolutionNode = FALSE
	EndGlobalSection
	GlobalSection(NestedProjects) = preSolution
		{4A8B7B77-F7AE-4155-9E9C-253AFD6E0C3A} = {3F20BAC4-141B-49AD-9F98-8F797A40CE5E}
		{8C69EA54-A853-4A68-A9A9-34736524BD1F} = {3F20BAC4-141B-49AD-9F98-8F797A40CE5E}
		{C1185EBC-C2A4-4223-9EA9-A0E400B0E308} = {B103B48F-8100-4DD6-A00C-3CFFBA6A31BD}
		{D7B10B5F-A96B-414F-80E5-4CF75EF958CB} = {C1185EBC-C2A4-4223-9EA9-A0E400B0E308}
		{8258F002-0F2F-43F7-A9FA-DD1E4171D3A9} = {D7B10B5F-A96B-414F-80E5-4CF75EF958CB}
		{C207BFD0-D1EB-4F82-AF7A-120A862AFE1C} = {D7B10B5F-A96B-414F-80E5-4CF75EF958CB}
		{EBCBAB94-6012-4FEA-98E1-F5FC29B24342} = {D7B10B5F-A96B-414F-80E5-4CF75EF958CB}
		{62940DF5-4505-40D1-BFD1-D49768AE7662} = {B103B48F-8100-4DD6-A00C-3CFFBA6A31BD}
		{782F1C59-5C1A-401F-9CA5-89EDD80E37D9} = {62940DF5-4505-40D1-BFD1-D49768AE7662}
		{43AF29D3-621C-4BAA-BE1D-9EB32E2655AF} = {D7B10B5F-A96B-414F-80E5-4CF75EF958CB}
		{F80616E7-BBA4-4FE2-B19A-BB9197101534} = {B103B48F-8100-4DD6-A00C-3CFFBA6A31BD}
		{9EE1507D-C6EA-4D3D-88F6-E355611BF00C} = {62940DF5-4505-40D1-BFD1-D49768AE7662}
		{6AE11625-9920-4D7A-B1C2-3EA184AE50F4} = {62940DF5-4505-40D1-BFD1-D49768AE7662}
		{6F9AE5DD-E526-4F41-A863-9287E3D548C6} = {62940DF5-4505-40D1-BFD1-D49768AE7662}
		{CD12C68E-55CC-437C-9591-77CDF5C1D03F} = {B103B48F-8100-4DD6-A00C-3CFFBA6A31BD}
		{F49C3464-0DB4-42E1-ACC9-2D1C8C811CF1} = {62940DF5-4505-40D1-BFD1-D49768AE7662}
		{0BF48C8B-B153-4052-9663-702F4F1CDD26} = {62940DF5-4505-40D1-BFD1-D49768AE7662}
	EndGlobalSection
	GlobalSection(ExtensibilityGlobals) = postSolution
		SolutionGuid = {32217C45-3DBC-48F5-9517-D14CFF7F3504}
	EndGlobalSection
EndGlobal
