
Microsoft Visual Studio Solution File, Format Version 12.00
# Visual Studio Version 16
VisualStudioVersion = 16.0.30114.105
MinimumVisualStudioVersion = 10.0.40219.1
Project("{9A19103F-16F7-4668-BE54-9A1E7A4F7556}") = "TumblrSharp", "src\TumblrSharp\TumblrSharp.csproj", "{32F73C5C-695E-4376-A934-9CB7AF52EA71}"
EndProject
Project("{9A19103F-16F7-4668-BE54-9A1E7A4F7556}") = "TumblrSharp.Client", "src\TumblrSharp.Client\TumblrSharp.Client.csproj", "{5D4A2D22-281B-45FE-A867-57BFCF1D042E}"
EndProject
Global
	GlobalSection(SolutionConfigurationPlatforms) = preSolution
		Debug|Any CPU = Debug|Any CPU
		Release|Any CPU = Release|Any CPU
	EndGlobalSection
	GlobalSection(ProjectConfigurationPlatforms) = postSolution
		{32F73C5C-695E-4376-A934-9CB7AF52EA71}.Debug|Any CPU.ActiveCfg = Debug|Any CPU
		{32F73C5C-695E-4376-A934-9CB7AF52EA71}.Debug|Any CPU.Build.0 = Debug|Any CPU
		{32F73C5C-695E-4376-A934-9CB7AF52EA71}.Release|Any CPU.ActiveCfg = Release|Any CPU
		{32F73C5C-695E-4376-A934-9CB7AF52EA71}.Release|Any CPU.Build.0 = Release|Any CPU
		{5D4A2D22-281B-45FE-A867-57BFCF1D042E}.Debug|Any CPU.ActiveCfg = Debug|Any CPU
		{5D4A2D22-281B-45FE-A867-57BFCF1D042E}.Debug|Any CPU.Build.0 = Debug|Any CPU
		{5D4A2D22-281B-45FE-A867-57BFCF1D042E}.Release|Any CPU.ActiveCfg = Release|Any CPU
		{5D4A2D22-281B-45FE-A867-57BFCF1D042E}.Release|Any CPU.Build.0 = Release|Any CPU
	EndGlobalSection
	GlobalSection(SolutionProperties) = preSolution
		HideSolutionNode = FALSE
	EndGlobalSection
	GlobalSection(ExtensibilityGlobals) = postSolution
		SolutionGuid = {226E52CA-30FB-4563-9C46-89E4D6EBF2C7}
	EndGlobalSection
EndGlobal
