
Microsoft Visual Studio Solution File, Format Version 12.00
# Visual Studio Express 2012 for Windows 8
Project("{FAE04EC0-301F-11D3-BF4B-00C04F79EFBC}") = "TumblrSharp.WinRT", "TumblrSharp.WinRT\TumblrSharp.WinRT.csproj", "{12BE971A-E020-43CC-BE30-E2DEAED53C20}"
EndProject
Global
	GlobalSection(TeamFoundationVersionControl) = preSolution
		SccNumberOfProjects = 2
		SccEnterpriseProvider = {4CA58AB2-18FA-4F8D-95D4-32DDF27D184C}
		SccTeamFoundationServer = https://tfs.codeplex.com/tfs/tfs16
		SccProjectUniqueName0 = TumblrSharp.WinRT\\TumblrSharp.WinRT.csproj
		SccProjectName0 = TumblrSharp.WinRT
		SccLocalPath0 = TumblrSharp.WinRT
		SccLocalPath1 = .
	EndGlobalSection
	GlobalSection(SolutionConfigurationPlatforms) = preSolution
		Debug|Any CPU = Debug|Any CPU
		Debug|ARM = Debug|ARM
		Debug|x64 = Debug|x64
		Debug|x86 = Debug|x86
		Release|Any CPU = Release|Any CPU
		Release|ARM = Release|ARM
		Release|x64 = Release|x64
		Release|x86 = Release|x86
	EndGlobalSection
	GlobalSection(ProjectConfigurationPlatforms) = postSolution
		{12BE971A-E020-43CC-BE30-E2DEAED53C20}.Debug|Any CPU.ActiveCfg = Debug|Any CPU
		{12BE971A-E020-43CC-BE30-E2DEAED53C20}.Debug|Any CPU.Build.0 = Debug|Any CPU
		{12BE971A-E020-43CC-BE30-E2DEAED53C20}.Debug|ARM.ActiveCfg = Debug|ARM
		{12BE971A-E020-43CC-BE30-E2DEAED53C20}.Debug|ARM.Build.0 = Debug|ARM
		{12BE971A-E020-43CC-BE30-E2DEAED53C20}.Debug|x64.ActiveCfg = Debug|x64
		{12BE971A-E020-43CC-BE30-E2DEAED53C20}.Debug|x64.Build.0 = Debug|x64
		{12BE971A-E020-43CC-BE30-E2DEAED53C20}.Debug|x86.ActiveCfg = Debug|x86
		{12BE971A-E020-43CC-BE30-E2DEAED53C20}.Debug|x86.Build.0 = Debug|x86
		{12BE971A-E020-43CC-BE30-E2DEAED53C20}.Release|Any CPU.ActiveCfg = Release|Any CPU
		{12BE971A-E020-43CC-BE30-E2DEAED53C20}.Release|Any CPU.Build.0 = Release|Any CPU
		{12BE971A-E020-43CC-BE30-E2DEAED53C20}.Release|ARM.ActiveCfg = Release|ARM
		{12BE971A-E020-43CC-BE30-E2DEAED53C20}.Release|ARM.Build.0 = Release|ARM
		{12BE971A-E020-43CC-BE30-E2DEAED53C20}.Release|x64.ActiveCfg = Release|x64
		{12BE971A-E020-43CC-BE30-E2DEAED53C20}.Release|x64.Build.0 = Release|x64
		{12BE971A-E020-43CC-BE30-E2DEAED53C20}.Release|x86.ActiveCfg = Release|x86
		{12BE971A-E020-43CC-BE30-E2DEAED53C20}.Release|x86.Build.0 = Release|x86
	EndGlobalSection
	GlobalSection(SolutionProperties) = preSolution
		HideSolutionNode = FALSE
	EndGlobalSection
EndGlobal
